
Microsoft Visual Studio Solution File, Format Version 12.00
# Visual Studio Version 17
VisualStudioVersion = 17.10.35027.167
MinimumVisualStudioVersion = 10.0.40219.1
Project("{2150E333-8FDC-42A3-9474-1A3956D46DE8}") = "ZZZ.Dreamine", "ZZZ.Dreamine", "{730B765E-AB03-4DE6-8132-65EF1FA3D82C}"
EndProject
Project("{2150E333-8FDC-42A3-9474-1A3956D46DE8}") = "000.Sample Form", "000.Sample Form", "{FF1C7990-BE9C-420D-8F66-344776A908DC}"
EndProject
Project("{2150E333-8FDC-42A3-9474-1A3956D46DE8}") = "001.Sample WPF", "001.Sample WPF", "{0C09002F-253A-4896-A6BC-F6BE9763CE3F}"
EndProject
Project("{2150E333-8FDC-42A3-9474-1A3956D46DE8}") = "002.Sample Blazor", "002.Sample Blazor", "{2B47110C-B533-4A35-ACF5-F798CFEF5A40}"
EndProject
Project("{2150E333-8FDC-42A3-9474-1A3956D46DE8}") = "ZZX.Document", "ZZX.Document", "{B153C8B2-3DE7-42C1-BB27-A54F7B429194}"
EndProject
Project("{2150E333-8FDC-42A3-9474-1A3956D46DE8}") = "Library", "Library", "{79EE3A97-C503-4720-8E89-FC4F19587FE9}"
EndProject
Project("{2150E333-8FDC-42A3-9474-1A3956D46DE8}") = "OpenSource", "OpenSource", "{28883A52-8935-44C2-92B0-44534C86BAAE}"
EndProject
Project("{9A19103F-16F7-4668-BE54-9A1E7A4F7556}") = "Dreamine.MVVM.Generators", "Dreamine\Library\Dreamine.MVVM.Generators\Dreamine.MVVM.Generators.csproj", "{91BB8E59-E200-40CC-8A1A-5DBDB464D9C8}"
EndProject
Project("{9A19103F-16F7-4668-BE54-9A1E7A4F7556}") = "Dreamine.MVVM.Core", "Dreamine\Library\Dreamine.MVVM.Core\Dreamine.MVVM.Core.csproj", "{17081A55-0618-42BF-BD0D-8FAAED37AA8F}"
EndProject
Project("{9A19103F-16F7-4668-BE54-9A1E7A4F7556}") = "Dreamine.MVVM.Attributes", "Dreamine\Library\Dreamine.MVVM.Attributes\Dreamine.MVVM.Attributes.csproj", "{ECEC9A41-D76E-4678-8665-1B56898F8D9B}"
EndProject
Project("{9A19103F-16F7-4668-BE54-9A1E7A4F7556}") = "Dreamine.MVVM.Interfaces", "Dreamine\Library\Dreamine.MVVM.Interfaces\Dreamine.MVVM.Interfaces.csproj", "{9EDC1296-1C3B-40A7-BABC-4682AD0A0650}"
EndProject
Project("{9A19103F-16F7-4668-BE54-9A1E7A4F7556}") = "Dreamine.MVVM.ViewModels", "Dreamine\Library\Dreamine.MVVM.ViewModels\Dreamine.MVVM.ViewModels.csproj", "{38A74E29-AA00-45EC-A704-662FA5F7359A}"
EndProject
Project("{9A19103F-16F7-4668-BE54-9A1E7A4F7556}") = "Dreamine.MVVM.Locators", "Dreamine\Library\Dreamine.MVVM.Locators\Dreamine.MVVM.Locators.csproj", "{58E233E0-B05E-424F-B979-8E9FBD200B24}"
EndProject
Project("{9A19103F-16F7-4668-BE54-9A1E7A4F7556}") = "Dreamine.MVVM.Extensions", "Dreamine\Library\Dreamine.MVVM.Extensions\Dreamine.MVVM.Extensions.csproj", "{EAB79580-D07C-45A4-A21E-B8E7F128A301}"
EndProject
Project("{2150E333-8FDC-42A3-9474-1A3956D46DE8}") = "솔루션 항목", "솔루션 항목", "{3C28F3AA-CE75-44C6-9C75-62821D02B283}"
	ProjectSection(SolutionItems) = preProject
		Readme.md = Readme.md
	EndProjectSection
EndProject
Project("{FAE04EC0-301F-11D3-BF4B-00C04F79EFBC}") = "Document", "Document\Document.csproj", "{3DFA1427-7772-4721-B274-CC6CE0C6FFE8}"
EndProject
Project("{FAE04EC0-301F-11D3-BF4B-00C04F79EFBC}") = "Dreamine.MVVM.Behaviors", "Dreamine\Library\Dreamine.MVVM.Behaviors\Dreamine.MVVM.Behaviors.csproj", "{D877EB5C-6C81-4973-CCC0-CBB7C35C69A0}"
EndProject
Project("{FAE04EC0-301F-11D3-BF4B-00C04F79EFBC}") = "Dreamine.MVVM.Behaviors.Core", "Dreamine\Library\Dreamine.MVVM.Behaviors.Core\Dreamine.MVVM.Behaviors.Core.csproj", "{9A452630-C813-50CF-A565-58799D6209C3}"
EndProject
Project("{FAE04EC0-301F-11D3-BF4B-00C04F79EFBC}") = "Dreamine.MVVM.Behaviors.Wpf", "Dreamine\Library\Dreamine.MVVM.Behaviors.Wpf\Dreamine.MVVM.Behaviors.Wpf.csproj", "{DD411BDC-0D8B-344B-4670-6913420239B4}"
EndProject
Project("{2150E333-8FDC-42A3-9474-1A3956D46DE8}") = ".Templates", ".Templates", "{0698C74E-78CB-42BB-A334-746B3BAEC4C3}"
EndProject
Project("{FAE04EC0-301F-11D3-BF4B-00C04F79EFBC}") = "Dreamine.Template", "Dreamine\.Templates\Dreamine.MVVM.Template\Dreamine.Template.csproj", "{A6860641-23F0-B984-5AAC-F7793BCA8B29}"
EndProject
Project("{FAE04EC0-301F-11D3-BF4B-00C04F79EFBC}") = "Dreamine.MVVM.Locators.Wpf", "Dreamine\Library\Dreamine.MVVM.Locators.Wpf\Dreamine.MVVM.Locators.Wpf.csproj", "{C76FF784-3A77-4C91-BCC2-A6D1A9281E0D}"
EndProject
Project("{2150E333-8FDC-42A3-9474-1A3956D46DE8}") = "Tools", "Tools", "{C8D5274F-AC00-46C7-1F8D-E88E81087A52}"
EndProject
Project("{FAE04EC0-301F-11D3-BF4B-00C04F79EFBC}") = "DocumentTools", "Dreamine\Tools\DocumentTools\DocumentTools.csproj", "{7952B18E-6A46-9668-4738-2305A2558D7D}"
EndProject
Project("{FAE04EC0-301F-11D3-BF4B-00C04F79EFBC}") = "MVVM.CLI", "Dreamine\Tools\MVVM.CLI\MVVM.CLI.csproj", "{B8ADDD72-79F6-D812-DF4C-B1428C1F1769}"
EndProject
Project("{2150E333-8FDC-42A3-9474-1A3956D46DE8}") = "SampleEnterprise", "SampleEnterprise", "{F6EBDA77-2EB4-45E7-8B14-2EBB8C7F73AD}"
EndProject
Project("{FAE04EC0-301F-11D3-BF4B-00C04F79EFBC}") = "SampleEnterprise", "Sample WPF\SampleEnterprise\SampleEnterprise\SampleEnterprise.csproj", "{EC53D9CD-CCD7-405C-88C0-13CA0D87B169}"
EndProject
Project("{FAE04EC0-301F-11D3-BF4B-00C04F79EFBC}") = "SampleEnterprise.Events", "Sample WPF\SampleEnterprise\SampleEnterprise.Events\SampleEnterprise.Events.csproj", "{1C4B313A-6FE1-4A04-B8B7-89AB010D4B27}"
EndProject
Project("{FAE04EC0-301F-11D3-BF4B-00C04F79EFBC}") = "SampleEnterprise.Interfaces", "Sample WPF\SampleEnterprise\SampleEnterprise.Interfaces\SampleEnterprise.Interfaces.csproj", "{DB7C3DDD-4EC2-4627-A9FC-D7BD2EF95AE0}"
EndProject
Project("{FAE04EC0-301F-11D3-BF4B-00C04F79EFBC}") = "SampleEnterprise.Managers", "Sample WPF\SampleEnterprise\SampleEnterprise.Managers\SampleEnterprise.Managers.csproj", "{85F89079-F73D-4D69-9514-7AFA0BD07DE8}"
EndProject
Project("{FAE04EC0-301F-11D3-BF4B-00C04F79EFBC}") = "SampleEnterprise.Models", "Sample WPF\SampleEnterprise\SampleEnterprise.Models\SampleEnterprise.Models.csproj", "{9503FB01-5BF8-4546-B0E2-ACA93916030D}"
EndProject
Project("{FAE04EC0-301F-11D3-BF4B-00C04F79EFBC}") = "SampleEnterprise.Resources", "Sample WPF\SampleEnterprise\SampleEnterprise.Resources\SampleEnterprise.Resources.csproj", "{7418EE04-8678-4374-BC6B-18159D3F055A}"
EndProject
Project("{FAE04EC0-301F-11D3-BF4B-00C04F79EFBC}") = "SampleEnterprise.Styles", "Sample WPF\SampleEnterprise\SampleEnterprise.Styles\SampleEnterprise.Styles.csproj", "{E22640A9-B72E-419D-8AA3-6B0E315C317C}"
EndProject
Project("{FAE04EC0-301F-11D3-BF4B-00C04F79EFBC}") = "SampleEnterprise.ViewModels", "Sample WPF\SampleEnterprise\SampleEnterprise.ViewModels\SampleEnterprise.ViewModels.csproj", "{7D494429-B420-41D6-AA91-EAAC1F0546DF}"
EndProject
Project("{FAE04EC0-301F-11D3-BF4B-00C04F79EFBC}") = "SampleEnterprise.Views", "Sample WPF\SampleEnterprise\SampleEnterprise.Views\SampleEnterprise.Views.csproj", "{C1E68981-FBAF-4FC8-97D6-8AE02D8FB2DA}"
EndProject
Project("{FAE04EC0-301F-11D3-BF4B-00C04F79EFBC}") = "SampleSmart", "Sample WPF\SampleSmart\SampleSmart.csproj", "{E9315AF3-D569-4C05-BFB2-8ECC1FD367E7}"
EndProject
Project("{FAE04EC0-301F-11D3-BF4B-00C04F79EFBC}") = "SampleCore", "Sample WPF\SampleCore\SampleCore.csproj", "{0C27140C-B081-40E7-87B1-E021CCD76A01}"
EndProject
Global
	GlobalSection(SolutionConfigurationPlatforms) = preSolution
		Debug|Any CPU = Debug|Any CPU
		Release|Any CPU = Release|Any CPU
	EndGlobalSection
	GlobalSection(ProjectConfigurationPlatforms) = postSolution
		{91BB8E59-E200-40CC-8A1A-5DBDB464D9C8}.Debug|Any CPU.ActiveCfg = Debug|Any CPU
		{91BB8E59-E200-40CC-8A1A-5DBDB464D9C8}.Debug|Any CPU.Build.0 = Debug|Any CPU
		{91BB8E59-E200-40CC-8A1A-5DBDB464D9C8}.Release|Any CPU.ActiveCfg = Release|Any CPU
		{91BB8E59-E200-40CC-8A1A-5DBDB464D9C8}.Release|Any CPU.Build.0 = Release|Any CPU
		{17081A55-0618-42BF-BD0D-8FAAED37AA8F}.Debug|Any CPU.ActiveCfg = Debug|Any CPU
		{17081A55-0618-42BF-BD0D-8FAAED37AA8F}.Debug|Any CPU.Build.0 = Debug|Any CPU
		{17081A55-0618-42BF-BD0D-8FAAED37AA8F}.Release|Any CPU.ActiveCfg = Release|Any CPU
		{17081A55-0618-42BF-BD0D-8FAAED37AA8F}.Release|Any CPU.Build.0 = Release|Any CPU
		{ECEC9A41-D76E-4678-8665-1B56898F8D9B}.Debug|Any CPU.ActiveCfg = Debug|Any CPU
		{ECEC9A41-D76E-4678-8665-1B56898F8D9B}.Debug|Any CPU.Build.0 = Debug|Any CPU
		{ECEC9A41-D76E-4678-8665-1B56898F8D9B}.Release|Any CPU.ActiveCfg = Release|Any CPU
		{ECEC9A41-D76E-4678-8665-1B56898F8D9B}.Release|Any CPU.Build.0 = Release|Any CPU
		{9EDC1296-1C3B-40A7-BABC-4682AD0A0650}.Debug|Any CPU.ActiveCfg = Debug|Any CPU
		{9EDC1296-1C3B-40A7-BABC-4682AD0A0650}.Debug|Any CPU.Build.0 = Debug|Any CPU
		{9EDC1296-1C3B-40A7-BABC-4682AD0A0650}.Release|Any CPU.ActiveCfg = Release|Any CPU
		{9EDC1296-1C3B-40A7-BABC-4682AD0A0650}.Release|Any CPU.Build.0 = Release|Any CPU
		{38A74E29-AA00-45EC-A704-662FA5F7359A}.Debug|Any CPU.ActiveCfg = Debug|Any CPU
		{38A74E29-AA00-45EC-A704-662FA5F7359A}.Debug|Any CPU.Build.0 = Debug|Any CPU
		{38A74E29-AA00-45EC-A704-662FA5F7359A}.Release|Any CPU.ActiveCfg = Release|Any CPU
		{38A74E29-AA00-45EC-A704-662FA5F7359A}.Release|Any CPU.Build.0 = Release|Any CPU
		{58E233E0-B05E-424F-B979-8E9FBD200B24}.Debug|Any CPU.ActiveCfg = Debug|Any CPU
		{58E233E0-B05E-424F-B979-8E9FBD200B24}.Debug|Any CPU.Build.0 = Debug|Any CPU
		{58E233E0-B05E-424F-B979-8E9FBD200B24}.Release|Any CPU.ActiveCfg = Release|Any CPU
		{58E233E0-B05E-424F-B979-8E9FBD200B24}.Release|Any CPU.Build.0 = Release|Any CPU
		{EAB79580-D07C-45A4-A21E-B8E7F128A301}.Debug|Any CPU.ActiveCfg = Debug|Any CPU
		{EAB79580-D07C-45A4-A21E-B8E7F128A301}.Debug|Any CPU.Build.0 = Debug|Any CPU
		{EAB79580-D07C-45A4-A21E-B8E7F128A301}.Release|Any CPU.ActiveCfg = Release|Any CPU
		{EAB79580-D07C-45A4-A21E-B8E7F128A301}.Release|Any CPU.Build.0 = Release|Any CPU
		{3DFA1427-7772-4721-B274-CC6CE0C6FFE8}.Debug|Any CPU.ActiveCfg = Debug|Any CPU
		{3DFA1427-7772-4721-B274-CC6CE0C6FFE8}.Debug|Any CPU.Build.0 = Debug|Any CPU
		{3DFA1427-7772-4721-B274-CC6CE0C6FFE8}.Release|Any CPU.ActiveCfg = Release|Any CPU
		{3DFA1427-7772-4721-B274-CC6CE0C6FFE8}.Release|Any CPU.Build.0 = Release|Any CPU
		{D877EB5C-6C81-4973-CCC0-CBB7C35C69A0}.Debug|Any CPU.ActiveCfg = Debug|Any CPU
		{D877EB5C-6C81-4973-CCC0-CBB7C35C69A0}.Debug|Any CPU.Build.0 = Debug|Any CPU
		{D877EB5C-6C81-4973-CCC0-CBB7C35C69A0}.Release|Any CPU.ActiveCfg = Release|Any CPU
		{D877EB5C-6C81-4973-CCC0-CBB7C35C69A0}.Release|Any CPU.Build.0 = Release|Any CPU
		{9A452630-C813-50CF-A565-58799D6209C3}.Debug|Any CPU.ActiveCfg = Debug|Any CPU
		{9A452630-C813-50CF-A565-58799D6209C3}.Debug|Any CPU.Build.0 = Debug|Any CPU
		{9A452630-C813-50CF-A565-58799D6209C3}.Release|Any CPU.ActiveCfg = Release|Any CPU
		{9A452630-C813-50CF-A565-58799D6209C3}.Release|Any CPU.Build.0 = Release|Any CPU
		{DD411BDC-0D8B-344B-4670-6913420239B4}.Debug|Any CPU.ActiveCfg = Debug|Any CPU
		{DD411BDC-0D8B-344B-4670-6913420239B4}.Debug|Any CPU.Build.0 = Debug|Any CPU
		{DD411BDC-0D8B-344B-4670-6913420239B4}.Release|Any CPU.ActiveCfg = Release|Any CPU
		{DD411BDC-0D8B-344B-4670-6913420239B4}.Release|Any CPU.Build.0 = Release|Any CPU
		{A6860641-23F0-B984-5AAC-F7793BCA8B29}.Debug|Any CPU.ActiveCfg = Debug|Any CPU
		{A6860641-23F0-B984-5AAC-F7793BCA8B29}.Debug|Any CPU.Build.0 = Debug|Any CPU
		{A6860641-23F0-B984-5AAC-F7793BCA8B29}.Release|Any CPU.ActiveCfg = Release|Any CPU
		{A6860641-23F0-B984-5AAC-F7793BCA8B29}.Release|Any CPU.Build.0 = Release|Any CPU
		{C76FF784-3A77-4C91-BCC2-A6D1A9281E0D}.Debug|Any CPU.ActiveCfg = Debug|Any CPU
		{C76FF784-3A77-4C91-BCC2-A6D1A9281E0D}.Debug|Any CPU.Build.0 = Debug|Any CPU
		{C76FF784-3A77-4C91-BCC2-A6D1A9281E0D}.Release|Any CPU.ActiveCfg = Release|Any CPU
		{C76FF784-3A77-4C91-BCC2-A6D1A9281E0D}.Release|Any CPU.Build.0 = Release|Any CPU
		{7952B18E-6A46-9668-4738-2305A2558D7D}.Debug|Any CPU.ActiveCfg = Debug|Any CPU
		{7952B18E-6A46-9668-4738-2305A2558D7D}.Debug|Any CPU.Build.0 = Debug|Any CPU
		{7952B18E-6A46-9668-4738-2305A2558D7D}.Release|Any CPU.ActiveCfg = Release|Any CPU
		{7952B18E-6A46-9668-4738-2305A2558D7D}.Release|Any CPU.Build.0 = Release|Any CPU
		{B8ADDD72-79F6-D812-DF4C-B1428C1F1769}.Debug|Any CPU.ActiveCfg = Debug|Any CPU
		{B8ADDD72-79F6-D812-DF4C-B1428C1F1769}.Debug|Any CPU.Build.0 = Debug|Any CPU
		{B8ADDD72-79F6-D812-DF4C-B1428C1F1769}.Release|Any CPU.ActiveCfg = Release|Any CPU
		{B8ADDD72-79F6-D812-DF4C-B1428C1F1769}.Release|Any CPU.Build.0 = Release|Any CPU
		{EC53D9CD-CCD7-405C-88C0-13CA0D87B169}.Debug|Any CPU.ActiveCfg = Debug|Any CPU
		{EC53D9CD-CCD7-405C-88C0-13CA0D87B169}.Debug|Any CPU.Build.0 = Debug|Any CPU
		{EC53D9CD-CCD7-405C-88C0-13CA0D87B169}.Release|Any CPU.ActiveCfg = Release|Any CPU
		{EC53D9CD-CCD7-405C-88C0-13CA0D87B169}.Release|Any CPU.Build.0 = Release|Any CPU
		{1C4B313A-6FE1-4A04-B8B7-89AB010D4B27}.Debug|Any CPU.ActiveCfg = Debug|Any CPU
		{1C4B313A-6FE1-4A04-B8B7-89AB010D4B27}.Debug|Any CPU.Build.0 = Debug|Any CPU
		{1C4B313A-6FE1-4A04-B8B7-89AB010D4B27}.Release|Any CPU.ActiveCfg = Release|Any CPU
		{1C4B313A-6FE1-4A04-B8B7-89AB010D4B27}.Release|Any CPU.Build.0 = Release|Any CPU
		{DB7C3DDD-4EC2-4627-A9FC-D7BD2EF95AE0}.Debug|Any CPU.ActiveCfg = Debug|Any CPU
		{DB7C3DDD-4EC2-4627-A9FC-D7BD2EF95AE0}.Debug|Any CPU.Build.0 = Debug|Any CPU
		{DB7C3DDD-4EC2-4627-A9FC-D7BD2EF95AE0}.Release|Any CPU.ActiveCfg = Release|Any CPU
		{DB7C3DDD-4EC2-4627-A9FC-D7BD2EF95AE0}.Release|Any CPU.Build.0 = Release|Any CPU
		{85F89079-F73D-4D69-9514-7AFA0BD07DE8}.Debug|Any CPU.ActiveCfg = Debug|Any CPU
		{85F89079-F73D-4D69-9514-7AFA0BD07DE8}.Debug|Any CPU.Build.0 = Debug|Any CPU
		{85F89079-F73D-4D69-9514-7AFA0BD07DE8}.Release|Any CPU.ActiveCfg = Release|Any CPU
		{85F89079-F73D-4D69-9514-7AFA0BD07DE8}.Release|Any CPU.Build.0 = Release|Any CPU
		{9503FB01-5BF8-4546-B0E2-ACA93916030D}.Debug|Any CPU.ActiveCfg = Debug|Any CPU
		{9503FB01-5BF8-4546-B0E2-ACA93916030D}.Debug|Any CPU.Build.0 = Debug|Any CPU
		{9503FB01-5BF8-4546-B0E2-ACA93916030D}.Release|Any CPU.ActiveCfg = Release|Any CPU
		{9503FB01-5BF8-4546-B0E2-ACA93916030D}.Release|Any CPU.Build.0 = Release|Any CPU
		{7418EE04-8678-4374-BC6B-18159D3F055A}.Debug|Any CPU.ActiveCfg = Debug|Any CPU
		{7418EE04-8678-4374-BC6B-18159D3F055A}.Debug|Any CPU.Build.0 = Debug|Any CPU
		{7418EE04-8678-4374-BC6B-18159D3F055A}.Release|Any CPU.ActiveCfg = Release|Any CPU
		{7418EE04-8678-4374-BC6B-18159D3F055A}.Release|Any CPU.Build.0 = Release|Any CPU
		{E22640A9-B72E-419D-8AA3-6B0E315C317C}.Debug|Any CPU.ActiveCfg = Debug|Any CPU
		{E22640A9-B72E-419D-8AA3-6B0E315C317C}.Debug|Any CPU.Build.0 = Debug|Any CPU
		{E22640A9-B72E-419D-8AA3-6B0E315C317C}.Release|Any CPU.ActiveCfg = Release|Any CPU
		{E22640A9-B72E-419D-8AA3-6B0E315C317C}.Release|Any CPU.Build.0 = Release|Any CPU
		{7D494429-B420-41D6-AA91-EAAC1F0546DF}.Debug|Any CPU.ActiveCfg = Debug|Any CPU
		{7D494429-B420-41D6-AA91-EAAC1F0546DF}.Debug|Any CPU.Build.0 = Debug|Any CPU
		{7D494429-B420-41D6-AA91-EAAC1F0546DF}.Release|Any CPU.ActiveCfg = Release|Any CPU
		{7D494429-B420-41D6-AA91-EAAC1F0546DF}.Release|Any CPU.Build.0 = Release|Any CPU
		{C1E68981-FBAF-4FC8-97D6-8AE02D8FB2DA}.Debug|Any CPU.ActiveCfg = Debug|Any CPU
		{C1E68981-FBAF-4FC8-97D6-8AE02D8FB2DA}.Debug|Any CPU.Build.0 = Debug|Any CPU
		{C1E68981-FBAF-4FC8-97D6-8AE02D8FB2DA}.Release|Any CPU.ActiveCfg = Release|Any CPU
		{C1E68981-FBAF-4FC8-97D6-8AE02D8FB2DA}.Release|Any CPU.Build.0 = Release|Any CPU
		{E9315AF3-D569-4C05-BFB2-8ECC1FD367E7}.Debug|Any CPU.ActiveCfg = Debug|Any CPU
		{E9315AF3-D569-4C05-BFB2-8ECC1FD367E7}.Debug|Any CPU.Build.0 = Debug|Any CPU
		{E9315AF3-D569-4C05-BFB2-8ECC1FD367E7}.Release|Any CPU.ActiveCfg = Release|Any CPU
		{E9315AF3-D569-4C05-BFB2-8ECC1FD367E7}.Release|Any CPU.Build.0 = Release|Any CPU
		{0C27140C-B081-40E7-87B1-E021CCD76A01}.Debug|Any CPU.ActiveCfg = Debug|Any CPU
		{0C27140C-B081-40E7-87B1-E021CCD76A01}.Debug|Any CPU.Build.0 = Debug|Any CPU
		{0C27140C-B081-40E7-87B1-E021CCD76A01}.Release|Any CPU.ActiveCfg = Release|Any CPU
		{0C27140C-B081-40E7-87B1-E021CCD76A01}.Release|Any CPU.Build.0 = Release|Any CPU
	EndGlobalSection
	GlobalSection(SolutionProperties) = preSolution
		HideSolutionNode = FALSE
	EndGlobalSection
	GlobalSection(NestedProjects) = preSolution
		{79EE3A97-C503-4720-8E89-FC4F19587FE9} = {730B765E-AB03-4DE6-8132-65EF1FA3D82C}
		{28883A52-8935-44C2-92B0-44534C86BAAE} = {730B765E-AB03-4DE6-8132-65EF1FA3D82C}
		{91BB8E59-E200-40CC-8A1A-5DBDB464D9C8} = {79EE3A97-C503-4720-8E89-FC4F19587FE9}
		{17081A55-0618-42BF-BD0D-8FAAED37AA8F} = {79EE3A97-C503-4720-8E89-FC4F19587FE9}
		{ECEC9A41-D76E-4678-8665-1B56898F8D9B} = {79EE3A97-C503-4720-8E89-FC4F19587FE9}
		{9EDC1296-1C3B-40A7-BABC-4682AD0A0650} = {79EE3A97-C503-4720-8E89-FC4F19587FE9}
		{38A74E29-AA00-45EC-A704-662FA5F7359A} = {79EE3A97-C503-4720-8E89-FC4F19587FE9}
		{58E233E0-B05E-424F-B979-8E9FBD200B24} = {79EE3A97-C503-4720-8E89-FC4F19587FE9}
		{EAB79580-D07C-45A4-A21E-B8E7F128A301} = {79EE3A97-C503-4720-8E89-FC4F19587FE9}
		{3DFA1427-7772-4721-B274-CC6CE0C6FFE8} = {B153C8B2-3DE7-42C1-BB27-A54F7B429194}
		{D877EB5C-6C81-4973-CCC0-CBB7C35C69A0} = {79EE3A97-C503-4720-8E89-FC4F19587FE9}
		{9A452630-C813-50CF-A565-58799D6209C3} = {79EE3A97-C503-4720-8E89-FC4F19587FE9}
		{DD411BDC-0D8B-344B-4670-6913420239B4} = {79EE3A97-C503-4720-8E89-FC4F19587FE9}
		{0698C74E-78CB-42BB-A334-746B3BAEC4C3} = {730B765E-AB03-4DE6-8132-65EF1FA3D82C}
		{A6860641-23F0-B984-5AAC-F7793BCA8B29} = {0698C74E-78CB-42BB-A334-746B3BAEC4C3}
		{C76FF784-3A77-4C91-BCC2-A6D1A9281E0D} = {79EE3A97-C503-4720-8E89-FC4F19587FE9}
		{C8D5274F-AC00-46C7-1F8D-E88E81087A52} = {730B765E-AB03-4DE6-8132-65EF1FA3D82C}
		{7952B18E-6A46-9668-4738-2305A2558D7D} = {C8D5274F-AC00-46C7-1F8D-E88E81087A52}
		{B8ADDD72-79F6-D812-DF4C-B1428C1F1769} = {C8D5274F-AC00-46C7-1F8D-E88E81087A52}
		{F6EBDA77-2EB4-45E7-8B14-2EBB8C7F73AD} = {0C09002F-253A-4896-A6BC-F6BE9763CE3F}
		{EC53D9CD-CCD7-405C-88C0-13CA0D87B169} = {F6EBDA77-2EB4-45E7-8B14-2EBB8C7F73AD}
		{1C4B313A-6FE1-4A04-B8B7-89AB010D4B27} = {F6EBDA77-2EB4-45E7-8B14-2EBB8C7F73AD}
		{DB7C3DDD-4EC2-4627-A9FC-D7BD2EF95AE0} = {F6EBDA77-2EB4-45E7-8B14-2EBB8C7F73AD}
		{85F89079-F73D-4D69-9514-7AFA0BD07DE8} = {F6EBDA77-2EB4-45E7-8B14-2EBB8C7F73AD}
		{9503FB01-5BF8-4546-B0E2-ACA93916030D} = {F6EBDA77-2EB4-45E7-8B14-2EBB8C7F73AD}
		{7418EE04-8678-4374-BC6B-18159D3F055A} = {F6EBDA77-2EB4-45E7-8B14-2EBB8C7F73AD}
		{E22640A9-B72E-419D-8AA3-6B0E315C317C} = {F6EBDA77-2EB4-45E7-8B14-2EBB8C7F73AD}
		{7D494429-B420-41D6-AA91-EAAC1F0546DF} = {F6EBDA77-2EB4-45E7-8B14-2EBB8C7F73AD}
		{C1E68981-FBAF-4FC8-97D6-8AE02D8FB2DA} = {F6EBDA77-2EB4-45E7-8B14-2EBB8C7F73AD}
		{E9315AF3-D569-4C05-BFB2-8ECC1FD367E7} = {0C09002F-253A-4896-A6BC-F6BE9763CE3F}
		{0C27140C-B081-40E7-87B1-E021CCD76A01} = {0C09002F-253A-4896-A6BC-F6BE9763CE3F}
	EndGlobalSection
	GlobalSection(ExtensibilityGlobals) = postSolution
		SolutionGuid = {24A649D7-F4AE-494B-A88B-31A7B347812F}
	EndGlobalSection
EndGlobal
