Microsoft Visual Studio Solution File, Format Version 12.00
# Visual Studio Version 17
VisualStudioVersion = 17.0.31903.59
MinimumVisualStudioVersion = 10.0.40219.1

Project("{66A26720-8FB5-11D2-AA7E-00C04F688DDE}") = "DreamineApp", "DreamineApp", "{11111111-1111-1111-1111-111111111111}"
EndProject

Project("{FAE04EC0-301F-11D3-BF4B-00C04F79EFBC}") = "DreamineApp", "DreamineApp\\DreamineApp.csproj", "{00000001-0000-0000-0000-000000000001}"
Project("{FAE04EC0-301F-11D3-BF4B-00C04F79EFBC}") = "DreamineApp.Events", "DreamineApp.Events\\DreamineApp.Events.csproj", "{00000002-0000-0000-0000-000000000002}"
Project("{FAE04EC0-301F-11D3-BF4B-00C04F79EFBC}") = "DreamineApp.Interfaces", "DreamineApp.Interfaces\\DreamineApp.Interfaces.csproj", "{00000003-0000-0000-0000-000000000003}"
Project("{FAE04EC0-301F-11D3-BF4B-00C04F79EFBC}") = "DreamineApp.Managers", "DreamineApp.Managers\\DreamineApp.Managers.csproj", "{00000004-0000-0000-0000-000000000004}"
Project("{FAE04EC0-301F-11D3-BF4B-00C04F79EFBC}") = "DreamineApp.Models", "DreamineApp.Models\\DreamineApp.Models.csproj", "{00000005-0000-0000-0000-000000000005}"
Project("{FAE04EC0-301F-11D3-BF4B-00C04F79EFBC}") = "DreamineApp.Resources", "DreamineApp.Resources\\DreamineApp.Resources.csproj", "{00000006-0000-0000-0000-000000000006}"
Project("{FAE04EC0-301F-11D3-BF4B-00C04F79EFBC}") = "DreamineApp.Styles", "DreamineApp.Styles\\DreamineApp.Styles.csproj", "{00000007-0000-0000-0000-000000000007}"
Project("{FAE04EC0-301F-11D3-BF4B-00C04F79EFBC}") = "DreamineApp.ViewModels", "DreamineApp.ViewModels\\DreamineApp.ViewModels.csproj", "{00000008-0000-0000-0000-000000000008}"
Project("{FAE04EC0-301F-11D3-BF4B-00C04F79EFBC}") = "DreamineApp.Views", "DreamineApp.Views\\DreamineApp.Views.csproj", "{00000009-0000-0000-0000-000000000009}"

Global
	GlobalSection(SolutionConfigurationPlatforms) = preSolution
		Debug|Any CPU = Debug|Any CPU
		Release|Any CPU = Release|Any CPU
	EndGlobalSection

	GlobalSection(ProjectConfigurationPlatforms) = postSolution
		{00000001-0000-0000-0000-000000000001}.Debug|Any CPU.ActiveCfg = Debug|Any CPU
		{00000001-0000-0000-0000-000000000001}.Debug|Any CPU.Build.0 = Debug|Any CPU
	EndGlobalSection

	GlobalSection(SolutionProperties) = preSolution
		HideSolutionNode = FALSE
	EndGlobalSection

	GlobalSection(NestedProjects) = preSolution
		{00000001-0000-0000-0000-000000000001} = {11111111-1111-1111-1111-111111111111}
		{00000002-0000-0000-0000-000000000002} = {11111111-1111-1111-1111-111111111111}
		{00000003-0000-0000-0000-000000000003} = {11111111-1111-1111-1111-111111111111}
		{00000004-0000-0000-0000-000000000004} = {11111111-1111-1111-1111-111111111111}
		{00000005-0000-0000-0000-000000000005} = {11111111-1111-1111-1111-111111111111}
		{00000006-0000-0000-0000-000000000006} = {11111111-1111-1111-1111-111111111111}
		{00000007-0000-0000-0000-000000000007} = {11111111-1111-1111-1111-111111111111}
		{00000008-0000-0000-0000-000000000008} = {11111111-1111-1111-1111-111111111111}
		{00000009-0000-0000-0000-000000000009} = {11111111-1111-1111-1111-111111111111}
	EndGlobalSection
EndGlobal
