
Microsoft Visual Studio Solution File, Format Version 12.00
# Visual Studio Version 17
VisualStudioVersion = 17.14.36804.6
MinimumVisualStudioVersion = 10.0.40219.1
Project("{2150E333-8FDC-42A3-9474-1A3956D46DE8}") = "000. Project", "000. Project", "{C8D5274F-AC00-46C7-1F8D-E88E81087A52}"
EndProject
Project("{2150E333-8FDC-42A3-9474-1A3956D46DE8}") = "010. App", "010. App", "{728C860F-665B-4636-9E6D-2117D6ABF73E}"
EndProject
Project("{2150E333-8FDC-42A3-9474-1A3956D46DE8}") = "010. Solution Items", "010. Solution Items", "{20C35EF5-4C4E-4994-BE8A-0D2FE935E420}"
	ProjectSection(SolutionItems) = preProject
		Directory.Build.props = Directory.Build.props
		Directory.Packages.props = Directory.Packages.props
	EndProjectSection
EndProject
Project("{2150E333-8FDC-42A3-9474-1A3956D46DE8}") = "100. Library", "100. Library", "{BF419B98-22B4-458C-98A0-82780D7C9C70}"
EndProject
Project("{2150E333-8FDC-42A3-9474-1A3956D46DE8}") = "998. DEMO", "998. DEMO", "{664B3512-FBA2-4229-AEE0-EF3581E1BD80}"
EndProject
Project("{FAE04EC0-301F-11D3-BF4B-00C04F79EFBC}") = "Dreamine.MVVM.Core", "100. Library\Core\Dreamine.MVVM.Core.csproj", "{08D6CD45-E389-E53F-BD96-06CD1D485935}"
EndProject
Project("{FAE04EC0-301F-11D3-BF4B-00C04F79EFBC}") = "Dreamine.MVVM.Locators", "100. Library\Locators\Dreamine.MVVM.Locators.csproj", "{411985C1-1E6A-7FF3-E59B-3C4E2AF89E03}"
EndProject
Project("{FAE04EC0-301F-11D3-BF4B-00C04F79EFBC}") = "Dreamine.MVVM.Attributes", "100. Library\Attributes\Dreamine.MVVM.Attributes.csproj", "{F828372A-3856-ECF2-C07C-D85109E14964}"
EndProject
Project("{FAE04EC0-301F-11D3-BF4B-00C04F79EFBC}") = "Dreamine.MVVM.Interfaces", "100. Library\Interfaces\Dreamine.MVVM.Interfaces.csproj", "{9A914F18-3D22-E4E0-01B6-FE7081070F5A}"
EndProject
Project("{FAE04EC0-301F-11D3-BF4B-00C04F79EFBC}") = "Dreamine.MVVM.ViewModels", "100. Library\ViewModels\Dreamine.MVVM.ViewModels.csproj", "{5A1E076E-EF53-40AA-1ABB-676ECFAB1E72}"
EndProject
Project("{FAE04EC0-301F-11D3-BF4B-00C04F79EFBC}") = "Dreamine.MVVM.Wpf", "100. Library\Wpf\Dreamine.MVVM.Wpf.csproj", "{70D52319-B893-2BA1-1E3C-D3F1808D35A2}"
EndProject
Project("{FAE04EC0-301F-11D3-BF4B-00C04F79EFBC}") = "Dreamine.MVVM.Generators", "100. Library\Generators\Dreamine.MVVM.Generators.csproj", "{2E4C4737-0BA2-36F2-3084-53CA3B549D87}"
EndProject
Project("{FAE04EC0-301F-11D3-BF4B-00C04F79EFBC}") = "Dreamine.MVVM.Behaviors", "100. Library\Behaviors\Dreamine.MVVM.Behaviors.csproj", "{99BD1619-C35F-731A-60D3-8E29096D87B1}"
EndProject
Project("{FAE04EC0-301F-11D3-BF4B-00C04F79EFBC}") = "Dreamine.MVVM.Behaviors.Core", "100. Library\Behaviors.Core\Dreamine.MVVM.Behaviors.Core.csproj", "{2C99A6A5-B1D0-D179-0C35-3CD20B106B99}"
EndProject
Project("{FAE04EC0-301F-11D3-BF4B-00C04F79EFBC}") = "Dreamine.MVVM.Behaviors.Wpf", "100. Library\Behaviors.Wpf\Dreamine.MVVM.Behaviors.Wpf.csproj", "{A78E7391-7BCA-5A21-0131-EC36D6A3523C}"
EndProject
Project("{FAE04EC0-301F-11D3-BF4B-00C04F79EFBC}") = "Dreamine.MVVM.Extensions", "100. Library\Extensions\Dreamine.MVVM.Extensions.csproj", "{21A5E5BF-97EF-E24E-34AD-66BEE6B4BA45}"
EndProject
Project("{FAE04EC0-301F-11D3-BF4B-00C04F79EFBC}") = "Dreamine.MVVM.Locators.Wpf", "100. Library\Locators.Wpf\Dreamine.MVVM.Locators.Wpf.csproj", "{681F260A-A49B-A298-DADD-6D89CFF4E6DE}"
EndProject
Project("{FAE04EC0-301F-11D3-BF4B-00C04F79EFBC}") = "Dreamine.Hybrid", "100. Library\Hybrid\Dreamine.Hybrid.csproj", "{A15B0636-6E5F-CB9F-8EAF-43CF9649B066}"
EndProject
Project("{FAE04EC0-301F-11D3-BF4B-00C04F79EFBC}") = "Dreamine.Hybrid.Wpf", "100. Library\Hybrid.Wpf\Dreamine.Hybrid.Wpf.csproj", "{5A206641-70A0-28C9-287C-67C4CB12AFA1}"
EndProject
Project("{2150E333-8FDC-42A3-9474-1A3956D46DE8}") = "000. Sample", "000. Sample", "{953FE17B-C64E-4534-B89E-F26E0251AE80}"
EndProject
Project("{2150E333-8FDC-42A3-9474-1A3956D46DE8}") = "040. Hybrids", "040. Hybrids", "{BE4B41B4-C597-464E-9398-79C9A68CE556}"
EndProject
Project("{FAE04EC0-301F-11D3-BF4B-00C04F79EFBC}") = "Sample01", "998. DEMO\000. Sample\040. Hybrids\Sample01\Sample01.csproj", "{E3D2E37E-6006-1FD7-6C4E-A90B16B729A3}"
EndProject
Project("{2150E333-8FDC-42A3-9474-1A3956D46DE8}") = "010. Wpfs", "010. Wpfs", "{B01B449C-D820-4CEA-83B7-B93BD7B1BFE1}"
EndProject
Project("{2150E333-8FDC-42A3-9474-1A3956D46DE8}") = "020. Blazors", "020. Blazors", "{402EB59B-FF24-4D5C-B9FF-52E54B5568DF}"
EndProject
Project("{2150E333-8FDC-42A3-9474-1A3956D46DE8}") = "030. Mauis", "030. Mauis", "{14A07953-B6E4-4763-8B14-46CD4ED7651A}"
EndProject
Project("{FAE04EC0-301F-11D3-BF4B-00C04F79EFBC}") = "SampleSmart", "998. DEMO\000. Sample\010. Wpfs\SampleSmart\SampleSmart.csproj", "{8469D9A2-42AA-4A1F-32D0-4ED9E59F12C0}"
EndProject
Project("{FAE04EC0-301F-11D3-BF4B-00C04F79EFBC}") = "SampleCore", "998. DEMO\000. Sample\010. Wpfs\SampleCore\SampleCore.csproj", "{018041E8-4344-4617-A025-8A98A6A0E23A}"
EndProject
Project("{2150E333-8FDC-42A3-9474-1A3956D46DE8}") = "Enterprise", "Enterprise", "{D128386B-4735-4DAB-9182-49FFFE6BC07A}"
EndProject
Project("{FAE04EC0-301F-11D3-BF4B-00C04F79EFBC}") = "SampleEnterprise", "998. DEMO\000. Sample\010. Wpfs\Enterprise\SampleEnterprise\SampleEnterprise\SampleEnterprise.csproj", "{C3DA386F-2035-4FC0-B14D-5445ACE60207}"
EndProject
Project("{FAE04EC0-301F-11D3-BF4B-00C04F79EFBC}") = "SampleEnterprise.Events", "998. DEMO\000. Sample\010. Wpfs\Enterprise\SampleEnterprise\SampleEnterprise.Events\SampleEnterprise.Events.csproj", "{4B396CDC-F466-467D-A516-92B732A61D13}"
EndProject
Project("{FAE04EC0-301F-11D3-BF4B-00C04F79EFBC}") = "SampleEnterprise.Models", "998. DEMO\000. Sample\010. Wpfs\Enterprise\SampleEnterprise\SampleEnterprise.Models\SampleEnterprise.Models.csproj", "{D4602A24-A34E-4DE1-B23C-A92E84989C72}"
EndProject
Project("{FAE04EC0-301F-11D3-BF4B-00C04F79EFBC}") = "SampleEnterprise.Resources", "998. DEMO\000. Sample\010. Wpfs\Enterprise\SampleEnterprise\SampleEnterprise.Resources\SampleEnterprise.Resources.csproj", "{E67B5361-0BC3-4EDC-A0FB-F7E58DEC9F25}"
EndProject
Project("{FAE04EC0-301F-11D3-BF4B-00C04F79EFBC}") = "SampleEnterprise.Styles", "998. DEMO\000. Sample\010. Wpfs\Enterprise\SampleEnterprise\SampleEnterprise.Styles\SampleEnterprise.Styles.csproj", "{68B00A31-E20F-4974-B808-BCF07E31AC9C}"
EndProject
Project("{FAE04EC0-301F-11D3-BF4B-00C04F79EFBC}") = "SampleEnterprise.ViewModels", "998. DEMO\000. Sample\010. Wpfs\Enterprise\SampleEnterprise\SampleEnterprise.ViewModels\SampleEnterprise.ViewModels.csproj", "{4BCEE49A-08B3-42AD-8329-E1D5EBFA4E41}"
EndProject
Project("{FAE04EC0-301F-11D3-BF4B-00C04F79EFBC}") = "SampleEnterprise.Views", "998. DEMO\000. Sample\010. Wpfs\Enterprise\SampleEnterprise\SampleEnterprise.Views\SampleEnterprise.Views.csproj", "{B3880254-74C5-4B5D-9CAF-53385119ACD2}"
EndProject
Project("{FAE04EC0-301F-11D3-BF4B-00C04F79EFBC}") = "Dreamine.Logging", "100. Library\Logging\Dreamine.Logging.csproj", "{5B204C66-F408-4917-5D58-020B2DFA7349}"
EndProject
Project("{FAE04EC0-301F-11D3-BF4B-00C04F79EFBC}") = "Dreamine.Logging.Wpf", "100. Library\Logging.Wpf\Dreamine.Logging.Wpf.csproj", "{FC95DE96-C85B-6B7A-03E5-88E22556E76E}"
EndProject
Project("{FAE04EC0-301F-11D3-BF4B-00C04F79EFBC}") = "Dreamine.Threading", "100. Library\Threading\Dreamine.Threading.csproj", "{7AEE07F5-EFFC-B2B8-912C-D6453B2B226A}"
EndProject
Project("{FAE04EC0-301F-11D3-BF4B-00C04F79EFBC}") = "Dreamine.Threading.Wpf", "100. Library\Threading.Wpf\Dreamine.Threading.Wpf.csproj", "{6AD1D5B8-9E24-BE66-2574-17B09BF88571}"
EndProject
Project("{FAE04EC0-301F-11D3-BF4B-00C04F79EFBC}") = "Dreamine.Threading.Windows", "100. Library\Threading.Windows\Dreamine.Threading.Windows.csproj", "{2FE4C4E7-2914-87C8-EC16-500B358F23C4}"
EndProject
Project("{FAE04EC0-301F-11D3-BF4B-00C04F79EFBC}") = "Dreamine.Communication.Abstractions", "100. Library\Communication.Abstractions\Dreamine.Communication.Abstractions.csproj", "{5BEAB6B4-1AF5-76B2-744C-0AF16C926AC8}"
EndProject
Project("{FAE04EC0-301F-11D3-BF4B-00C04F79EFBC}") = "Dreamine.Communication.Core", "100. Library\Communication.Core\Dreamine.Communication.Core.csproj", "{6F001E19-B715-476E-28A9-D7D2C48DB19E}"
EndProject
Project("{FAE04EC0-301F-11D3-BF4B-00C04F79EFBC}") = "Dreamine.Communication.FullKit", "100. Library\Communication.FullKit\Dreamine.Communication.FullKit.csproj", "{FB9A9725-3FCE-C171-2173-3E40ECA76D7D}"
EndProject
Project("{FAE04EC0-301F-11D3-BF4B-00C04F79EFBC}") = "Dreamine.Communication.RabbitMQ", "100. Library\Communication.RabbitMQ\Dreamine.Communication.RabbitMQ.csproj", "{69A33CB2-3F8F-B6AA-4C08-497B34D4ED51}"
EndProject
Project("{FAE04EC0-301F-11D3-BF4B-00C04F79EFBC}") = "Dreamine.Communication.Serial", "100. Library\Communication.Serial\Dreamine.Communication.Serial.csproj", "{5CD6F23C-DCE0-4A92-D704-FA8FBB927070}"
EndProject
Project("{FAE04EC0-301F-11D3-BF4B-00C04F79EFBC}") = "Dreamine.Communication.Sockets", "100. Library\Communication.Sockets\Dreamine.Communication.Sockets.csproj", "{AA0CC6F4-7636-17E8-9BAD-739CE4AE3674}"
EndProject
Project("{FAE04EC0-301F-11D3-BF4B-00C04F79EFBC}") = "Dreamine.Communication.Wpf", "100. Library\Communication.Wpf\Dreamine.Communication.Wpf.csproj", "{A68F5CF4-7E28-0F4F-0DCF-F41B75ACE010}"
EndProject
Project("{FAE04EC0-301F-11D3-BF4B-00C04F79EFBC}") = "DreamineVMS", "000. Project\010. App\DreamineVMS\DreamineVMS.csproj", "{E4A5611B-F09A-40FD-6D9D-C2AC17663177}"
EndProject
Project("{FAE04EC0-301F-11D3-BF4B-00C04F79EFBC}") = "Dreamine.PLC.Abstractions", "100. Library\PLC.Abstractions\Dreamine.PLC.Abstractions.csproj", "{E6761812-8FC4-D192-B9D0-9AECEC1A5388}"
EndProject
Project("{FAE04EC0-301F-11D3-BF4B-00C04F79EFBC}") = "Dreamine.PLC.Core", "100. Library\PLC.Core\Dreamine.PLC.Core.csproj", "{CFE6A4BF-628F-6988-8FDE-7C1CCD5ADA6A}"
EndProject
Project("{FAE04EC0-301F-11D3-BF4B-00C04F79EFBC}") = "Dreamine.PLC.Mitsubishi.MC", "100. Library\PLC.Mitsubishi.MC\Dreamine.PLC.Mitsubishi.MC.csproj", "{3B42DDC8-9CE1-D822-BEEE-282B0E95BC85}"
EndProject
Project("{FAE04EC0-301F-11D3-BF4B-00C04F79EFBC}") = "Dreamine.PLC.Mitsubishi.MxComponent", "100. Library\PLC.Mitsubishi.MxComponent\Dreamine.PLC.Mitsubishi.MxComponent.csproj", "{9095ACA9-7913-E61B-5E44-926FF6F2C26D}"
EndProject
Project("{FAE04EC0-301F-11D3-BF4B-00C04F79EFBC}") = "Dreamine.PLC.Omron.CxComponent", "100. Library\PLC.Omron.CxComponent\Dreamine.PLC.Omron.CxComponent.csproj", "{5B3C2A30-7B74-2A61-99E4-DC952522BC03}"
EndProject
Project("{FAE04EC0-301F-11D3-BF4B-00C04F79EFBC}") = "Dreamine.PLC.Wpf", "100. Library\PLC.Wpf\Dreamine.PLC.Wpf.csproj", "{0C803E7F-D2AE-18A8-AFCC-3E3CE58EF23E}"
EndProject
Project("{FAE04EC0-301F-11D3-BF4B-00C04F79EFBC}") = "Dreamine.PLC.Omron.Fins", "100. Library\PLC.Omron.Fins\Dreamine.PLC.Omron.Fins.csproj", "{F8E4418E-FFE5-05C6-216B-2A6F5B3D5FC1}"
EndProject
Project("{FAE04EC0-301F-11D3-BF4B-00C04F79EFBC}") = "Dreamine.IO.Abstractions", "100. Library\IO.Abstractions\Dreamine.IO.Abstractions.csproj", "{B3231BC7-8451-4966-88A4-08A516BFA3C5}"
EndProject
Project("{FAE04EC0-301F-11D3-BF4B-00C04F79EFBC}") = "Dreamine.IO.Fastech.Ethernet", "100. Library\IO.Fastech.Ethernet\Dreamine.IO.Fastech.Ethernet.csproj", "{15384E84-D75E-491D-A6A1-544C250FD86E}"
EndProject
Project("{2150E333-8FDC-42A3-9474-1A3956D46DE8}") = "200. Tests", "200. Tests", "{A5DB747D-0196-BF2A-61C5-1E07C0EC1F84}"
EndProject
Project("{FAE04EC0-301F-11D3-BF4B-00C04F79EFBC}") = "Dreamine.FullKit.Tests", "200. Tests\Dreamine.FullKit.Tests\Dreamine.FullKit.Tests.csproj", "{A9D26E3C-F571-49A5-A8DE-4FE1BE5AD3C0}"
EndProject
Project("{FAE04EC0-301F-11D3-BF4B-00C04F79EFBC}") = "Dreamine.FullKit.Wpf.Tests", "200. Tests\Dreamine.FullKit.Wpf.Tests\Dreamine.FullKit.Wpf.Tests.csproj", "{3EAEDE4C-51D2-4CDD-9422-1C4A4416C66F}"
EndProject
Project("{FAE04EC0-301F-11D3-BF4B-00C04F79EFBC}") = "Codemaru", "000. Project\010. App\Codemaru\Codemaru.csproj", "{199B8A0A-3AC1-A36D-6494-539FDE2FE585}"
EndProject
Project("{FAE04EC0-301F-11D3-BF4B-00C04F79EFBC}") = "Dreamine.Database.Abstractions", "100. Library\Database.Abstractions\Dreamine.Database.Abstractions.csproj", "{BA68C4EB-29AA-4ECA-A209-EA6B2F0B2D3E}"
EndProject
Project("{FAE04EC0-301F-11D3-BF4B-00C04F79EFBC}") = "Dreamine.Database.Core", "100. Library\Database.Core\Dreamine.Database.Core.csproj", "{9124621C-BCC3-42F2-B959-14841FB4EFC5}"
EndProject
Project("{FAE04EC0-301F-11D3-BF4B-00C04F79EFBC}") = "Dreamine.Database.Sqlite", "100. Library\Database.Sqlite\Dreamine.Database.Sqlite.csproj", "{839BB71B-D479-4BD6-8603-C89A9A2A14CA}"
EndProject
Project("{FAE04EC0-301F-11D3-BF4B-00C04F79EFBC}") = "Dreamine.Database.MySql", "100. Library\Database.MySql\Dreamine.Database.MySql.csproj", "{D4977576-421B-49B9-A9E4-C34001E9AC66}"
EndProject
Project("{FAE04EC0-301F-11D3-BF4B-00C04F79EFBC}") = "Dreamine.Database.Oracle", "100. Library\Database.Oracle\Dreamine.Database.Oracle.csproj", "{1722A640-542C-46F6-9682-69156C98A3A3}"
EndProject
Project("{FAE04EC0-301F-11D3-BF4B-00C04F79EFBC}") = "Dreamine.Database.SqlServer", "100. Library\Database.SqlServer\Dreamine.Database.SqlServer.csproj", "{D05D9C11-C3D9-4011-A3D5-9F0E2BDAC10A}"
EndProject
Project("{2150E333-8FDC-42A3-9474-1A3956D46DE8}") = "050. CrossUi", "050. CrossUi", "{3C48C382-9EB3-596B-EC4A-0D04382D54FC}"
EndProject
Project("{FAE04EC0-301F-11D3-BF4B-00C04F79EFBC}") = "SampleCrossUi.Shared", "998. DEMO\000. Sample\050. CrossUi\SampleCrossUi.Shared\SampleCrossUi.Shared.csproj", "{ADED466A-A4B1-43F3-8E74-EDF50F7DDF81}"
EndProject
Project("{FAE04EC0-301F-11D3-BF4B-00C04F79EFBC}") = "SampleCrossUi.Wpf", "998. DEMO\000. Sample\050. CrossUi\SampleCrossUi.Wpf\SampleCrossUi.Wpf.csproj", "{B89451D8-35E9-419F-80FE-2938F6F740F5}"
EndProject
Project("{FAE04EC0-301F-11D3-BF4B-00C04F79EFBC}") = "SampleCrossUi.WinForms", "998. DEMO\000. Sample\050. CrossUi\SampleCrossUi.WinForms\SampleCrossUi.WinForms.csproj", "{CCECDD6D-91B7-44FA-A4BD-82529915691F}"
EndProject
Project("{FAE04EC0-301F-11D3-BF4B-00C04F79EFBC}") = "SampleCrossUi.Blazor", "998. DEMO\000. Sample\050. CrossUi\SampleCrossUi.Blazor\SampleCrossUi.Blazor.csproj", "{7D96F59C-699C-4D0C-B661-B8171BB59932}"
EndProject
Project("{FAE04EC0-301F-11D3-BF4B-00C04F79EFBC}") = "SampleCrossUi.Maui", "998. DEMO\000. Sample\050. CrossUi\SampleCrossUi.Maui\SampleCrossUi.Maui.csproj", "{81F6E719-572A-0A74-92DA-4B47C3E349CD}"
EndProject
Project("{FAE04EC0-301F-11D3-BF4B-00C04F79EFBC}") = "Dreamine.UI.Abstractions", "100. Library\UI.Abstractions\Dreamine.UI.Abstractions.csproj", "{36877061-5B7A-50C3-7B1E-86DAB8D37027}"
EndProject
Project("{FAE04EC0-301F-11D3-BF4B-00C04F79EFBC}") = "Dreamine.UI.Wpf", "100. Library\UI.Wpf\Dreamine.UI.Wpf.csproj", "{D0B0AD65-F217-2040-52AA-009CDC25CDE8}"
EndProject
Project("{FAE04EC0-301F-11D3-BF4B-00C04F79EFBC}") = "Dreamine.UI.Wpf.Controls", "100. Library\UI.Wpf.Controls\Dreamine.UI.Wpf.Controls.csproj", "{6FAA7141-E086-1A30-6556-878A2814B6C5}"
EndProject
Project("{FAE04EC0-301F-11D3-BF4B-00C04F79EFBC}") = "Dreamine.UI.Wpf.Equipment", "100. Library\UI.Wpf.Equipment\Dreamine.UI.Wpf.Equipment.csproj", "{12980764-94BB-9F27-F5C7-DD371C43E4C3}"
EndProject
Project("{FAE04EC0-301F-11D3-BF4B-00C04F79EFBC}") = "Dreamine.UI.Wpf.Themes", "100. Library\UI.Wpf.Themes\Dreamine.UI.Wpf.Themes.csproj", "{11D5A7F1-D3A2-77C2-FCEE-FFB7C806BD36}"
EndProject
Project("{FAE04EC0-301F-11D3-BF4B-00C04F79EFBC}") = "Dreamine.UI.WinForms", "100. Library\UI.WinForms\Dreamine.UI.WinForms.csproj", "{D57F401E-F6CD-9299-0E9A-D489AFD6D7C6}"
EndProject
Project("{FAE04EC0-301F-11D3-BF4B-00C04F79EFBC}") = "WeddingPlatform.Web", "000. Project\010. App\WeddingPlatform.Web\WeddingPlatform.Web.csproj", "{E0B5D576-42DE-4816-9D57-936FFC31C40E}"
EndProject
Project("{FAE04EC0-301F-11D3-BF4B-00C04F79EFBC}") = "ShopPlatform.Web", "000. Project\010. App\ShopPlatform.Web\ShopPlatform.Web.csproj", "{B4E1D580-376F-4F20-9946-FA1F289A42FE}"
EndProject
Project("{FAE04EC0-301F-11D3-BF4B-00C04F79EFBC}") = "DreamineVMS.Web", "000. Project\010. App\DreamineVMS.Web\DreamineVMS.Web.csproj", "{00E18AA2-8919-48F6-9C0C-41D5B75D3BA1}"
EndProject
Project("{FAE04EC0-301F-11D3-BF4B-00C04F79EFBC}") = "Families.Web", "000. Project\010. App\Families.Web\Families.Web.csproj", "{1009ABB6-7B72-4C74-AEB8-730B0101DDC5}"
EndProject
Project("{2150E333-8FDC-42A3-9474-1A3956D46DE8}") = "Hybrid.Wpf", "Hybrid.Wpf", "{5FFA3C77-B0C8-79C6-B5F4-611F05282541}"
EndProject
Project("{2150E333-8FDC-42A3-9474-1A3956D46DE8}") = "Hybrid", "Hybrid", "{4803F3C3-3FB1-2748-94A1-D824831A4825}"
EndProject
Global
	GlobalSection(SolutionConfigurationPlatforms) = preSolution
		Debug|Any CPU = Debug|Any CPU
		Debug|x64 = Debug|x64
		Debug|x86 = Debug|x86
		Release|Any CPU = Release|Any CPU
		Release|x64 = Release|x64
		Release|x86 = Release|x86
	EndGlobalSection
	GlobalSection(ProjectConfigurationPlatforms) = postSolution
		{08D6CD45-E389-E53F-BD96-06CD1D485935}.Debug|Any CPU.ActiveCfg = Debug|Any CPU
		{08D6CD45-E389-E53F-BD96-06CD1D485935}.Debug|Any CPU.Build.0 = Debug|Any CPU
		{08D6CD45-E389-E53F-BD96-06CD1D485935}.Debug|x64.ActiveCfg = Debug|Any CPU
		{08D6CD45-E389-E53F-BD96-06CD1D485935}.Debug|x64.Build.0 = Debug|Any CPU
		{08D6CD45-E389-E53F-BD96-06CD1D485935}.Debug|x86.ActiveCfg = Debug|Any CPU
		{08D6CD45-E389-E53F-BD96-06CD1D485935}.Debug|x86.Build.0 = Debug|Any CPU
		{08D6CD45-E389-E53F-BD96-06CD1D485935}.Release|Any CPU.ActiveCfg = Release|Any CPU
		{08D6CD45-E389-E53F-BD96-06CD1D485935}.Release|Any CPU.Build.0 = Release|Any CPU
		{08D6CD45-E389-E53F-BD96-06CD1D485935}.Release|x64.ActiveCfg = Release|Any CPU
		{08D6CD45-E389-E53F-BD96-06CD1D485935}.Release|x64.Build.0 = Release|Any CPU
		{08D6CD45-E389-E53F-BD96-06CD1D485935}.Release|x86.ActiveCfg = Release|Any CPU
		{08D6CD45-E389-E53F-BD96-06CD1D485935}.Release|x86.Build.0 = Release|Any CPU
		{411985C1-1E6A-7FF3-E59B-3C4E2AF89E03}.Debug|Any CPU.ActiveCfg = Debug|Any CPU
		{411985C1-1E6A-7FF3-E59B-3C4E2AF89E03}.Debug|Any CPU.Build.0 = Debug|Any CPU
		{411985C1-1E6A-7FF3-E59B-3C4E2AF89E03}.Debug|x64.ActiveCfg = Debug|Any CPU
		{411985C1-1E6A-7FF3-E59B-3C4E2AF89E03}.Debug|x64.Build.0 = Debug|Any CPU
		{411985C1-1E6A-7FF3-E59B-3C4E2AF89E03}.Debug|x86.ActiveCfg = Debug|Any CPU
		{411985C1-1E6A-7FF3-E59B-3C4E2AF89E03}.Debug|x86.Build.0 = Debug|Any CPU
		{411985C1-1E6A-7FF3-E59B-3C4E2AF89E03}.Release|Any CPU.ActiveCfg = Release|Any CPU
		{411985C1-1E6A-7FF3-E59B-3C4E2AF89E03}.Release|Any CPU.Build.0 = Release|Any CPU
		{411985C1-1E6A-7FF3-E59B-3C4E2AF89E03}.Release|x64.ActiveCfg = Release|Any CPU
		{411985C1-1E6A-7FF3-E59B-3C4E2AF89E03}.Release|x64.Build.0 = Release|Any CPU
		{411985C1-1E6A-7FF3-E59B-3C4E2AF89E03}.Release|x86.ActiveCfg = Release|Any CPU
		{411985C1-1E6A-7FF3-E59B-3C4E2AF89E03}.Release|x86.Build.0 = Release|Any CPU
		{F828372A-3856-ECF2-C07C-D85109E14964}.Debug|Any CPU.ActiveCfg = Debug|Any CPU
		{F828372A-3856-ECF2-C07C-D85109E14964}.Debug|Any CPU.Build.0 = Debug|Any CPU
		{F828372A-3856-ECF2-C07C-D85109E14964}.Debug|x64.ActiveCfg = Debug|Any CPU
		{F828372A-3856-ECF2-C07C-D85109E14964}.Debug|x64.Build.0 = Debug|Any CPU
		{F828372A-3856-ECF2-C07C-D85109E14964}.Debug|x86.ActiveCfg = Debug|Any CPU
		{F828372A-3856-ECF2-C07C-D85109E14964}.Debug|x86.Build.0 = Debug|Any CPU
		{F828372A-3856-ECF2-C07C-D85109E14964}.Release|Any CPU.ActiveCfg = Release|Any CPU
		{F828372A-3856-ECF2-C07C-D85109E14964}.Release|Any CPU.Build.0 = Release|Any CPU
		{F828372A-3856-ECF2-C07C-D85109E14964}.Release|x64.ActiveCfg = Release|Any CPU
		{F828372A-3856-ECF2-C07C-D85109E14964}.Release|x64.Build.0 = Release|Any CPU
		{F828372A-3856-ECF2-C07C-D85109E14964}.Release|x86.ActiveCfg = Release|Any CPU
		{F828372A-3856-ECF2-C07C-D85109E14964}.Release|x86.Build.0 = Release|Any CPU
		{9A914F18-3D22-E4E0-01B6-FE7081070F5A}.Debug|Any CPU.ActiveCfg = Debug|Any CPU
		{9A914F18-3D22-E4E0-01B6-FE7081070F5A}.Debug|Any CPU.Build.0 = Debug|Any CPU
		{9A914F18-3D22-E4E0-01B6-FE7081070F5A}.Debug|x64.ActiveCfg = Debug|Any CPU
		{9A914F18-3D22-E4E0-01B6-FE7081070F5A}.Debug|x64.Build.0 = Debug|Any CPU
		{9A914F18-3D22-E4E0-01B6-FE7081070F5A}.Debug|x86.ActiveCfg = Debug|Any CPU
		{9A914F18-3D22-E4E0-01B6-FE7081070F5A}.Debug|x86.Build.0 = Debug|Any CPU
		{9A914F18-3D22-E4E0-01B6-FE7081070F5A}.Release|Any CPU.ActiveCfg = Release|Any CPU
		{9A914F18-3D22-E4E0-01B6-FE7081070F5A}.Release|Any CPU.Build.0 = Release|Any CPU
		{9A914F18-3D22-E4E0-01B6-FE7081070F5A}.Release|x64.ActiveCfg = Release|Any CPU
		{9A914F18-3D22-E4E0-01B6-FE7081070F5A}.Release|x64.Build.0 = Release|Any CPU
		{9A914F18-3D22-E4E0-01B6-FE7081070F5A}.Release|x86.ActiveCfg = Release|Any CPU
		{9A914F18-3D22-E4E0-01B6-FE7081070F5A}.Release|x86.Build.0 = Release|Any CPU
		{5A1E076E-EF53-40AA-1ABB-676ECFAB1E72}.Debug|Any CPU.ActiveCfg = Debug|Any CPU
		{5A1E076E-EF53-40AA-1ABB-676ECFAB1E72}.Debug|Any CPU.Build.0 = Debug|Any CPU
		{5A1E076E-EF53-40AA-1ABB-676ECFAB1E72}.Debug|x64.ActiveCfg = Debug|Any CPU
		{5A1E076E-EF53-40AA-1ABB-676ECFAB1E72}.Debug|x64.Build.0 = Debug|Any CPU
		{5A1E076E-EF53-40AA-1ABB-676ECFAB1E72}.Debug|x86.ActiveCfg = Debug|Any CPU
		{5A1E076E-EF53-40AA-1ABB-676ECFAB1E72}.Debug|x86.Build.0 = Debug|Any CPU
		{5A1E076E-EF53-40AA-1ABB-676ECFAB1E72}.Release|Any CPU.ActiveCfg = Release|Any CPU
		{5A1E076E-EF53-40AA-1ABB-676ECFAB1E72}.Release|Any CPU.Build.0 = Release|Any CPU
		{5A1E076E-EF53-40AA-1ABB-676ECFAB1E72}.Release|x64.ActiveCfg = Release|Any CPU
		{5A1E076E-EF53-40AA-1ABB-676ECFAB1E72}.Release|x64.Build.0 = Release|Any CPU
		{5A1E076E-EF53-40AA-1ABB-676ECFAB1E72}.Release|x86.ActiveCfg = Release|Any CPU
		{5A1E076E-EF53-40AA-1ABB-676ECFAB1E72}.Release|x86.Build.0 = Release|Any CPU
		{70D52319-B893-2BA1-1E3C-D3F1808D35A2}.Debug|Any CPU.ActiveCfg = Debug|Any CPU
		{70D52319-B893-2BA1-1E3C-D3F1808D35A2}.Debug|Any CPU.Build.0 = Debug|Any CPU
		{70D52319-B893-2BA1-1E3C-D3F1808D35A2}.Debug|x64.ActiveCfg = Debug|Any CPU
		{70D52319-B893-2BA1-1E3C-D3F1808D35A2}.Debug|x64.Build.0 = Debug|Any CPU
		{70D52319-B893-2BA1-1E3C-D3F1808D35A2}.Debug|x86.ActiveCfg = Debug|Any CPU
		{70D52319-B893-2BA1-1E3C-D3F1808D35A2}.Debug|x86.Build.0 = Debug|Any CPU
		{70D52319-B893-2BA1-1E3C-D3F1808D35A2}.Release|Any CPU.ActiveCfg = Release|Any CPU
		{70D52319-B893-2BA1-1E3C-D3F1808D35A2}.Release|Any CPU.Build.0 = Release|Any CPU
		{70D52319-B893-2BA1-1E3C-D3F1808D35A2}.Release|x64.ActiveCfg = Release|Any CPU
		{70D52319-B893-2BA1-1E3C-D3F1808D35A2}.Release|x64.Build.0 = Release|Any CPU
		{70D52319-B893-2BA1-1E3C-D3F1808D35A2}.Release|x86.ActiveCfg = Release|Any CPU
		{70D52319-B893-2BA1-1E3C-D3F1808D35A2}.Release|x86.Build.0 = Release|Any CPU
		{2E4C4737-0BA2-36F2-3084-53CA3B549D87}.Debug|Any CPU.ActiveCfg = Debug|Any CPU
		{2E4C4737-0BA2-36F2-3084-53CA3B549D87}.Debug|Any CPU.Build.0 = Debug|Any CPU
		{2E4C4737-0BA2-36F2-3084-53CA3B549D87}.Debug|x64.ActiveCfg = Debug|Any CPU
		{2E4C4737-0BA2-36F2-3084-53CA3B549D87}.Debug|x64.Build.0 = Debug|Any CPU
		{2E4C4737-0BA2-36F2-3084-53CA3B549D87}.Debug|x86.ActiveCfg = Debug|Any CPU
		{2E4C4737-0BA2-36F2-3084-53CA3B549D87}.Debug|x86.Build.0 = Debug|Any CPU
		{2E4C4737-0BA2-36F2-3084-53CA3B549D87}.Release|Any CPU.ActiveCfg = Release|Any CPU
		{2E4C4737-0BA2-36F2-3084-53CA3B549D87}.Release|Any CPU.Build.0 = Release|Any CPU
		{2E4C4737-0BA2-36F2-3084-53CA3B549D87}.Release|x64.ActiveCfg = Release|Any CPU
		{2E4C4737-0BA2-36F2-3084-53CA3B549D87}.Release|x64.Build.0 = Release|Any CPU
		{2E4C4737-0BA2-36F2-3084-53CA3B549D87}.Release|x86.ActiveCfg = Release|Any CPU
		{2E4C4737-0BA2-36F2-3084-53CA3B549D87}.Release|x86.Build.0 = Release|Any CPU
		{99BD1619-C35F-731A-60D3-8E29096D87B1}.Debug|Any CPU.ActiveCfg = Debug|Any CPU
		{99BD1619-C35F-731A-60D3-8E29096D87B1}.Debug|Any CPU.Build.0 = Debug|Any CPU
		{99BD1619-C35F-731A-60D3-8E29096D87B1}.Debug|x64.ActiveCfg = Debug|Any CPU
		{99BD1619-C35F-731A-60D3-8E29096D87B1}.Debug|x64.Build.0 = Debug|Any CPU
		{99BD1619-C35F-731A-60D3-8E29096D87B1}.Debug|x86.ActiveCfg = Debug|Any CPU
		{99BD1619-C35F-731A-60D3-8E29096D87B1}.Debug|x86.Build.0 = Debug|Any CPU
		{99BD1619-C35F-731A-60D3-8E29096D87B1}.Release|Any CPU.ActiveCfg = Release|Any CPU
		{99BD1619-C35F-731A-60D3-8E29096D87B1}.Release|Any CPU.Build.0 = Release|Any CPU
		{99BD1619-C35F-731A-60D3-8E29096D87B1}.Release|x64.ActiveCfg = Release|Any CPU
		{99BD1619-C35F-731A-60D3-8E29096D87B1}.Release|x64.Build.0 = Release|Any CPU
		{99BD1619-C35F-731A-60D3-8E29096D87B1}.Release|x86.ActiveCfg = Release|Any CPU
		{99BD1619-C35F-731A-60D3-8E29096D87B1}.Release|x86.Build.0 = Release|Any CPU
		{2C99A6A5-B1D0-D179-0C35-3CD20B106B99}.Debug|Any CPU.ActiveCfg = Debug|Any CPU
		{2C99A6A5-B1D0-D179-0C35-3CD20B106B99}.Debug|Any CPU.Build.0 = Debug|Any CPU
		{2C99A6A5-B1D0-D179-0C35-3CD20B106B99}.Debug|x64.ActiveCfg = Debug|Any CPU
		{2C99A6A5-B1D0-D179-0C35-3CD20B106B99}.Debug|x64.Build.0 = Debug|Any CPU
		{2C99A6A5-B1D0-D179-0C35-3CD20B106B99}.Debug|x86.ActiveCfg = Debug|Any CPU
		{2C99A6A5-B1D0-D179-0C35-3CD20B106B99}.Debug|x86.Build.0 = Debug|Any CPU
		{2C99A6A5-B1D0-D179-0C35-3CD20B106B99}.Release|Any CPU.ActiveCfg = Release|Any CPU
		{2C99A6A5-B1D0-D179-0C35-3CD20B106B99}.Release|Any CPU.Build.0 = Release|Any CPU
		{2C99A6A5-B1D0-D179-0C35-3CD20B106B99}.Release|x64.ActiveCfg = Release|Any CPU
		{2C99A6A5-B1D0-D179-0C35-3CD20B106B99}.Release|x64.Build.0 = Release|Any CPU
		{2C99A6A5-B1D0-D179-0C35-3CD20B106B99}.Release|x86.ActiveCfg = Release|Any CPU
		{2C99A6A5-B1D0-D179-0C35-3CD20B106B99}.Release|x86.Build.0 = Release|Any CPU
		{A78E7391-7BCA-5A21-0131-EC36D6A3523C}.Debug|Any CPU.ActiveCfg = Debug|Any CPU
		{A78E7391-7BCA-5A21-0131-EC36D6A3523C}.Debug|Any CPU.Build.0 = Debug|Any CPU
		{A78E7391-7BCA-5A21-0131-EC36D6A3523C}.Debug|x64.ActiveCfg = Debug|Any CPU
		{A78E7391-7BCA-5A21-0131-EC36D6A3523C}.Debug|x64.Build.0 = Debug|Any CPU
		{A78E7391-7BCA-5A21-0131-EC36D6A3523C}.Debug|x86.ActiveCfg = Debug|Any CPU
		{A78E7391-7BCA-5A21-0131-EC36D6A3523C}.Debug|x86.Build.0 = Debug|Any CPU
		{A78E7391-7BCA-5A21-0131-EC36D6A3523C}.Release|Any CPU.ActiveCfg = Release|Any CPU
		{A78E7391-7BCA-5A21-0131-EC36D6A3523C}.Release|Any CPU.Build.0 = Release|Any CPU
		{A78E7391-7BCA-5A21-0131-EC36D6A3523C}.Release|x64.ActiveCfg = Release|Any CPU
		{A78E7391-7BCA-5A21-0131-EC36D6A3523C}.Release|x64.Build.0 = Release|Any CPU
		{A78E7391-7BCA-5A21-0131-EC36D6A3523C}.Release|x86.ActiveCfg = Release|Any CPU
		{A78E7391-7BCA-5A21-0131-EC36D6A3523C}.Release|x86.Build.0 = Release|Any CPU
		{21A5E5BF-97EF-E24E-34AD-66BEE6B4BA45}.Debug|Any CPU.ActiveCfg = Debug|Any CPU
		{21A5E5BF-97EF-E24E-34AD-66BEE6B4BA45}.Debug|Any CPU.Build.0 = Debug|Any CPU
		{21A5E5BF-97EF-E24E-34AD-66BEE6B4BA45}.Debug|x64.ActiveCfg = Debug|Any CPU
		{21A5E5BF-97EF-E24E-34AD-66BEE6B4BA45}.Debug|x64.Build.0 = Debug|Any CPU
		{21A5E5BF-97EF-E24E-34AD-66BEE6B4BA45}.Debug|x86.ActiveCfg = Debug|Any CPU
		{21A5E5BF-97EF-E24E-34AD-66BEE6B4BA45}.Debug|x86.Build.0 = Debug|Any CPU
		{21A5E5BF-97EF-E24E-34AD-66BEE6B4BA45}.Release|Any CPU.ActiveCfg = Release|Any CPU
		{21A5E5BF-97EF-E24E-34AD-66BEE6B4BA45}.Release|Any CPU.Build.0 = Release|Any CPU
		{21A5E5BF-97EF-E24E-34AD-66BEE6B4BA45}.Release|x64.ActiveCfg = Release|Any CPU
		{21A5E5BF-97EF-E24E-34AD-66BEE6B4BA45}.Release|x64.Build.0 = Release|Any CPU
		{21A5E5BF-97EF-E24E-34AD-66BEE6B4BA45}.Release|x86.ActiveCfg = Release|Any CPU
		{21A5E5BF-97EF-E24E-34AD-66BEE6B4BA45}.Release|x86.Build.0 = Release|Any CPU
		{681F260A-A49B-A298-DADD-6D89CFF4E6DE}.Debug|Any CPU.ActiveCfg = Debug|Any CPU
		{681F260A-A49B-A298-DADD-6D89CFF4E6DE}.Debug|Any CPU.Build.0 = Debug|Any CPU
		{681F260A-A49B-A298-DADD-6D89CFF4E6DE}.Debug|x64.ActiveCfg = Debug|Any CPU
		{681F260A-A49B-A298-DADD-6D89CFF4E6DE}.Debug|x64.Build.0 = Debug|Any CPU
		{681F260A-A49B-A298-DADD-6D89CFF4E6DE}.Debug|x86.ActiveCfg = Debug|Any CPU
		{681F260A-A49B-A298-DADD-6D89CFF4E6DE}.Debug|x86.Build.0 = Debug|Any CPU
		{681F260A-A49B-A298-DADD-6D89CFF4E6DE}.Release|Any CPU.ActiveCfg = Release|Any CPU
		{681F260A-A49B-A298-DADD-6D89CFF4E6DE}.Release|Any CPU.Build.0 = Release|Any CPU
		{681F260A-A49B-A298-DADD-6D89CFF4E6DE}.Release|x64.ActiveCfg = Release|Any CPU
		{681F260A-A49B-A298-DADD-6D89CFF4E6DE}.Release|x64.Build.0 = Release|Any CPU
		{681F260A-A49B-A298-DADD-6D89CFF4E6DE}.Release|x86.ActiveCfg = Release|Any CPU
		{681F260A-A49B-A298-DADD-6D89CFF4E6DE}.Release|x86.Build.0 = Release|Any CPU
		{A15B0636-6E5F-CB9F-8EAF-43CF9649B066}.Debug|Any CPU.ActiveCfg = Debug|Any CPU
		{A15B0636-6E5F-CB9F-8EAF-43CF9649B066}.Debug|Any CPU.Build.0 = Debug|Any CPU
		{A15B0636-6E5F-CB9F-8EAF-43CF9649B066}.Debug|x64.ActiveCfg = Debug|Any CPU
		{A15B0636-6E5F-CB9F-8EAF-43CF9649B066}.Debug|x64.Build.0 = Debug|Any CPU
		{A15B0636-6E5F-CB9F-8EAF-43CF9649B066}.Debug|x86.ActiveCfg = Debug|Any CPU
		{A15B0636-6E5F-CB9F-8EAF-43CF9649B066}.Debug|x86.Build.0 = Debug|Any CPU
		{A15B0636-6E5F-CB9F-8EAF-43CF9649B066}.Release|Any CPU.ActiveCfg = Release|Any CPU
		{A15B0636-6E5F-CB9F-8EAF-43CF9649B066}.Release|Any CPU.Build.0 = Release|Any CPU
		{A15B0636-6E5F-CB9F-8EAF-43CF9649B066}.Release|x64.ActiveCfg = Release|Any CPU
		{A15B0636-6E5F-CB9F-8EAF-43CF9649B066}.Release|x64.Build.0 = Release|Any CPU
		{A15B0636-6E5F-CB9F-8EAF-43CF9649B066}.Release|x86.ActiveCfg = Release|Any CPU
		{A15B0636-6E5F-CB9F-8EAF-43CF9649B066}.Release|x86.Build.0 = Release|Any CPU
		{5A206641-70A0-28C9-287C-67C4CB12AFA1}.Debug|Any CPU.ActiveCfg = Debug|Any CPU
		{5A206641-70A0-28C9-287C-67C4CB12AFA1}.Debug|Any CPU.Build.0 = Debug|Any CPU
		{5A206641-70A0-28C9-287C-67C4CB12AFA1}.Debug|x64.ActiveCfg = Debug|Any CPU
		{5A206641-70A0-28C9-287C-67C4CB12AFA1}.Debug|x64.Build.0 = Debug|Any CPU
		{5A206641-70A0-28C9-287C-67C4CB12AFA1}.Debug|x86.ActiveCfg = Debug|Any CPU
		{5A206641-70A0-28C9-287C-67C4CB12AFA1}.Debug|x86.Build.0 = Debug|Any CPU
		{5A206641-70A0-28C9-287C-67C4CB12AFA1}.Release|Any CPU.ActiveCfg = Release|Any CPU
		{5A206641-70A0-28C9-287C-67C4CB12AFA1}.Release|Any CPU.Build.0 = Release|Any CPU
		{5A206641-70A0-28C9-287C-67C4CB12AFA1}.Release|x64.ActiveCfg = Release|Any CPU
		{5A206641-70A0-28C9-287C-67C4CB12AFA1}.Release|x64.Build.0 = Release|Any CPU
		{5A206641-70A0-28C9-287C-67C4CB12AFA1}.Release|x86.ActiveCfg = Release|Any CPU
		{5A206641-70A0-28C9-287C-67C4CB12AFA1}.Release|x86.Build.0 = Release|Any CPU
		{E3D2E37E-6006-1FD7-6C4E-A90B16B729A3}.Debug|Any CPU.ActiveCfg = Debug|Any CPU
		{E3D2E37E-6006-1FD7-6C4E-A90B16B729A3}.Debug|Any CPU.Build.0 = Debug|Any CPU
		{E3D2E37E-6006-1FD7-6C4E-A90B16B729A3}.Debug|x64.ActiveCfg = Debug|Any CPU
		{E3D2E37E-6006-1FD7-6C4E-A90B16B729A3}.Debug|x64.Build.0 = Debug|Any CPU
		{E3D2E37E-6006-1FD7-6C4E-A90B16B729A3}.Debug|x86.ActiveCfg = Debug|Any CPU
		{E3D2E37E-6006-1FD7-6C4E-A90B16B729A3}.Debug|x86.Build.0 = Debug|Any CPU
		{E3D2E37E-6006-1FD7-6C4E-A90B16B729A3}.Release|Any CPU.ActiveCfg = Release|Any CPU
		{E3D2E37E-6006-1FD7-6C4E-A90B16B729A3}.Release|Any CPU.Build.0 = Release|Any CPU
		{E3D2E37E-6006-1FD7-6C4E-A90B16B729A3}.Release|x64.ActiveCfg = Release|Any CPU
		{E3D2E37E-6006-1FD7-6C4E-A90B16B729A3}.Release|x64.Build.0 = Release|Any CPU
		{E3D2E37E-6006-1FD7-6C4E-A90B16B729A3}.Release|x86.ActiveCfg = Release|Any CPU
		{E3D2E37E-6006-1FD7-6C4E-A90B16B729A3}.Release|x86.Build.0 = Release|Any CPU
		{8469D9A2-42AA-4A1F-32D0-4ED9E59F12C0}.Debug|Any CPU.ActiveCfg = Debug|Any CPU
		{8469D9A2-42AA-4A1F-32D0-4ED9E59F12C0}.Debug|Any CPU.Build.0 = Debug|Any CPU
		{8469D9A2-42AA-4A1F-32D0-4ED9E59F12C0}.Debug|x64.ActiveCfg = Debug|Any CPU
		{8469D9A2-42AA-4A1F-32D0-4ED9E59F12C0}.Debug|x64.Build.0 = Debug|Any CPU
		{8469D9A2-42AA-4A1F-32D0-4ED9E59F12C0}.Debug|x86.ActiveCfg = Debug|Any CPU
		{8469D9A2-42AA-4A1F-32D0-4ED9E59F12C0}.Debug|x86.Build.0 = Debug|Any CPU
		{8469D9A2-42AA-4A1F-32D0-4ED9E59F12C0}.Release|Any CPU.ActiveCfg = Release|Any CPU
		{8469D9A2-42AA-4A1F-32D0-4ED9E59F12C0}.Release|Any CPU.Build.0 = Release|Any CPU
		{8469D9A2-42AA-4A1F-32D0-4ED9E59F12C0}.Release|x64.ActiveCfg = Release|Any CPU
		{8469D9A2-42AA-4A1F-32D0-4ED9E59F12C0}.Release|x64.Build.0 = Release|Any CPU
		{8469D9A2-42AA-4A1F-32D0-4ED9E59F12C0}.Release|x86.ActiveCfg = Release|Any CPU
		{8469D9A2-42AA-4A1F-32D0-4ED9E59F12C0}.Release|x86.Build.0 = Release|Any CPU
		{018041E8-4344-4617-A025-8A98A6A0E23A}.Debug|Any CPU.ActiveCfg = Debug|Any CPU
		{018041E8-4344-4617-A025-8A98A6A0E23A}.Debug|Any CPU.Build.0 = Debug|Any CPU
		{018041E8-4344-4617-A025-8A98A6A0E23A}.Debug|x64.ActiveCfg = Debug|Any CPU
		{018041E8-4344-4617-A025-8A98A6A0E23A}.Debug|x64.Build.0 = Debug|Any CPU
		{018041E8-4344-4617-A025-8A98A6A0E23A}.Debug|x86.ActiveCfg = Debug|Any CPU
		{018041E8-4344-4617-A025-8A98A6A0E23A}.Debug|x86.Build.0 = Debug|Any CPU
		{018041E8-4344-4617-A025-8A98A6A0E23A}.Release|Any CPU.ActiveCfg = Release|Any CPU
		{018041E8-4344-4617-A025-8A98A6A0E23A}.Release|Any CPU.Build.0 = Release|Any CPU
		{018041E8-4344-4617-A025-8A98A6A0E23A}.Release|x64.ActiveCfg = Release|Any CPU
		{018041E8-4344-4617-A025-8A98A6A0E23A}.Release|x64.Build.0 = Release|Any CPU
		{018041E8-4344-4617-A025-8A98A6A0E23A}.Release|x86.ActiveCfg = Release|Any CPU
		{018041E8-4344-4617-A025-8A98A6A0E23A}.Release|x86.Build.0 = Release|Any CPU
		{C3DA386F-2035-4FC0-B14D-5445ACE60207}.Debug|Any CPU.ActiveCfg = Debug|Any CPU
		{C3DA386F-2035-4FC0-B14D-5445ACE60207}.Debug|Any CPU.Build.0 = Debug|Any CPU
		{C3DA386F-2035-4FC0-B14D-5445ACE60207}.Debug|x64.ActiveCfg = Debug|Any CPU
		{C3DA386F-2035-4FC0-B14D-5445ACE60207}.Debug|x64.Build.0 = Debug|Any CPU
		{C3DA386F-2035-4FC0-B14D-5445ACE60207}.Debug|x86.ActiveCfg = Debug|Any CPU
		{C3DA386F-2035-4FC0-B14D-5445ACE60207}.Debug|x86.Build.0 = Debug|Any CPU
		{C3DA386F-2035-4FC0-B14D-5445ACE60207}.Release|Any CPU.ActiveCfg = Release|Any CPU
		{C3DA386F-2035-4FC0-B14D-5445ACE60207}.Release|Any CPU.Build.0 = Release|Any CPU
		{C3DA386F-2035-4FC0-B14D-5445ACE60207}.Release|x64.ActiveCfg = Release|Any CPU
		{C3DA386F-2035-4FC0-B14D-5445ACE60207}.Release|x64.Build.0 = Release|Any CPU
		{C3DA386F-2035-4FC0-B14D-5445ACE60207}.Release|x86.ActiveCfg = Release|Any CPU
		{C3DA386F-2035-4FC0-B14D-5445ACE60207}.Release|x86.Build.0 = Release|Any CPU
		{4B396CDC-F466-467D-A516-92B732A61D13}.Debug|Any CPU.ActiveCfg = Debug|Any CPU
		{4B396CDC-F466-467D-A516-92B732A61D13}.Debug|Any CPU.Build.0 = Debug|Any CPU
		{4B396CDC-F466-467D-A516-92B732A61D13}.Debug|x64.ActiveCfg = Debug|Any CPU
		{4B396CDC-F466-467D-A516-92B732A61D13}.Debug|x64.Build.0 = Debug|Any CPU
		{4B396CDC-F466-467D-A516-92B732A61D13}.Debug|x86.ActiveCfg = Debug|Any CPU
		{4B396CDC-F466-467D-A516-92B732A61D13}.Debug|x86.Build.0 = Debug|Any CPU
		{4B396CDC-F466-467D-A516-92B732A61D13}.Release|Any CPU.ActiveCfg = Release|Any CPU
		{4B396CDC-F466-467D-A516-92B732A61D13}.Release|Any CPU.Build.0 = Release|Any CPU
		{4B396CDC-F466-467D-A516-92B732A61D13}.Release|x64.ActiveCfg = Release|Any CPU
		{4B396CDC-F466-467D-A516-92B732A61D13}.Release|x64.Build.0 = Release|Any CPU
		{4B396CDC-F466-467D-A516-92B732A61D13}.Release|x86.ActiveCfg = Release|Any CPU
		{4B396CDC-F466-467D-A516-92B732A61D13}.Release|x86.Build.0 = Release|Any CPU
		{D4602A24-A34E-4DE1-B23C-A92E84989C72}.Debug|Any CPU.ActiveCfg = Debug|Any CPU
		{D4602A24-A34E-4DE1-B23C-A92E84989C72}.Debug|Any CPU.Build.0 = Debug|Any CPU
		{D4602A24-A34E-4DE1-B23C-A92E84989C72}.Debug|x64.ActiveCfg = Debug|Any CPU
		{D4602A24-A34E-4DE1-B23C-A92E84989C72}.Debug|x64.Build.0 = Debug|Any CPU
		{D4602A24-A34E-4DE1-B23C-A92E84989C72}.Debug|x86.ActiveCfg = Debug|Any CPU
		{D4602A24-A34E-4DE1-B23C-A92E84989C72}.Debug|x86.Build.0 = Debug|Any CPU
		{D4602A24-A34E-4DE1-B23C-A92E84989C72}.Release|Any CPU.ActiveCfg = Release|Any CPU
		{D4602A24-A34E-4DE1-B23C-A92E84989C72}.Release|Any CPU.Build.0 = Release|Any CPU
		{D4602A24-A34E-4DE1-B23C-A92E84989C72}.Release|x64.ActiveCfg = Release|Any CPU
		{D4602A24-A34E-4DE1-B23C-A92E84989C72}.Release|x64.Build.0 = Release|Any CPU
		{D4602A24-A34E-4DE1-B23C-A92E84989C72}.Release|x86.ActiveCfg = Release|Any CPU
		{D4602A24-A34E-4DE1-B23C-A92E84989C72}.Release|x86.Build.0 = Release|Any CPU
		{E67B5361-0BC3-4EDC-A0FB-F7E58DEC9F25}.Debug|Any CPU.ActiveCfg = Debug|Any CPU
		{E67B5361-0BC3-4EDC-A0FB-F7E58DEC9F25}.Debug|Any CPU.Build.0 = Debug|Any CPU
		{E67B5361-0BC3-4EDC-A0FB-F7E58DEC9F25}.Debug|x64.ActiveCfg = Debug|Any CPU
		{E67B5361-0BC3-4EDC-A0FB-F7E58DEC9F25}.Debug|x64.Build.0 = Debug|Any CPU
		{E67B5361-0BC3-4EDC-A0FB-F7E58DEC9F25}.Debug|x86.ActiveCfg = Debug|Any CPU
		{E67B5361-0BC3-4EDC-A0FB-F7E58DEC9F25}.Debug|x86.Build.0 = Debug|Any CPU
		{E67B5361-0BC3-4EDC-A0FB-F7E58DEC9F25}.Release|Any CPU.ActiveCfg = Release|Any CPU
		{E67B5361-0BC3-4EDC-A0FB-F7E58DEC9F25}.Release|Any CPU.Build.0 = Release|Any CPU
		{E67B5361-0BC3-4EDC-A0FB-F7E58DEC9F25}.Release|x64.ActiveCfg = Release|Any CPU
		{E67B5361-0BC3-4EDC-A0FB-F7E58DEC9F25}.Release|x64.Build.0 = Release|Any CPU
		{E67B5361-0BC3-4EDC-A0FB-F7E58DEC9F25}.Release|x86.ActiveCfg = Release|Any CPU
		{E67B5361-0BC3-4EDC-A0FB-F7E58DEC9F25}.Release|x86.Build.0 = Release|Any CPU
		{68B00A31-E20F-4974-B808-BCF07E31AC9C}.Debug|Any CPU.ActiveCfg = Debug|Any CPU
		{68B00A31-E20F-4974-B808-BCF07E31AC9C}.Debug|Any CPU.Build.0 = Debug|Any CPU
		{68B00A31-E20F-4974-B808-BCF07E31AC9C}.Debug|x64.ActiveCfg = Debug|Any CPU
		{68B00A31-E20F-4974-B808-BCF07E31AC9C}.Debug|x64.Build.0 = Debug|Any CPU
		{68B00A31-E20F-4974-B808-BCF07E31AC9C}.Debug|x86.ActiveCfg = Debug|Any CPU
		{68B00A31-E20F-4974-B808-BCF07E31AC9C}.Debug|x86.Build.0 = Debug|Any CPU
		{68B00A31-E20F-4974-B808-BCF07E31AC9C}.Release|Any CPU.ActiveCfg = Release|Any CPU
		{68B00A31-E20F-4974-B808-BCF07E31AC9C}.Release|Any CPU.Build.0 = Release|Any CPU
		{68B00A31-E20F-4974-B808-BCF07E31AC9C}.Release|x64.ActiveCfg = Release|Any CPU
		{68B00A31-E20F-4974-B808-BCF07E31AC9C}.Release|x64.Build.0 = Release|Any CPU
		{68B00A31-E20F-4974-B808-BCF07E31AC9C}.Release|x86.ActiveCfg = Release|Any CPU
		{68B00A31-E20F-4974-B808-BCF07E31AC9C}.Release|x86.Build.0 = Release|Any CPU
		{4BCEE49A-08B3-42AD-8329-E1D5EBFA4E41}.Debug|Any CPU.ActiveCfg = Debug|Any CPU
		{4BCEE49A-08B3-42AD-8329-E1D5EBFA4E41}.Debug|Any CPU.Build.0 = Debug|Any CPU
		{4BCEE49A-08B3-42AD-8329-E1D5EBFA4E41}.Debug|x64.ActiveCfg = Debug|Any CPU
		{4BCEE49A-08B3-42AD-8329-E1D5EBFA4E41}.Debug|x64.Build.0 = Debug|Any CPU
		{4BCEE49A-08B3-42AD-8329-E1D5EBFA4E41}.Debug|x86.ActiveCfg = Debug|Any CPU
		{4BCEE49A-08B3-42AD-8329-E1D5EBFA4E41}.Debug|x86.Build.0 = Debug|Any CPU
		{4BCEE49A-08B3-42AD-8329-E1D5EBFA4E41}.Release|Any CPU.ActiveCfg = Release|Any CPU
		{4BCEE49A-08B3-42AD-8329-E1D5EBFA4E41}.Release|Any CPU.Build.0 = Release|Any CPU
		{4BCEE49A-08B3-42AD-8329-E1D5EBFA4E41}.Release|x64.ActiveCfg = Release|Any CPU
		{4BCEE49A-08B3-42AD-8329-E1D5EBFA4E41}.Release|x64.Build.0 = Release|Any CPU
		{4BCEE49A-08B3-42AD-8329-E1D5EBFA4E41}.Release|x86.ActiveCfg = Release|Any CPU
		{4BCEE49A-08B3-42AD-8329-E1D5EBFA4E41}.Release|x86.Build.0 = Release|Any CPU
		{B3880254-74C5-4B5D-9CAF-53385119ACD2}.Debug|Any CPU.ActiveCfg = Debug|Any CPU
		{B3880254-74C5-4B5D-9CAF-53385119ACD2}.Debug|Any CPU.Build.0 = Debug|Any CPU
		{B3880254-74C5-4B5D-9CAF-53385119ACD2}.Debug|x64.ActiveCfg = Debug|Any CPU
		{B3880254-74C5-4B5D-9CAF-53385119ACD2}.Debug|x64.Build.0 = Debug|Any CPU
		{B3880254-74C5-4B5D-9CAF-53385119ACD2}.Debug|x86.ActiveCfg = Debug|Any CPU
		{B3880254-74C5-4B5D-9CAF-53385119ACD2}.Debug|x86.Build.0 = Debug|Any CPU
		{B3880254-74C5-4B5D-9CAF-53385119ACD2}.Release|Any CPU.ActiveCfg = Release|Any CPU
		{B3880254-74C5-4B5D-9CAF-53385119ACD2}.Release|Any CPU.Build.0 = Release|Any CPU
		{B3880254-74C5-4B5D-9CAF-53385119ACD2}.Release|x64.ActiveCfg = Release|Any CPU
		{B3880254-74C5-4B5D-9CAF-53385119ACD2}.Release|x64.Build.0 = Release|Any CPU
		{B3880254-74C5-4B5D-9CAF-53385119ACD2}.Release|x86.ActiveCfg = Release|Any CPU
		{B3880254-74C5-4B5D-9CAF-53385119ACD2}.Release|x86.Build.0 = Release|Any CPU
		{5B204C66-F408-4917-5D58-020B2DFA7349}.Debug|Any CPU.ActiveCfg = Debug|Any CPU
		{5B204C66-F408-4917-5D58-020B2DFA7349}.Debug|Any CPU.Build.0 = Debug|Any CPU
		{5B204C66-F408-4917-5D58-020B2DFA7349}.Debug|x64.ActiveCfg = Debug|Any CPU
		{5B204C66-F408-4917-5D58-020B2DFA7349}.Debug|x64.Build.0 = Debug|Any CPU
		{5B204C66-F408-4917-5D58-020B2DFA7349}.Debug|x86.ActiveCfg = Debug|Any CPU
		{5B204C66-F408-4917-5D58-020B2DFA7349}.Debug|x86.Build.0 = Debug|Any CPU
		{5B204C66-F408-4917-5D58-020B2DFA7349}.Release|Any CPU.ActiveCfg = Release|Any CPU
		{5B204C66-F408-4917-5D58-020B2DFA7349}.Release|Any CPU.Build.0 = Release|Any CPU
		{5B204C66-F408-4917-5D58-020B2DFA7349}.Release|x64.ActiveCfg = Release|Any CPU
		{5B204C66-F408-4917-5D58-020B2DFA7349}.Release|x64.Build.0 = Release|Any CPU
		{5B204C66-F408-4917-5D58-020B2DFA7349}.Release|x86.ActiveCfg = Release|Any CPU
		{5B204C66-F408-4917-5D58-020B2DFA7349}.Release|x86.Build.0 = Release|Any CPU
		{FC95DE96-C85B-6B7A-03E5-88E22556E76E}.Debug|Any CPU.ActiveCfg = Debug|Any CPU
		{FC95DE96-C85B-6B7A-03E5-88E22556E76E}.Debug|Any CPU.Build.0 = Debug|Any CPU
		{FC95DE96-C85B-6B7A-03E5-88E22556E76E}.Debug|x64.ActiveCfg = Debug|Any CPU
		{FC95DE96-C85B-6B7A-03E5-88E22556E76E}.Debug|x64.Build.0 = Debug|Any CPU
		{FC95DE96-C85B-6B7A-03E5-88E22556E76E}.Debug|x86.ActiveCfg = Debug|Any CPU
		{FC95DE96-C85B-6B7A-03E5-88E22556E76E}.Debug|x86.Build.0 = Debug|Any CPU
		{FC95DE96-C85B-6B7A-03E5-88E22556E76E}.Release|Any CPU.ActiveCfg = Release|Any CPU
		{FC95DE96-C85B-6B7A-03E5-88E22556E76E}.Release|Any CPU.Build.0 = Release|Any CPU
		{FC95DE96-C85B-6B7A-03E5-88E22556E76E}.Release|x64.ActiveCfg = Release|Any CPU
		{FC95DE96-C85B-6B7A-03E5-88E22556E76E}.Release|x64.Build.0 = Release|Any CPU
		{FC95DE96-C85B-6B7A-03E5-88E22556E76E}.Release|x86.ActiveCfg = Release|Any CPU
		{FC95DE96-C85B-6B7A-03E5-88E22556E76E}.Release|x86.Build.0 = Release|Any CPU
		{7AEE07F5-EFFC-B2B8-912C-D6453B2B226A}.Debug|Any CPU.ActiveCfg = Debug|Any CPU
		{7AEE07F5-EFFC-B2B8-912C-D6453B2B226A}.Debug|Any CPU.Build.0 = Debug|Any CPU
		{7AEE07F5-EFFC-B2B8-912C-D6453B2B226A}.Debug|x64.ActiveCfg = Debug|Any CPU
		{7AEE07F5-EFFC-B2B8-912C-D6453B2B226A}.Debug|x64.Build.0 = Debug|Any CPU
		{7AEE07F5-EFFC-B2B8-912C-D6453B2B226A}.Debug|x86.ActiveCfg = Debug|Any CPU
		{7AEE07F5-EFFC-B2B8-912C-D6453B2B226A}.Debug|x86.Build.0 = Debug|Any CPU
		{7AEE07F5-EFFC-B2B8-912C-D6453B2B226A}.Release|Any CPU.ActiveCfg = Release|Any CPU
		{7AEE07F5-EFFC-B2B8-912C-D6453B2B226A}.Release|Any CPU.Build.0 = Release|Any CPU
		{7AEE07F5-EFFC-B2B8-912C-D6453B2B226A}.Release|x64.ActiveCfg = Release|Any CPU
		{7AEE07F5-EFFC-B2B8-912C-D6453B2B226A}.Release|x64.Build.0 = Release|Any CPU
		{7AEE07F5-EFFC-B2B8-912C-D6453B2B226A}.Release|x86.ActiveCfg = Release|Any CPU
		{7AEE07F5-EFFC-B2B8-912C-D6453B2B226A}.Release|x86.Build.0 = Release|Any CPU
		{6AD1D5B8-9E24-BE66-2574-17B09BF88571}.Debug|Any CPU.ActiveCfg = Debug|Any CPU
		{6AD1D5B8-9E24-BE66-2574-17B09BF88571}.Debug|Any CPU.Build.0 = Debug|Any CPU
		{6AD1D5B8-9E24-BE66-2574-17B09BF88571}.Debug|x64.ActiveCfg = Debug|Any CPU
		{6AD1D5B8-9E24-BE66-2574-17B09BF88571}.Debug|x64.Build.0 = Debug|Any CPU
		{6AD1D5B8-9E24-BE66-2574-17B09BF88571}.Debug|x86.ActiveCfg = Debug|Any CPU
		{6AD1D5B8-9E24-BE66-2574-17B09BF88571}.Debug|x86.Build.0 = Debug|Any CPU
		{6AD1D5B8-9E24-BE66-2574-17B09BF88571}.Release|Any CPU.ActiveCfg = Release|Any CPU
		{6AD1D5B8-9E24-BE66-2574-17B09BF88571}.Release|Any CPU.Build.0 = Release|Any CPU
		{6AD1D5B8-9E24-BE66-2574-17B09BF88571}.Release|x64.ActiveCfg = Release|Any CPU
		{6AD1D5B8-9E24-BE66-2574-17B09BF88571}.Release|x64.Build.0 = Release|Any CPU
		{6AD1D5B8-9E24-BE66-2574-17B09BF88571}.Release|x86.ActiveCfg = Release|Any CPU
		{6AD1D5B8-9E24-BE66-2574-17B09BF88571}.Release|x86.Build.0 = Release|Any CPU
		{2FE4C4E7-2914-87C8-EC16-500B358F23C4}.Debug|Any CPU.ActiveCfg = Debug|Any CPU
		{2FE4C4E7-2914-87C8-EC16-500B358F23C4}.Debug|Any CPU.Build.0 = Debug|Any CPU
		{2FE4C4E7-2914-87C8-EC16-500B358F23C4}.Debug|x64.ActiveCfg = Debug|Any CPU
		{2FE4C4E7-2914-87C8-EC16-500B358F23C4}.Debug|x64.Build.0 = Debug|Any CPU
		{2FE4C4E7-2914-87C8-EC16-500B358F23C4}.Debug|x86.ActiveCfg = Debug|Any CPU
		{2FE4C4E7-2914-87C8-EC16-500B358F23C4}.Debug|x86.Build.0 = Debug|Any CPU
		{2FE4C4E7-2914-87C8-EC16-500B358F23C4}.Release|Any CPU.ActiveCfg = Release|Any CPU
		{2FE4C4E7-2914-87C8-EC16-500B358F23C4}.Release|Any CPU.Build.0 = Release|Any CPU
		{2FE4C4E7-2914-87C8-EC16-500B358F23C4}.Release|x64.ActiveCfg = Release|Any CPU
		{2FE4C4E7-2914-87C8-EC16-500B358F23C4}.Release|x64.Build.0 = Release|Any CPU
		{2FE4C4E7-2914-87C8-EC16-500B358F23C4}.Release|x86.ActiveCfg = Release|Any CPU
		{2FE4C4E7-2914-87C8-EC16-500B358F23C4}.Release|x86.Build.0 = Release|Any CPU
		{5BEAB6B4-1AF5-76B2-744C-0AF16C926AC8}.Debug|Any CPU.ActiveCfg = Debug|Any CPU
		{5BEAB6B4-1AF5-76B2-744C-0AF16C926AC8}.Debug|Any CPU.Build.0 = Debug|Any CPU
		{5BEAB6B4-1AF5-76B2-744C-0AF16C926AC8}.Debug|x64.ActiveCfg = Debug|Any CPU
		{5BEAB6B4-1AF5-76B2-744C-0AF16C926AC8}.Debug|x64.Build.0 = Debug|Any CPU
		{5BEAB6B4-1AF5-76B2-744C-0AF16C926AC8}.Debug|x86.ActiveCfg = Debug|Any CPU
		{5BEAB6B4-1AF5-76B2-744C-0AF16C926AC8}.Debug|x86.Build.0 = Debug|Any CPU
		{5BEAB6B4-1AF5-76B2-744C-0AF16C926AC8}.Release|Any CPU.ActiveCfg = Release|Any CPU
		{5BEAB6B4-1AF5-76B2-744C-0AF16C926AC8}.Release|Any CPU.Build.0 = Release|Any CPU
		{5BEAB6B4-1AF5-76B2-744C-0AF16C926AC8}.Release|x64.ActiveCfg = Release|Any CPU
		{5BEAB6B4-1AF5-76B2-744C-0AF16C926AC8}.Release|x64.Build.0 = Release|Any CPU
		{5BEAB6B4-1AF5-76B2-744C-0AF16C926AC8}.Release|x86.ActiveCfg = Release|Any CPU
		{5BEAB6B4-1AF5-76B2-744C-0AF16C926AC8}.Release|x86.Build.0 = Release|Any CPU
		{6F001E19-B715-476E-28A9-D7D2C48DB19E}.Debug|Any CPU.ActiveCfg = Debug|Any CPU
		{6F001E19-B715-476E-28A9-D7D2C48DB19E}.Debug|Any CPU.Build.0 = Debug|Any CPU
		{6F001E19-B715-476E-28A9-D7D2C48DB19E}.Debug|x64.ActiveCfg = Debug|Any CPU
		{6F001E19-B715-476E-28A9-D7D2C48DB19E}.Debug|x64.Build.0 = Debug|Any CPU
		{6F001E19-B715-476E-28A9-D7D2C48DB19E}.Debug|x86.ActiveCfg = Debug|Any CPU
		{6F001E19-B715-476E-28A9-D7D2C48DB19E}.Debug|x86.Build.0 = Debug|Any CPU
		{6F001E19-B715-476E-28A9-D7D2C48DB19E}.Release|Any CPU.ActiveCfg = Release|Any CPU
		{6F001E19-B715-476E-28A9-D7D2C48DB19E}.Release|Any CPU.Build.0 = Release|Any CPU
		{6F001E19-B715-476E-28A9-D7D2C48DB19E}.Release|x64.ActiveCfg = Release|Any CPU
		{6F001E19-B715-476E-28A9-D7D2C48DB19E}.Release|x64.Build.0 = Release|Any CPU
		{6F001E19-B715-476E-28A9-D7D2C48DB19E}.Release|x86.ActiveCfg = Release|Any CPU
		{6F001E19-B715-476E-28A9-D7D2C48DB19E}.Release|x86.Build.0 = Release|Any CPU
		{FB9A9725-3FCE-C171-2173-3E40ECA76D7D}.Debug|Any CPU.ActiveCfg = Debug|Any CPU
		{FB9A9725-3FCE-C171-2173-3E40ECA76D7D}.Debug|Any CPU.Build.0 = Debug|Any CPU
		{FB9A9725-3FCE-C171-2173-3E40ECA76D7D}.Debug|x64.ActiveCfg = Debug|Any CPU
		{FB9A9725-3FCE-C171-2173-3E40ECA76D7D}.Debug|x64.Build.0 = Debug|Any CPU
		{FB9A9725-3FCE-C171-2173-3E40ECA76D7D}.Debug|x86.ActiveCfg = Debug|Any CPU
		{FB9A9725-3FCE-C171-2173-3E40ECA76D7D}.Debug|x86.Build.0 = Debug|Any CPU
		{FB9A9725-3FCE-C171-2173-3E40ECA76D7D}.Release|Any CPU.ActiveCfg = Release|Any CPU
		{FB9A9725-3FCE-C171-2173-3E40ECA76D7D}.Release|Any CPU.Build.0 = Release|Any CPU
		{FB9A9725-3FCE-C171-2173-3E40ECA76D7D}.Release|x64.ActiveCfg = Release|Any CPU
		{FB9A9725-3FCE-C171-2173-3E40ECA76D7D}.Release|x64.Build.0 = Release|Any CPU
		{FB9A9725-3FCE-C171-2173-3E40ECA76D7D}.Release|x86.ActiveCfg = Release|Any CPU
		{FB9A9725-3FCE-C171-2173-3E40ECA76D7D}.Release|x86.Build.0 = Release|Any CPU
		{69A33CB2-3F8F-B6AA-4C08-497B34D4ED51}.Debug|Any CPU.ActiveCfg = Debug|Any CPU
		{69A33CB2-3F8F-B6AA-4C08-497B34D4ED51}.Debug|Any CPU.Build.0 = Debug|Any CPU
		{69A33CB2-3F8F-B6AA-4C08-497B34D4ED51}.Debug|x64.ActiveCfg = Debug|Any CPU
		{69A33CB2-3F8F-B6AA-4C08-497B34D4ED51}.Debug|x64.Build.0 = Debug|Any CPU
		{69A33CB2-3F8F-B6AA-4C08-497B34D4ED51}.Debug|x86.ActiveCfg = Debug|Any CPU
		{69A33CB2-3F8F-B6AA-4C08-497B34D4ED51}.Debug|x86.Build.0 = Debug|Any CPU
		{69A33CB2-3F8F-B6AA-4C08-497B34D4ED51}.Release|Any CPU.ActiveCfg = Release|Any CPU
		{69A33CB2-3F8F-B6AA-4C08-497B34D4ED51}.Release|Any CPU.Build.0 = Release|Any CPU
		{69A33CB2-3F8F-B6AA-4C08-497B34D4ED51}.Release|x64.ActiveCfg = Release|Any CPU
		{69A33CB2-3F8F-B6AA-4C08-497B34D4ED51}.Release|x64.Build.0 = Release|Any CPU
		{69A33CB2-3F8F-B6AA-4C08-497B34D4ED51}.Release|x86.ActiveCfg = Release|Any CPU
		{69A33CB2-3F8F-B6AA-4C08-497B34D4ED51}.Release|x86.Build.0 = Release|Any CPU
		{5CD6F23C-DCE0-4A92-D704-FA8FBB927070}.Debug|Any CPU.ActiveCfg = Debug|Any CPU
		{5CD6F23C-DCE0-4A92-D704-FA8FBB927070}.Debug|Any CPU.Build.0 = Debug|Any CPU
		{5CD6F23C-DCE0-4A92-D704-FA8FBB927070}.Debug|x64.ActiveCfg = Debug|Any CPU
		{5CD6F23C-DCE0-4A92-D704-FA8FBB927070}.Debug|x64.Build.0 = Debug|Any CPU
		{5CD6F23C-DCE0-4A92-D704-FA8FBB927070}.Debug|x86.ActiveCfg = Debug|Any CPU
		{5CD6F23C-DCE0-4A92-D704-FA8FBB927070}.Debug|x86.Build.0 = Debug|Any CPU
		{5CD6F23C-DCE0-4A92-D704-FA8FBB927070}.Release|Any CPU.ActiveCfg = Release|Any CPU
		{5CD6F23C-DCE0-4A92-D704-FA8FBB927070}.Release|Any CPU.Build.0 = Release|Any CPU
		{5CD6F23C-DCE0-4A92-D704-FA8FBB927070}.Release|x64.ActiveCfg = Release|Any CPU
		{5CD6F23C-DCE0-4A92-D704-FA8FBB927070}.Release|x64.Build.0 = Release|Any CPU
		{5CD6F23C-DCE0-4A92-D704-FA8FBB927070}.Release|x86.ActiveCfg = Release|Any CPU
		{5CD6F23C-DCE0-4A92-D704-FA8FBB927070}.Release|x86.Build.0 = Release|Any CPU
		{AA0CC6F4-7636-17E8-9BAD-739CE4AE3674}.Debug|Any CPU.ActiveCfg = Debug|Any CPU
		{AA0CC6F4-7636-17E8-9BAD-739CE4AE3674}.Debug|Any CPU.Build.0 = Debug|Any CPU
		{AA0CC6F4-7636-17E8-9BAD-739CE4AE3674}.Debug|x64.ActiveCfg = Debug|Any CPU
		{AA0CC6F4-7636-17E8-9BAD-739CE4AE3674}.Debug|x64.Build.0 = Debug|Any CPU
		{AA0CC6F4-7636-17E8-9BAD-739CE4AE3674}.Debug|x86.ActiveCfg = Debug|Any CPU
		{AA0CC6F4-7636-17E8-9BAD-739CE4AE3674}.Debug|x86.Build.0 = Debug|Any CPU
		{AA0CC6F4-7636-17E8-9BAD-739CE4AE3674}.Release|Any CPU.ActiveCfg = Release|Any CPU
		{AA0CC6F4-7636-17E8-9BAD-739CE4AE3674}.Release|Any CPU.Build.0 = Release|Any CPU
		{AA0CC6F4-7636-17E8-9BAD-739CE4AE3674}.Release|x64.ActiveCfg = Release|Any CPU
		{AA0CC6F4-7636-17E8-9BAD-739CE4AE3674}.Release|x64.Build.0 = Release|Any CPU
		{AA0CC6F4-7636-17E8-9BAD-739CE4AE3674}.Release|x86.ActiveCfg = Release|Any CPU
		{AA0CC6F4-7636-17E8-9BAD-739CE4AE3674}.Release|x86.Build.0 = Release|Any CPU
		{A68F5CF4-7E28-0F4F-0DCF-F41B75ACE010}.Debug|Any CPU.ActiveCfg = Debug|Any CPU
		{A68F5CF4-7E28-0F4F-0DCF-F41B75ACE010}.Debug|Any CPU.Build.0 = Debug|Any CPU
		{A68F5CF4-7E28-0F4F-0DCF-F41B75ACE010}.Debug|x64.ActiveCfg = Debug|Any CPU
		{A68F5CF4-7E28-0F4F-0DCF-F41B75ACE010}.Debug|x64.Build.0 = Debug|Any CPU
		{A68F5CF4-7E28-0F4F-0DCF-F41B75ACE010}.Debug|x86.ActiveCfg = Debug|Any CPU
		{A68F5CF4-7E28-0F4F-0DCF-F41B75ACE010}.Debug|x86.Build.0 = Debug|Any CPU
		{A68F5CF4-7E28-0F4F-0DCF-F41B75ACE010}.Release|Any CPU.ActiveCfg = Release|Any CPU
		{A68F5CF4-7E28-0F4F-0DCF-F41B75ACE010}.Release|Any CPU.Build.0 = Release|Any CPU
		{A68F5CF4-7E28-0F4F-0DCF-F41B75ACE010}.Release|x64.ActiveCfg = Release|Any CPU
		{A68F5CF4-7E28-0F4F-0DCF-F41B75ACE010}.Release|x64.Build.0 = Release|Any CPU
		{A68F5CF4-7E28-0F4F-0DCF-F41B75ACE010}.Release|x86.ActiveCfg = Release|Any CPU
		{A68F5CF4-7E28-0F4F-0DCF-F41B75ACE010}.Release|x86.Build.0 = Release|Any CPU
		{E4A5611B-F09A-40FD-6D9D-C2AC17663177}.Debug|Any CPU.ActiveCfg = Debug|Any CPU
		{E4A5611B-F09A-40FD-6D9D-C2AC17663177}.Debug|Any CPU.Build.0 = Debug|Any CPU
		{E4A5611B-F09A-40FD-6D9D-C2AC17663177}.Debug|x64.ActiveCfg = Debug|Any CPU
		{E4A5611B-F09A-40FD-6D9D-C2AC17663177}.Debug|x64.Build.0 = Debug|Any CPU
		{E4A5611B-F09A-40FD-6D9D-C2AC17663177}.Debug|x86.ActiveCfg = Debug|Any CPU
		{E4A5611B-F09A-40FD-6D9D-C2AC17663177}.Debug|x86.Build.0 = Debug|Any CPU
		{E4A5611B-F09A-40FD-6D9D-C2AC17663177}.Release|Any CPU.ActiveCfg = Release|Any CPU
		{E4A5611B-F09A-40FD-6D9D-C2AC17663177}.Release|Any CPU.Build.0 = Release|Any CPU
		{E4A5611B-F09A-40FD-6D9D-C2AC17663177}.Release|x64.ActiveCfg = Release|Any CPU
		{E4A5611B-F09A-40FD-6D9D-C2AC17663177}.Release|x64.Build.0 = Release|Any CPU
		{E4A5611B-F09A-40FD-6D9D-C2AC17663177}.Release|x86.ActiveCfg = Release|Any CPU
		{E4A5611B-F09A-40FD-6D9D-C2AC17663177}.Release|x86.Build.0 = Release|Any CPU
		{E6761812-8FC4-D192-B9D0-9AECEC1A5388}.Debug|Any CPU.ActiveCfg = Debug|Any CPU
		{E6761812-8FC4-D192-B9D0-9AECEC1A5388}.Debug|Any CPU.Build.0 = Debug|Any CPU
		{E6761812-8FC4-D192-B9D0-9AECEC1A5388}.Debug|x64.ActiveCfg = Debug|Any CPU
		{E6761812-8FC4-D192-B9D0-9AECEC1A5388}.Debug|x64.Build.0 = Debug|Any CPU
		{E6761812-8FC4-D192-B9D0-9AECEC1A5388}.Debug|x86.ActiveCfg = Debug|Any CPU
		{E6761812-8FC4-D192-B9D0-9AECEC1A5388}.Debug|x86.Build.0 = Debug|Any CPU
		{E6761812-8FC4-D192-B9D0-9AECEC1A5388}.Release|Any CPU.ActiveCfg = Release|Any CPU
		{E6761812-8FC4-D192-B9D0-9AECEC1A5388}.Release|Any CPU.Build.0 = Release|Any CPU
		{E6761812-8FC4-D192-B9D0-9AECEC1A5388}.Release|x64.ActiveCfg = Release|Any CPU
		{E6761812-8FC4-D192-B9D0-9AECEC1A5388}.Release|x64.Build.0 = Release|Any CPU
		{E6761812-8FC4-D192-B9D0-9AECEC1A5388}.Release|x86.ActiveCfg = Release|Any CPU
		{E6761812-8FC4-D192-B9D0-9AECEC1A5388}.Release|x86.Build.0 = Release|Any CPU
		{CFE6A4BF-628F-6988-8FDE-7C1CCD5ADA6A}.Debug|Any CPU.ActiveCfg = Debug|Any CPU
		{CFE6A4BF-628F-6988-8FDE-7C1CCD5ADA6A}.Debug|Any CPU.Build.0 = Debug|Any CPU
		{CFE6A4BF-628F-6988-8FDE-7C1CCD5ADA6A}.Debug|x64.ActiveCfg = Debug|Any CPU
		{CFE6A4BF-628F-6988-8FDE-7C1CCD5ADA6A}.Debug|x64.Build.0 = Debug|Any CPU
		{CFE6A4BF-628F-6988-8FDE-7C1CCD5ADA6A}.Debug|x86.ActiveCfg = Debug|Any CPU
		{CFE6A4BF-628F-6988-8FDE-7C1CCD5ADA6A}.Debug|x86.Build.0 = Debug|Any CPU
		{CFE6A4BF-628F-6988-8FDE-7C1CCD5ADA6A}.Release|Any CPU.ActiveCfg = Release|Any CPU
		{CFE6A4BF-628F-6988-8FDE-7C1CCD5ADA6A}.Release|Any CPU.Build.0 = Release|Any CPU
		{CFE6A4BF-628F-6988-8FDE-7C1CCD5ADA6A}.Release|x64.ActiveCfg = Release|Any CPU
		{CFE6A4BF-628F-6988-8FDE-7C1CCD5ADA6A}.Release|x64.Build.0 = Release|Any CPU
		{CFE6A4BF-628F-6988-8FDE-7C1CCD5ADA6A}.Release|x86.ActiveCfg = Release|Any CPU
		{CFE6A4BF-628F-6988-8FDE-7C1CCD5ADA6A}.Release|x86.Build.0 = Release|Any CPU
		{3B42DDC8-9CE1-D822-BEEE-282B0E95BC85}.Debug|Any CPU.ActiveCfg = Debug|Any CPU
		{3B42DDC8-9CE1-D822-BEEE-282B0E95BC85}.Debug|Any CPU.Build.0 = Debug|Any CPU
		{3B42DDC8-9CE1-D822-BEEE-282B0E95BC85}.Debug|x64.ActiveCfg = Debug|Any CPU
		{3B42DDC8-9CE1-D822-BEEE-282B0E95BC85}.Debug|x64.Build.0 = Debug|Any CPU
		{3B42DDC8-9CE1-D822-BEEE-282B0E95BC85}.Debug|x86.ActiveCfg = Debug|Any CPU
		{3B42DDC8-9CE1-D822-BEEE-282B0E95BC85}.Debug|x86.Build.0 = Debug|Any CPU
		{3B42DDC8-9CE1-D822-BEEE-282B0E95BC85}.Release|Any CPU.ActiveCfg = Release|Any CPU
		{3B42DDC8-9CE1-D822-BEEE-282B0E95BC85}.Release|Any CPU.Build.0 = Release|Any CPU
		{3B42DDC8-9CE1-D822-BEEE-282B0E95BC85}.Release|x64.ActiveCfg = Release|Any CPU
		{3B42DDC8-9CE1-D822-BEEE-282B0E95BC85}.Release|x64.Build.0 = Release|Any CPU
		{3B42DDC8-9CE1-D822-BEEE-282B0E95BC85}.Release|x86.ActiveCfg = Release|Any CPU
		{3B42DDC8-9CE1-D822-BEEE-282B0E95BC85}.Release|x86.Build.0 = Release|Any CPU
		{9095ACA9-7913-E61B-5E44-926FF6F2C26D}.Debug|Any CPU.ActiveCfg = Debug|Any CPU
		{9095ACA9-7913-E61B-5E44-926FF6F2C26D}.Debug|Any CPU.Build.0 = Debug|Any CPU
		{9095ACA9-7913-E61B-5E44-926FF6F2C26D}.Debug|x64.ActiveCfg = Debug|Any CPU
		{9095ACA9-7913-E61B-5E44-926FF6F2C26D}.Debug|x64.Build.0 = Debug|Any CPU
		{9095ACA9-7913-E61B-5E44-926FF6F2C26D}.Debug|x86.ActiveCfg = Debug|Any CPU
		{9095ACA9-7913-E61B-5E44-926FF6F2C26D}.Debug|x86.Build.0 = Debug|Any CPU
		{9095ACA9-7913-E61B-5E44-926FF6F2C26D}.Release|Any CPU.ActiveCfg = Release|Any CPU
		{9095ACA9-7913-E61B-5E44-926FF6F2C26D}.Release|Any CPU.Build.0 = Release|Any CPU
		{9095ACA9-7913-E61B-5E44-926FF6F2C26D}.Release|x64.ActiveCfg = Release|Any CPU
		{9095ACA9-7913-E61B-5E44-926FF6F2C26D}.Release|x64.Build.0 = Release|Any CPU
		{9095ACA9-7913-E61B-5E44-926FF6F2C26D}.Release|x86.ActiveCfg = Release|Any CPU
		{9095ACA9-7913-E61B-5E44-926FF6F2C26D}.Release|x86.Build.0 = Release|Any CPU
		{5B3C2A30-7B74-2A61-99E4-DC952522BC03}.Debug|Any CPU.ActiveCfg = Debug|Any CPU
		{5B3C2A30-7B74-2A61-99E4-DC952522BC03}.Debug|Any CPU.Build.0 = Debug|Any CPU
		{5B3C2A30-7B74-2A61-99E4-DC952522BC03}.Debug|x64.ActiveCfg = Debug|Any CPU
		{5B3C2A30-7B74-2A61-99E4-DC952522BC03}.Debug|x64.Build.0 = Debug|Any CPU
		{5B3C2A30-7B74-2A61-99E4-DC952522BC03}.Debug|x86.ActiveCfg = Debug|Any CPU
		{5B3C2A30-7B74-2A61-99E4-DC952522BC03}.Debug|x86.Build.0 = Debug|Any CPU
		{5B3C2A30-7B74-2A61-99E4-DC952522BC03}.Release|Any CPU.ActiveCfg = Release|Any CPU
		{5B3C2A30-7B74-2A61-99E4-DC952522BC03}.Release|Any CPU.Build.0 = Release|Any CPU
		{5B3C2A30-7B74-2A61-99E4-DC952522BC03}.Release|x64.ActiveCfg = Release|Any CPU
		{5B3C2A30-7B74-2A61-99E4-DC952522BC03}.Release|x64.Build.0 = Release|Any CPU
		{5B3C2A30-7B74-2A61-99E4-DC952522BC03}.Release|x86.ActiveCfg = Release|Any CPU
		{5B3C2A30-7B74-2A61-99E4-DC952522BC03}.Release|x86.Build.0 = Release|Any CPU
		{0C803E7F-D2AE-18A8-AFCC-3E3CE58EF23E}.Debug|Any CPU.ActiveCfg = Debug|Any CPU
		{0C803E7F-D2AE-18A8-AFCC-3E3CE58EF23E}.Debug|Any CPU.Build.0 = Debug|Any CPU
		{0C803E7F-D2AE-18A8-AFCC-3E3CE58EF23E}.Debug|x64.ActiveCfg = Debug|Any CPU
		{0C803E7F-D2AE-18A8-AFCC-3E3CE58EF23E}.Debug|x64.Build.0 = Debug|Any CPU
		{0C803E7F-D2AE-18A8-AFCC-3E3CE58EF23E}.Debug|x86.ActiveCfg = Debug|Any CPU
		{0C803E7F-D2AE-18A8-AFCC-3E3CE58EF23E}.Debug|x86.Build.0 = Debug|Any CPU
		{0C803E7F-D2AE-18A8-AFCC-3E3CE58EF23E}.Release|Any CPU.ActiveCfg = Release|Any CPU
		{0C803E7F-D2AE-18A8-AFCC-3E3CE58EF23E}.Release|Any CPU.Build.0 = Release|Any CPU
		{0C803E7F-D2AE-18A8-AFCC-3E3CE58EF23E}.Release|x64.ActiveCfg = Release|Any CPU
		{0C803E7F-D2AE-18A8-AFCC-3E3CE58EF23E}.Release|x64.Build.0 = Release|Any CPU
		{0C803E7F-D2AE-18A8-AFCC-3E3CE58EF23E}.Release|x86.ActiveCfg = Release|Any CPU
		{0C803E7F-D2AE-18A8-AFCC-3E3CE58EF23E}.Release|x86.Build.0 = Release|Any CPU
		{F8E4418E-FFE5-05C6-216B-2A6F5B3D5FC1}.Debug|Any CPU.ActiveCfg = Debug|Any CPU
		{F8E4418E-FFE5-05C6-216B-2A6F5B3D5FC1}.Debug|Any CPU.Build.0 = Debug|Any CPU
		{F8E4418E-FFE5-05C6-216B-2A6F5B3D5FC1}.Debug|x64.ActiveCfg = Debug|Any CPU
		{F8E4418E-FFE5-05C6-216B-2A6F5B3D5FC1}.Debug|x64.Build.0 = Debug|Any CPU
		{F8E4418E-FFE5-05C6-216B-2A6F5B3D5FC1}.Debug|x86.ActiveCfg = Debug|Any CPU
		{F8E4418E-FFE5-05C6-216B-2A6F5B3D5FC1}.Debug|x86.Build.0 = Debug|Any CPU
		{F8E4418E-FFE5-05C6-216B-2A6F5B3D5FC1}.Release|Any CPU.ActiveCfg = Release|Any CPU
		{F8E4418E-FFE5-05C6-216B-2A6F5B3D5FC1}.Release|Any CPU.Build.0 = Release|Any CPU
		{F8E4418E-FFE5-05C6-216B-2A6F5B3D5FC1}.Release|x64.ActiveCfg = Release|Any CPU
		{F8E4418E-FFE5-05C6-216B-2A6F5B3D5FC1}.Release|x64.Build.0 = Release|Any CPU
		{F8E4418E-FFE5-05C6-216B-2A6F5B3D5FC1}.Release|x86.ActiveCfg = Release|Any CPU
		{F8E4418E-FFE5-05C6-216B-2A6F5B3D5FC1}.Release|x86.Build.0 = Release|Any CPU
		{B3231BC7-8451-4966-88A4-08A516BFA3C5}.Debug|Any CPU.ActiveCfg = Debug|Any CPU
		{B3231BC7-8451-4966-88A4-08A516BFA3C5}.Debug|Any CPU.Build.0 = Debug|Any CPU
		{B3231BC7-8451-4966-88A4-08A516BFA3C5}.Debug|x64.ActiveCfg = Debug|Any CPU
		{B3231BC7-8451-4966-88A4-08A516BFA3C5}.Debug|x64.Build.0 = Debug|Any CPU
		{B3231BC7-8451-4966-88A4-08A516BFA3C5}.Debug|x86.ActiveCfg = Debug|Any CPU
		{B3231BC7-8451-4966-88A4-08A516BFA3C5}.Debug|x86.Build.0 = Debug|Any CPU
		{B3231BC7-8451-4966-88A4-08A516BFA3C5}.Release|Any CPU.ActiveCfg = Release|Any CPU
		{B3231BC7-8451-4966-88A4-08A516BFA3C5}.Release|Any CPU.Build.0 = Release|Any CPU
		{B3231BC7-8451-4966-88A4-08A516BFA3C5}.Release|x64.ActiveCfg = Release|Any CPU
		{B3231BC7-8451-4966-88A4-08A516BFA3C5}.Release|x64.Build.0 = Release|Any CPU
		{B3231BC7-8451-4966-88A4-08A516BFA3C5}.Release|x86.ActiveCfg = Release|Any CPU
		{B3231BC7-8451-4966-88A4-08A516BFA3C5}.Release|x86.Build.0 = Release|Any CPU
		{15384E84-D75E-491D-A6A1-544C250FD86E}.Debug|Any CPU.ActiveCfg = Debug|Any CPU
		{15384E84-D75E-491D-A6A1-544C250FD86E}.Debug|Any CPU.Build.0 = Debug|Any CPU
		{15384E84-D75E-491D-A6A1-544C250FD86E}.Debug|x64.ActiveCfg = Debug|Any CPU
		{15384E84-D75E-491D-A6A1-544C250FD86E}.Debug|x64.Build.0 = Debug|Any CPU
		{15384E84-D75E-491D-A6A1-544C250FD86E}.Debug|x86.ActiveCfg = Debug|Any CPU
		{15384E84-D75E-491D-A6A1-544C250FD86E}.Debug|x86.Build.0 = Debug|Any CPU
		{15384E84-D75E-491D-A6A1-544C250FD86E}.Release|Any CPU.ActiveCfg = Release|Any CPU
		{15384E84-D75E-491D-A6A1-544C250FD86E}.Release|Any CPU.Build.0 = Release|Any CPU
		{15384E84-D75E-491D-A6A1-544C250FD86E}.Release|x64.ActiveCfg = Release|Any CPU
		{15384E84-D75E-491D-A6A1-544C250FD86E}.Release|x64.Build.0 = Release|Any CPU
		{15384E84-D75E-491D-A6A1-544C250FD86E}.Release|x86.ActiveCfg = Release|Any CPU
		{15384E84-D75E-491D-A6A1-544C250FD86E}.Release|x86.Build.0 = Release|Any CPU
		{A9D26E3C-F571-49A5-A8DE-4FE1BE5AD3C0}.Debug|Any CPU.ActiveCfg = Debug|Any CPU
		{A9D26E3C-F571-49A5-A8DE-4FE1BE5AD3C0}.Debug|Any CPU.Build.0 = Debug|Any CPU
		{A9D26E3C-F571-49A5-A8DE-4FE1BE5AD3C0}.Debug|x64.ActiveCfg = Debug|Any CPU
		{A9D26E3C-F571-49A5-A8DE-4FE1BE5AD3C0}.Debug|x64.Build.0 = Debug|Any CPU
		{A9D26E3C-F571-49A5-A8DE-4FE1BE5AD3C0}.Debug|x86.ActiveCfg = Debug|Any CPU
		{A9D26E3C-F571-49A5-A8DE-4FE1BE5AD3C0}.Debug|x86.Build.0 = Debug|Any CPU
		{A9D26E3C-F571-49A5-A8DE-4FE1BE5AD3C0}.Release|Any CPU.ActiveCfg = Release|Any CPU
		{A9D26E3C-F571-49A5-A8DE-4FE1BE5AD3C0}.Release|Any CPU.Build.0 = Release|Any CPU
		{A9D26E3C-F571-49A5-A8DE-4FE1BE5AD3C0}.Release|x64.ActiveCfg = Release|Any CPU
		{A9D26E3C-F571-49A5-A8DE-4FE1BE5AD3C0}.Release|x64.Build.0 = Release|Any CPU
		{A9D26E3C-F571-49A5-A8DE-4FE1BE5AD3C0}.Release|x86.ActiveCfg = Release|Any CPU
		{A9D26E3C-F571-49A5-A8DE-4FE1BE5AD3C0}.Release|x86.Build.0 = Release|Any CPU
		{3EAEDE4C-51D2-4CDD-9422-1C4A4416C66F}.Debug|Any CPU.ActiveCfg = Debug|Any CPU
		{3EAEDE4C-51D2-4CDD-9422-1C4A4416C66F}.Debug|Any CPU.Build.0 = Debug|Any CPU
		{3EAEDE4C-51D2-4CDD-9422-1C4A4416C66F}.Debug|x64.ActiveCfg = Debug|Any CPU
		{3EAEDE4C-51D2-4CDD-9422-1C4A4416C66F}.Debug|x64.Build.0 = Debug|Any CPU
		{3EAEDE4C-51D2-4CDD-9422-1C4A4416C66F}.Debug|x86.ActiveCfg = Debug|Any CPU
		{3EAEDE4C-51D2-4CDD-9422-1C4A4416C66F}.Debug|x86.Build.0 = Debug|Any CPU
		{3EAEDE4C-51D2-4CDD-9422-1C4A4416C66F}.Release|Any CPU.ActiveCfg = Release|Any CPU
		{3EAEDE4C-51D2-4CDD-9422-1C4A4416C66F}.Release|Any CPU.Build.0 = Release|Any CPU
		{3EAEDE4C-51D2-4CDD-9422-1C4A4416C66F}.Release|x64.ActiveCfg = Release|Any CPU
		{3EAEDE4C-51D2-4CDD-9422-1C4A4416C66F}.Release|x64.Build.0 = Release|Any CPU
		{3EAEDE4C-51D2-4CDD-9422-1C4A4416C66F}.Release|x86.ActiveCfg = Release|Any CPU
		{3EAEDE4C-51D2-4CDD-9422-1C4A4416C66F}.Release|x86.Build.0 = Release|Any CPU
		{199B8A0A-3AC1-A36D-6494-539FDE2FE585}.Debug|Any CPU.ActiveCfg = Debug|Any CPU
		{199B8A0A-3AC1-A36D-6494-539FDE2FE585}.Debug|Any CPU.Build.0 = Debug|Any CPU
		{199B8A0A-3AC1-A36D-6494-539FDE2FE585}.Debug|x64.ActiveCfg = Debug|Any CPU
		{199B8A0A-3AC1-A36D-6494-539FDE2FE585}.Debug|x64.Build.0 = Debug|Any CPU
		{199B8A0A-3AC1-A36D-6494-539FDE2FE585}.Debug|x86.ActiveCfg = Debug|Any CPU
		{199B8A0A-3AC1-A36D-6494-539FDE2FE585}.Debug|x86.Build.0 = Debug|Any CPU
		{199B8A0A-3AC1-A36D-6494-539FDE2FE585}.Release|Any CPU.ActiveCfg = Release|Any CPU
		{199B8A0A-3AC1-A36D-6494-539FDE2FE585}.Release|Any CPU.Build.0 = Release|Any CPU
		{199B8A0A-3AC1-A36D-6494-539FDE2FE585}.Release|x64.ActiveCfg = Release|Any CPU
		{199B8A0A-3AC1-A36D-6494-539FDE2FE585}.Release|x64.Build.0 = Release|Any CPU
		{199B8A0A-3AC1-A36D-6494-539FDE2FE585}.Release|x86.ActiveCfg = Release|Any CPU
		{199B8A0A-3AC1-A36D-6494-539FDE2FE585}.Release|x86.Build.0 = Release|Any CPU
		{BA68C4EB-29AA-4ECA-A209-EA6B2F0B2D3E}.Debug|Any CPU.ActiveCfg = Debug|Any CPU
		{BA68C4EB-29AA-4ECA-A209-EA6B2F0B2D3E}.Debug|Any CPU.Build.0 = Debug|Any CPU
		{BA68C4EB-29AA-4ECA-A209-EA6B2F0B2D3E}.Debug|x64.ActiveCfg = Debug|Any CPU
		{BA68C4EB-29AA-4ECA-A209-EA6B2F0B2D3E}.Debug|x64.Build.0 = Debug|Any CPU
		{BA68C4EB-29AA-4ECA-A209-EA6B2F0B2D3E}.Debug|x86.ActiveCfg = Debug|Any CPU
		{BA68C4EB-29AA-4ECA-A209-EA6B2F0B2D3E}.Debug|x86.Build.0 = Debug|Any CPU
		{BA68C4EB-29AA-4ECA-A209-EA6B2F0B2D3E}.Release|Any CPU.ActiveCfg = Release|Any CPU
		{BA68C4EB-29AA-4ECA-A209-EA6B2F0B2D3E}.Release|Any CPU.Build.0 = Release|Any CPU
		{BA68C4EB-29AA-4ECA-A209-EA6B2F0B2D3E}.Release|x64.ActiveCfg = Release|Any CPU
		{BA68C4EB-29AA-4ECA-A209-EA6B2F0B2D3E}.Release|x64.Build.0 = Release|Any CPU
		{BA68C4EB-29AA-4ECA-A209-EA6B2F0B2D3E}.Release|x86.ActiveCfg = Release|Any CPU
		{BA68C4EB-29AA-4ECA-A209-EA6B2F0B2D3E}.Release|x86.Build.0 = Release|Any CPU
		{9124621C-BCC3-42F2-B959-14841FB4EFC5}.Debug|Any CPU.ActiveCfg = Debug|Any CPU
		{9124621C-BCC3-42F2-B959-14841FB4EFC5}.Debug|Any CPU.Build.0 = Debug|Any CPU
		{9124621C-BCC3-42F2-B959-14841FB4EFC5}.Debug|x64.ActiveCfg = Debug|Any CPU
		{9124621C-BCC3-42F2-B959-14841FB4EFC5}.Debug|x64.Build.0 = Debug|Any CPU
		{9124621C-BCC3-42F2-B959-14841FB4EFC5}.Debug|x86.ActiveCfg = Debug|Any CPU
		{9124621C-BCC3-42F2-B959-14841FB4EFC5}.Debug|x86.Build.0 = Debug|Any CPU
		{9124621C-BCC3-42F2-B959-14841FB4EFC5}.Release|Any CPU.ActiveCfg = Release|Any CPU
		{9124621C-BCC3-42F2-B959-14841FB4EFC5}.Release|Any CPU.Build.0 = Release|Any CPU
		{9124621C-BCC3-42F2-B959-14841FB4EFC5}.Release|x64.ActiveCfg = Release|Any CPU
		{9124621C-BCC3-42F2-B959-14841FB4EFC5}.Release|x64.Build.0 = Release|Any CPU
		{9124621C-BCC3-42F2-B959-14841FB4EFC5}.Release|x86.ActiveCfg = Release|Any CPU
		{9124621C-BCC3-42F2-B959-14841FB4EFC5}.Release|x86.Build.0 = Release|Any CPU
		{839BB71B-D479-4BD6-8603-C89A9A2A14CA}.Debug|Any CPU.ActiveCfg = Debug|Any CPU
		{839BB71B-D479-4BD6-8603-C89A9A2A14CA}.Debug|Any CPU.Build.0 = Debug|Any CPU
		{839BB71B-D479-4BD6-8603-C89A9A2A14CA}.Debug|x64.ActiveCfg = Debug|Any CPU
		{839BB71B-D479-4BD6-8603-C89A9A2A14CA}.Debug|x64.Build.0 = Debug|Any CPU
		{839BB71B-D479-4BD6-8603-C89A9A2A14CA}.Debug|x86.ActiveCfg = Debug|Any CPU
		{839BB71B-D479-4BD6-8603-C89A9A2A14CA}.Debug|x86.Build.0 = Debug|Any CPU
		{839BB71B-D479-4BD6-8603-C89A9A2A14CA}.Release|Any CPU.ActiveCfg = Release|Any CPU
		{839BB71B-D479-4BD6-8603-C89A9A2A14CA}.Release|Any CPU.Build.0 = Release|Any CPU
		{839BB71B-D479-4BD6-8603-C89A9A2A14CA}.Release|x64.ActiveCfg = Release|Any CPU
		{839BB71B-D479-4BD6-8603-C89A9A2A14CA}.Release|x64.Build.0 = Release|Any CPU
		{839BB71B-D479-4BD6-8603-C89A9A2A14CA}.Release|x86.ActiveCfg = Release|Any CPU
		{839BB71B-D479-4BD6-8603-C89A9A2A14CA}.Release|x86.Build.0 = Release|Any CPU
		{D4977576-421B-49B9-A9E4-C34001E9AC66}.Debug|Any CPU.ActiveCfg = Debug|Any CPU
		{D4977576-421B-49B9-A9E4-C34001E9AC66}.Debug|Any CPU.Build.0 = Debug|Any CPU
		{D4977576-421B-49B9-A9E4-C34001E9AC66}.Debug|x64.ActiveCfg = Debug|Any CPU
		{D4977576-421B-49B9-A9E4-C34001E9AC66}.Debug|x64.Build.0 = Debug|Any CPU
		{D4977576-421B-49B9-A9E4-C34001E9AC66}.Debug|x86.ActiveCfg = Debug|Any CPU
		{D4977576-421B-49B9-A9E4-C34001E9AC66}.Debug|x86.Build.0 = Debug|Any CPU
		{D4977576-421B-49B9-A9E4-C34001E9AC66}.Release|Any CPU.ActiveCfg = Release|Any CPU
		{D4977576-421B-49B9-A9E4-C34001E9AC66}.Release|Any CPU.Build.0 = Release|Any CPU
		{D4977576-421B-49B9-A9E4-C34001E9AC66}.Release|x64.ActiveCfg = Release|Any CPU
		{D4977576-421B-49B9-A9E4-C34001E9AC66}.Release|x64.Build.0 = Release|Any CPU
		{D4977576-421B-49B9-A9E4-C34001E9AC66}.Release|x86.ActiveCfg = Release|Any CPU
		{D4977576-421B-49B9-A9E4-C34001E9AC66}.Release|x86.Build.0 = Release|Any CPU
		{1722A640-542C-46F6-9682-69156C98A3A3}.Debug|Any CPU.ActiveCfg = Debug|Any CPU
		{1722A640-542C-46F6-9682-69156C98A3A3}.Debug|Any CPU.Build.0 = Debug|Any CPU
		{1722A640-542C-46F6-9682-69156C98A3A3}.Debug|x64.ActiveCfg = Debug|Any CPU
		{1722A640-542C-46F6-9682-69156C98A3A3}.Debug|x64.Build.0 = Debug|Any CPU
		{1722A640-542C-46F6-9682-69156C98A3A3}.Debug|x86.ActiveCfg = Debug|Any CPU
		{1722A640-542C-46F6-9682-69156C98A3A3}.Debug|x86.Build.0 = Debug|Any CPU
		{1722A640-542C-46F6-9682-69156C98A3A3}.Release|Any CPU.ActiveCfg = Release|Any CPU
		{1722A640-542C-46F6-9682-69156C98A3A3}.Release|Any CPU.Build.0 = Release|Any CPU
		{1722A640-542C-46F6-9682-69156C98A3A3}.Release|x64.ActiveCfg = Release|Any CPU
		{1722A640-542C-46F6-9682-69156C98A3A3}.Release|x64.Build.0 = Release|Any CPU
		{1722A640-542C-46F6-9682-69156C98A3A3}.Release|x86.ActiveCfg = Release|Any CPU
		{1722A640-542C-46F6-9682-69156C98A3A3}.Release|x86.Build.0 = Release|Any CPU
		{D05D9C11-C3D9-4011-A3D5-9F0E2BDAC10A}.Debug|Any CPU.ActiveCfg = Debug|Any CPU
		{D05D9C11-C3D9-4011-A3D5-9F0E2BDAC10A}.Debug|Any CPU.Build.0 = Debug|Any CPU
		{D05D9C11-C3D9-4011-A3D5-9F0E2BDAC10A}.Debug|x64.ActiveCfg = Debug|Any CPU
		{D05D9C11-C3D9-4011-A3D5-9F0E2BDAC10A}.Debug|x64.Build.0 = Debug|Any CPU
		{D05D9C11-C3D9-4011-A3D5-9F0E2BDAC10A}.Debug|x86.ActiveCfg = Debug|Any CPU
		{D05D9C11-C3D9-4011-A3D5-9F0E2BDAC10A}.Debug|x86.Build.0 = Debug|Any CPU
		{D05D9C11-C3D9-4011-A3D5-9F0E2BDAC10A}.Release|Any CPU.ActiveCfg = Release|Any CPU
		{D05D9C11-C3D9-4011-A3D5-9F0E2BDAC10A}.Release|Any CPU.Build.0 = Release|Any CPU
		{D05D9C11-C3D9-4011-A3D5-9F0E2BDAC10A}.Release|x64.ActiveCfg = Release|Any CPU
		{D05D9C11-C3D9-4011-A3D5-9F0E2BDAC10A}.Release|x64.Build.0 = Release|Any CPU
		{D05D9C11-C3D9-4011-A3D5-9F0E2BDAC10A}.Release|x86.ActiveCfg = Release|Any CPU
		{D05D9C11-C3D9-4011-A3D5-9F0E2BDAC10A}.Release|x86.Build.0 = Release|Any CPU
		{ADED466A-A4B1-43F3-8E74-EDF50F7DDF81}.Debug|Any CPU.ActiveCfg = Debug|Any CPU
		{ADED466A-A4B1-43F3-8E74-EDF50F7DDF81}.Debug|Any CPU.Build.0 = Debug|Any CPU
		{ADED466A-A4B1-43F3-8E74-EDF50F7DDF81}.Debug|x64.ActiveCfg = Debug|Any CPU
		{ADED466A-A4B1-43F3-8E74-EDF50F7DDF81}.Debug|x64.Build.0 = Debug|Any CPU
		{ADED466A-A4B1-43F3-8E74-EDF50F7DDF81}.Debug|x86.ActiveCfg = Debug|Any CPU
		{ADED466A-A4B1-43F3-8E74-EDF50F7DDF81}.Debug|x86.Build.0 = Debug|Any CPU
		{ADED466A-A4B1-43F3-8E74-EDF50F7DDF81}.Release|Any CPU.ActiveCfg = Release|Any CPU
		{ADED466A-A4B1-43F3-8E74-EDF50F7DDF81}.Release|Any CPU.Build.0 = Release|Any CPU
		{ADED466A-A4B1-43F3-8E74-EDF50F7DDF81}.Release|x64.ActiveCfg = Release|Any CPU
		{ADED466A-A4B1-43F3-8E74-EDF50F7DDF81}.Release|x64.Build.0 = Release|Any CPU
		{ADED466A-A4B1-43F3-8E74-EDF50F7DDF81}.Release|x86.ActiveCfg = Release|Any CPU
		{ADED466A-A4B1-43F3-8E74-EDF50F7DDF81}.Release|x86.Build.0 = Release|Any CPU
		{B89451D8-35E9-419F-80FE-2938F6F740F5}.Debug|Any CPU.ActiveCfg = Debug|Any CPU
		{B89451D8-35E9-419F-80FE-2938F6F740F5}.Debug|Any CPU.Build.0 = Debug|Any CPU
		{B89451D8-35E9-419F-80FE-2938F6F740F5}.Debug|x64.ActiveCfg = Debug|Any CPU
		{B89451D8-35E9-419F-80FE-2938F6F740F5}.Debug|x64.Build.0 = Debug|Any CPU
		{B89451D8-35E9-419F-80FE-2938F6F740F5}.Debug|x86.ActiveCfg = Debug|Any CPU
		{B89451D8-35E9-419F-80FE-2938F6F740F5}.Debug|x86.Build.0 = Debug|Any CPU
		{B89451D8-35E9-419F-80FE-2938F6F740F5}.Release|Any CPU.ActiveCfg = Release|Any CPU
		{B89451D8-35E9-419F-80FE-2938F6F740F5}.Release|Any CPU.Build.0 = Release|Any CPU
		{B89451D8-35E9-419F-80FE-2938F6F740F5}.Release|x64.ActiveCfg = Release|Any CPU
		{B89451D8-35E9-419F-80FE-2938F6F740F5}.Release|x64.Build.0 = Release|Any CPU
		{B89451D8-35E9-419F-80FE-2938F6F740F5}.Release|x86.ActiveCfg = Release|Any CPU
		{B89451D8-35E9-419F-80FE-2938F6F740F5}.Release|x86.Build.0 = Release|Any CPU
		{CCECDD6D-91B7-44FA-A4BD-82529915691F}.Debug|Any CPU.ActiveCfg = Debug|Any CPU
		{CCECDD6D-91B7-44FA-A4BD-82529915691F}.Debug|Any CPU.Build.0 = Debug|Any CPU
		{CCECDD6D-91B7-44FA-A4BD-82529915691F}.Debug|x64.ActiveCfg = Debug|Any CPU
		{CCECDD6D-91B7-44FA-A4BD-82529915691F}.Debug|x64.Build.0 = Debug|Any CPU
		{CCECDD6D-91B7-44FA-A4BD-82529915691F}.Debug|x86.ActiveCfg = Debug|Any CPU
		{CCECDD6D-91B7-44FA-A4BD-82529915691F}.Debug|x86.Build.0 = Debug|Any CPU
		{CCECDD6D-91B7-44FA-A4BD-82529915691F}.Release|Any CPU.ActiveCfg = Release|Any CPU
		{CCECDD6D-91B7-44FA-A4BD-82529915691F}.Release|Any CPU.Build.0 = Release|Any CPU
		{CCECDD6D-91B7-44FA-A4BD-82529915691F}.Release|x64.ActiveCfg = Release|Any CPU
		{CCECDD6D-91B7-44FA-A4BD-82529915691F}.Release|x64.Build.0 = Release|Any CPU
		{CCECDD6D-91B7-44FA-A4BD-82529915691F}.Release|x86.ActiveCfg = Release|Any CPU
		{CCECDD6D-91B7-44FA-A4BD-82529915691F}.Release|x86.Build.0 = Release|Any CPU
		{7D96F59C-699C-4D0C-B661-B8171BB59932}.Debug|Any CPU.ActiveCfg = Debug|Any CPU
		{7D96F59C-699C-4D0C-B661-B8171BB59932}.Debug|Any CPU.Build.0 = Debug|Any CPU
		{7D96F59C-699C-4D0C-B661-B8171BB59932}.Debug|x64.ActiveCfg = Debug|Any CPU
		{7D96F59C-699C-4D0C-B661-B8171BB59932}.Debug|x64.Build.0 = Debug|Any CPU
		{7D96F59C-699C-4D0C-B661-B8171BB59932}.Debug|x86.ActiveCfg = Debug|Any CPU
		{7D96F59C-699C-4D0C-B661-B8171BB59932}.Debug|x86.Build.0 = Debug|Any CPU
		{7D96F59C-699C-4D0C-B661-B8171BB59932}.Release|Any CPU.ActiveCfg = Release|Any CPU
		{7D96F59C-699C-4D0C-B661-B8171BB59932}.Release|Any CPU.Build.0 = Release|Any CPU
		{7D96F59C-699C-4D0C-B661-B8171BB59932}.Release|x64.ActiveCfg = Release|Any CPU
		{7D96F59C-699C-4D0C-B661-B8171BB59932}.Release|x64.Build.0 = Release|Any CPU
		{7D96F59C-699C-4D0C-B661-B8171BB59932}.Release|x86.ActiveCfg = Release|Any CPU
		{7D96F59C-699C-4D0C-B661-B8171BB59932}.Release|x86.Build.0 = Release|Any CPU
		{81F6E719-572A-0A74-92DA-4B47C3E349CD}.Debug|Any CPU.ActiveCfg = Debug|Any CPU
		{81F6E719-572A-0A74-92DA-4B47C3E349CD}.Debug|Any CPU.Build.0 = Debug|Any CPU
		{81F6E719-572A-0A74-92DA-4B47C3E349CD}.Debug|Any CPU.Deploy.0 = Debug|Any CPU
		{81F6E719-572A-0A74-92DA-4B47C3E349CD}.Debug|x64.ActiveCfg = Debug|Any CPU
		{81F6E719-572A-0A74-92DA-4B47C3E349CD}.Debug|x64.Build.0 = Debug|Any CPU
		{81F6E719-572A-0A74-92DA-4B47C3E349CD}.Debug|x86.ActiveCfg = Debug|Any CPU
		{81F6E719-572A-0A74-92DA-4B47C3E349CD}.Debug|x86.Build.0 = Debug|Any CPU
		{81F6E719-572A-0A74-92DA-4B47C3E349CD}.Release|Any CPU.ActiveCfg = Release|Any CPU
		{81F6E719-572A-0A74-92DA-4B47C3E349CD}.Release|Any CPU.Build.0 = Release|Any CPU
		{81F6E719-572A-0A74-92DA-4B47C3E349CD}.Release|x64.ActiveCfg = Release|Any CPU
		{81F6E719-572A-0A74-92DA-4B47C3E349CD}.Release|x64.Build.0 = Release|Any CPU
		{81F6E719-572A-0A74-92DA-4B47C3E349CD}.Release|x86.ActiveCfg = Release|Any CPU
		{81F6E719-572A-0A74-92DA-4B47C3E349CD}.Release|x86.Build.0 = Release|Any CPU
		{36877061-5B7A-50C3-7B1E-86DAB8D37027}.Debug|Any CPU.ActiveCfg = Debug|Any CPU
		{36877061-5B7A-50C3-7B1E-86DAB8D37027}.Debug|Any CPU.Build.0 = Debug|Any CPU
		{36877061-5B7A-50C3-7B1E-86DAB8D37027}.Debug|x64.ActiveCfg = Debug|Any CPU
		{36877061-5B7A-50C3-7B1E-86DAB8D37027}.Debug|x64.Build.0 = Debug|Any CPU
		{36877061-5B7A-50C3-7B1E-86DAB8D37027}.Debug|x86.ActiveCfg = Debug|Any CPU
		{36877061-5B7A-50C3-7B1E-86DAB8D37027}.Debug|x86.Build.0 = Debug|Any CPU
		{36877061-5B7A-50C3-7B1E-86DAB8D37027}.Release|Any CPU.ActiveCfg = Release|Any CPU
		{36877061-5B7A-50C3-7B1E-86DAB8D37027}.Release|Any CPU.Build.0 = Release|Any CPU
		{36877061-5B7A-50C3-7B1E-86DAB8D37027}.Release|x64.ActiveCfg = Release|Any CPU
		{36877061-5B7A-50C3-7B1E-86DAB8D37027}.Release|x64.Build.0 = Release|Any CPU
		{36877061-5B7A-50C3-7B1E-86DAB8D37027}.Release|x86.ActiveCfg = Release|Any CPU
		{36877061-5B7A-50C3-7B1E-86DAB8D37027}.Release|x86.Build.0 = Release|Any CPU
		{D0B0AD65-F217-2040-52AA-009CDC25CDE8}.Debug|Any CPU.ActiveCfg = Debug|Any CPU
		{D0B0AD65-F217-2040-52AA-009CDC25CDE8}.Debug|Any CPU.Build.0 = Debug|Any CPU
		{D0B0AD65-F217-2040-52AA-009CDC25CDE8}.Debug|x64.ActiveCfg = Debug|Any CPU
		{D0B0AD65-F217-2040-52AA-009CDC25CDE8}.Debug|x64.Build.0 = Debug|Any CPU
		{D0B0AD65-F217-2040-52AA-009CDC25CDE8}.Debug|x86.ActiveCfg = Debug|Any CPU
		{D0B0AD65-F217-2040-52AA-009CDC25CDE8}.Debug|x86.Build.0 = Debug|Any CPU
		{D0B0AD65-F217-2040-52AA-009CDC25CDE8}.Release|Any CPU.ActiveCfg = Release|Any CPU
		{D0B0AD65-F217-2040-52AA-009CDC25CDE8}.Release|Any CPU.Build.0 = Release|Any CPU
		{D0B0AD65-F217-2040-52AA-009CDC25CDE8}.Release|x64.ActiveCfg = Release|Any CPU
		{D0B0AD65-F217-2040-52AA-009CDC25CDE8}.Release|x64.Build.0 = Release|Any CPU
		{D0B0AD65-F217-2040-52AA-009CDC25CDE8}.Release|x86.ActiveCfg = Release|Any CPU
		{D0B0AD65-F217-2040-52AA-009CDC25CDE8}.Release|x86.Build.0 = Release|Any CPU
		{6FAA7141-E086-1A30-6556-878A2814B6C5}.Debug|Any CPU.ActiveCfg = Debug|Any CPU
		{6FAA7141-E086-1A30-6556-878A2814B6C5}.Debug|Any CPU.Build.0 = Debug|Any CPU
		{6FAA7141-E086-1A30-6556-878A2814B6C5}.Debug|x64.ActiveCfg = Debug|Any CPU
		{6FAA7141-E086-1A30-6556-878A2814B6C5}.Debug|x64.Build.0 = Debug|Any CPU
		{6FAA7141-E086-1A30-6556-878A2814B6C5}.Debug|x86.ActiveCfg = Debug|Any CPU
		{6FAA7141-E086-1A30-6556-878A2814B6C5}.Debug|x86.Build.0 = Debug|Any CPU
		{6FAA7141-E086-1A30-6556-878A2814B6C5}.Release|Any CPU.ActiveCfg = Release|Any CPU
		{6FAA7141-E086-1A30-6556-878A2814B6C5}.Release|Any CPU.Build.0 = Release|Any CPU
		{6FAA7141-E086-1A30-6556-878A2814B6C5}.Release|x64.ActiveCfg = Release|Any CPU
		{6FAA7141-E086-1A30-6556-878A2814B6C5}.Release|x64.Build.0 = Release|Any CPU
		{6FAA7141-E086-1A30-6556-878A2814B6C5}.Release|x86.ActiveCfg = Release|Any CPU
		{6FAA7141-E086-1A30-6556-878A2814B6C5}.Release|x86.Build.0 = Release|Any CPU
		{12980764-94BB-9F27-F5C7-DD371C43E4C3}.Debug|Any CPU.ActiveCfg = Debug|Any CPU
		{12980764-94BB-9F27-F5C7-DD371C43E4C3}.Debug|Any CPU.Build.0 = Debug|Any CPU
		{12980764-94BB-9F27-F5C7-DD371C43E4C3}.Debug|x64.ActiveCfg = Debug|Any CPU
		{12980764-94BB-9F27-F5C7-DD371C43E4C3}.Debug|x64.Build.0 = Debug|Any CPU
		{12980764-94BB-9F27-F5C7-DD371C43E4C3}.Debug|x86.ActiveCfg = Debug|Any CPU
		{12980764-94BB-9F27-F5C7-DD371C43E4C3}.Debug|x86.Build.0 = Debug|Any CPU
		{12980764-94BB-9F27-F5C7-DD371C43E4C3}.Release|Any CPU.ActiveCfg = Release|Any CPU
		{12980764-94BB-9F27-F5C7-DD371C43E4C3}.Release|Any CPU.Build.0 = Release|Any CPU
		{12980764-94BB-9F27-F5C7-DD371C43E4C3}.Release|x64.ActiveCfg = Release|Any CPU
		{12980764-94BB-9F27-F5C7-DD371C43E4C3}.Release|x64.Build.0 = Release|Any CPU
		{12980764-94BB-9F27-F5C7-DD371C43E4C3}.Release|x86.ActiveCfg = Release|Any CPU
		{12980764-94BB-9F27-F5C7-DD371C43E4C3}.Release|x86.Build.0 = Release|Any CPU
		{11D5A7F1-D3A2-77C2-FCEE-FFB7C806BD36}.Debug|Any CPU.ActiveCfg = Debug|Any CPU
		{11D5A7F1-D3A2-77C2-FCEE-FFB7C806BD36}.Debug|Any CPU.Build.0 = Debug|Any CPU
		{11D5A7F1-D3A2-77C2-FCEE-FFB7C806BD36}.Debug|x64.ActiveCfg = Debug|Any CPU
		{11D5A7F1-D3A2-77C2-FCEE-FFB7C806BD36}.Debug|x64.Build.0 = Debug|Any CPU
		{11D5A7F1-D3A2-77C2-FCEE-FFB7C806BD36}.Debug|x86.ActiveCfg = Debug|Any CPU
		{11D5A7F1-D3A2-77C2-FCEE-FFB7C806BD36}.Debug|x86.Build.0 = Debug|Any CPU
		{11D5A7F1-D3A2-77C2-FCEE-FFB7C806BD36}.Release|Any CPU.ActiveCfg = Release|Any CPU
		{11D5A7F1-D3A2-77C2-FCEE-FFB7C806BD36}.Release|Any CPU.Build.0 = Release|Any CPU
		{11D5A7F1-D3A2-77C2-FCEE-FFB7C806BD36}.Release|x64.ActiveCfg = Release|Any CPU
		{11D5A7F1-D3A2-77C2-FCEE-FFB7C806BD36}.Release|x64.Build.0 = Release|Any CPU
		{11D5A7F1-D3A2-77C2-FCEE-FFB7C806BD36}.Release|x86.ActiveCfg = Release|Any CPU
		{11D5A7F1-D3A2-77C2-FCEE-FFB7C806BD36}.Release|x86.Build.0 = Release|Any CPU
		{D57F401E-F6CD-9299-0E9A-D489AFD6D7C6}.Debug|Any CPU.ActiveCfg = Debug|Any CPU
		{D57F401E-F6CD-9299-0E9A-D489AFD6D7C6}.Debug|Any CPU.Build.0 = Debug|Any CPU
		{D57F401E-F6CD-9299-0E9A-D489AFD6D7C6}.Debug|x64.ActiveCfg = Debug|Any CPU
		{D57F401E-F6CD-9299-0E9A-D489AFD6D7C6}.Debug|x64.Build.0 = Debug|Any CPU
		{D57F401E-F6CD-9299-0E9A-D489AFD6D7C6}.Debug|x86.ActiveCfg = Debug|Any CPU
		{D57F401E-F6CD-9299-0E9A-D489AFD6D7C6}.Debug|x86.Build.0 = Debug|Any CPU
		{D57F401E-F6CD-9299-0E9A-D489AFD6D7C6}.Release|Any CPU.ActiveCfg = Release|Any CPU
		{D57F401E-F6CD-9299-0E9A-D489AFD6D7C6}.Release|Any CPU.Build.0 = Release|Any CPU
		{D57F401E-F6CD-9299-0E9A-D489AFD6D7C6}.Release|x64.ActiveCfg = Release|Any CPU
		{D57F401E-F6CD-9299-0E9A-D489AFD6D7C6}.Release|x64.Build.0 = Release|Any CPU
		{D57F401E-F6CD-9299-0E9A-D489AFD6D7C6}.Release|x86.ActiveCfg = Release|Any CPU
		{D57F401E-F6CD-9299-0E9A-D489AFD6D7C6}.Release|x86.Build.0 = Release|Any CPU
		{E0B5D576-42DE-4816-9D57-936FFC31C40E}.Debug|Any CPU.ActiveCfg = Debug|Any CPU
		{E0B5D576-42DE-4816-9D57-936FFC31C40E}.Debug|Any CPU.Build.0 = Debug|Any CPU
		{E0B5D576-42DE-4816-9D57-936FFC31C40E}.Debug|x64.ActiveCfg = Debug|Any CPU
		{E0B5D576-42DE-4816-9D57-936FFC31C40E}.Debug|x64.Build.0 = Debug|Any CPU
		{E0B5D576-42DE-4816-9D57-936FFC31C40E}.Debug|x86.ActiveCfg = Debug|Any CPU
		{E0B5D576-42DE-4816-9D57-936FFC31C40E}.Debug|x86.Build.0 = Debug|Any CPU
		{E0B5D576-42DE-4816-9D57-936FFC31C40E}.Release|Any CPU.ActiveCfg = Release|Any CPU
		{E0B5D576-42DE-4816-9D57-936FFC31C40E}.Release|Any CPU.Build.0 = Release|Any CPU
		{E0B5D576-42DE-4816-9D57-936FFC31C40E}.Release|x64.ActiveCfg = Release|Any CPU
		{E0B5D576-42DE-4816-9D57-936FFC31C40E}.Release|x64.Build.0 = Release|Any CPU
		{E0B5D576-42DE-4816-9D57-936FFC31C40E}.Release|x86.ActiveCfg = Release|Any CPU
		{E0B5D576-42DE-4816-9D57-936FFC31C40E}.Release|x86.Build.0 = Release|Any CPU
		{B4E1D580-376F-4F20-9946-FA1F289A42FE}.Debug|Any CPU.ActiveCfg = Debug|Any CPU
		{B4E1D580-376F-4F20-9946-FA1F289A42FE}.Debug|Any CPU.Build.0 = Debug|Any CPU
		{B4E1D580-376F-4F20-9946-FA1F289A42FE}.Debug|x64.ActiveCfg = Debug|Any CPU
		{B4E1D580-376F-4F20-9946-FA1F289A42FE}.Debug|x64.Build.0 = Debug|Any CPU
		{B4E1D580-376F-4F20-9946-FA1F289A42FE}.Debug|x86.ActiveCfg = Debug|Any CPU
		{B4E1D580-376F-4F20-9946-FA1F289A42FE}.Debug|x86.Build.0 = Debug|Any CPU
		{B4E1D580-376F-4F20-9946-FA1F289A42FE}.Release|Any CPU.ActiveCfg = Release|Any CPU
		{B4E1D580-376F-4F20-9946-FA1F289A42FE}.Release|Any CPU.Build.0 = Release|Any CPU
		{B4E1D580-376F-4F20-9946-FA1F289A42FE}.Release|x64.ActiveCfg = Release|Any CPU
		{B4E1D580-376F-4F20-9946-FA1F289A42FE}.Release|x64.Build.0 = Release|Any CPU
		{B4E1D580-376F-4F20-9946-FA1F289A42FE}.Release|x86.ActiveCfg = Release|Any CPU
		{B4E1D580-376F-4F20-9946-FA1F289A42FE}.Release|x86.Build.0 = Release|Any CPU
		{00E18AA2-8919-48F6-9C0C-41D5B75D3BA1}.Debug|Any CPU.ActiveCfg = Debug|Any CPU
		{00E18AA2-8919-48F6-9C0C-41D5B75D3BA1}.Debug|Any CPU.Build.0 = Debug|Any CPU
		{00E18AA2-8919-48F6-9C0C-41D5B75D3BA1}.Debug|x64.ActiveCfg = Debug|Any CPU
		{00E18AA2-8919-48F6-9C0C-41D5B75D3BA1}.Debug|x64.Build.0 = Debug|Any CPU
		{00E18AA2-8919-48F6-9C0C-41D5B75D3BA1}.Debug|x86.ActiveCfg = Debug|Any CPU
		{00E18AA2-8919-48F6-9C0C-41D5B75D3BA1}.Debug|x86.Build.0 = Debug|Any CPU
		{00E18AA2-8919-48F6-9C0C-41D5B75D3BA1}.Release|Any CPU.ActiveCfg = Release|Any CPU
		{00E18AA2-8919-48F6-9C0C-41D5B75D3BA1}.Release|Any CPU.Build.0 = Release|Any CPU
		{00E18AA2-8919-48F6-9C0C-41D5B75D3BA1}.Release|x64.ActiveCfg = Release|Any CPU
		{00E18AA2-8919-48F6-9C0C-41D5B75D3BA1}.Release|x64.Build.0 = Release|Any CPU
		{00E18AA2-8919-48F6-9C0C-41D5B75D3BA1}.Release|x86.ActiveCfg = Release|Any CPU
		{00E18AA2-8919-48F6-9C0C-41D5B75D3BA1}.Release|x86.Build.0 = Release|Any CPU
		{1009ABB6-7B72-4C74-AEB8-730B0101DDC5}.Debug|Any CPU.ActiveCfg = Debug|Any CPU
		{1009ABB6-7B72-4C74-AEB8-730B0101DDC5}.Debug|Any CPU.Build.0 = Debug|Any CPU
		{1009ABB6-7B72-4C74-AEB8-730B0101DDC5}.Debug|x64.ActiveCfg = Debug|Any CPU
		{1009ABB6-7B72-4C74-AEB8-730B0101DDC5}.Debug|x64.Build.0 = Debug|Any CPU
		{1009ABB6-7B72-4C74-AEB8-730B0101DDC5}.Debug|x86.ActiveCfg = Debug|Any CPU
		{1009ABB6-7B72-4C74-AEB8-730B0101DDC5}.Debug|x86.Build.0 = Debug|Any CPU
		{1009ABB6-7B72-4C74-AEB8-730B0101DDC5}.Release|Any CPU.ActiveCfg = Release|Any CPU
		{1009ABB6-7B72-4C74-AEB8-730B0101DDC5}.Release|Any CPU.Build.0 = Release|Any CPU
		{1009ABB6-7B72-4C74-AEB8-730B0101DDC5}.Release|x64.ActiveCfg = Release|Any CPU
		{1009ABB6-7B72-4C74-AEB8-730B0101DDC5}.Release|x64.Build.0 = Release|Any CPU
		{1009ABB6-7B72-4C74-AEB8-730B0101DDC5}.Release|x86.ActiveCfg = Release|Any CPU
		{1009ABB6-7B72-4C74-AEB8-730B0101DDC5}.Release|x86.Build.0 = Release|Any CPU
	EndGlobalSection
	GlobalSection(SolutionProperties) = preSolution
		HideSolutionNode = FALSE
	EndGlobalSection
	GlobalSection(NestedProjects) = preSolution
		{728C860F-665B-4636-9E6D-2117D6ABF73E} = {C8D5274F-AC00-46C7-1F8D-E88E81087A52}
		{08D6CD45-E389-E53F-BD96-06CD1D485935} = {BF419B98-22B4-458C-98A0-82780D7C9C70}
		{411985C1-1E6A-7FF3-E59B-3C4E2AF89E03} = {BF419B98-22B4-458C-98A0-82780D7C9C70}
		{F828372A-3856-ECF2-C07C-D85109E14964} = {BF419B98-22B4-458C-98A0-82780D7C9C70}
		{9A914F18-3D22-E4E0-01B6-FE7081070F5A} = {BF419B98-22B4-458C-98A0-82780D7C9C70}
		{5A1E076E-EF53-40AA-1ABB-676ECFAB1E72} = {BF419B98-22B4-458C-98A0-82780D7C9C70}
		{70D52319-B893-2BA1-1E3C-D3F1808D35A2} = {BF419B98-22B4-458C-98A0-82780D7C9C70}
		{2E4C4737-0BA2-36F2-3084-53CA3B549D87} = {BF419B98-22B4-458C-98A0-82780D7C9C70}
		{99BD1619-C35F-731A-60D3-8E29096D87B1} = {BF419B98-22B4-458C-98A0-82780D7C9C70}
		{2C99A6A5-B1D0-D179-0C35-3CD20B106B99} = {BF419B98-22B4-458C-98A0-82780D7C9C70}
		{A78E7391-7BCA-5A21-0131-EC36D6A3523C} = {BF419B98-22B4-458C-98A0-82780D7C9C70}
		{21A5E5BF-97EF-E24E-34AD-66BEE6B4BA45} = {BF419B98-22B4-458C-98A0-82780D7C9C70}
		{681F260A-A49B-A298-DADD-6D89CFF4E6DE} = {BF419B98-22B4-458C-98A0-82780D7C9C70}
		{A15B0636-6E5F-CB9F-8EAF-43CF9649B066} = {BF419B98-22B4-458C-98A0-82780D7C9C70}
		{5A206641-70A0-28C9-287C-67C4CB12AFA1} = {BF419B98-22B4-458C-98A0-82780D7C9C70}
		{953FE17B-C64E-4534-B89E-F26E0251AE80} = {664B3512-FBA2-4229-AEE0-EF3581E1BD80}
		{BE4B41B4-C597-464E-9398-79C9A68CE556} = {953FE17B-C64E-4534-B89E-F26E0251AE80}
		{E3D2E37E-6006-1FD7-6C4E-A90B16B729A3} = {BE4B41B4-C597-464E-9398-79C9A68CE556}
		{B01B449C-D820-4CEA-83B7-B93BD7B1BFE1} = {953FE17B-C64E-4534-B89E-F26E0251AE80}
		{402EB59B-FF24-4D5C-B9FF-52E54B5568DF} = {953FE17B-C64E-4534-B89E-F26E0251AE80}
		{14A07953-B6E4-4763-8B14-46CD4ED7651A} = {953FE17B-C64E-4534-B89E-F26E0251AE80}
		{8469D9A2-42AA-4A1F-32D0-4ED9E59F12C0} = {B01B449C-D820-4CEA-83B7-B93BD7B1BFE1}
		{018041E8-4344-4617-A025-8A98A6A0E23A} = {B01B449C-D820-4CEA-83B7-B93BD7B1BFE1}
		{D128386B-4735-4DAB-9182-49FFFE6BC07A} = {B01B449C-D820-4CEA-83B7-B93BD7B1BFE1}
		{C3DA386F-2035-4FC0-B14D-5445ACE60207} = {D128386B-4735-4DAB-9182-49FFFE6BC07A}
		{4B396CDC-F466-467D-A516-92B732A61D13} = {D128386B-4735-4DAB-9182-49FFFE6BC07A}
		{D4602A24-A34E-4DE1-B23C-A92E84989C72} = {D128386B-4735-4DAB-9182-49FFFE6BC07A}
		{E67B5361-0BC3-4EDC-A0FB-F7E58DEC9F25} = {D128386B-4735-4DAB-9182-49FFFE6BC07A}
		{68B00A31-E20F-4974-B808-BCF07E31AC9C} = {D128386B-4735-4DAB-9182-49FFFE6BC07A}
		{4BCEE49A-08B3-42AD-8329-E1D5EBFA4E41} = {D128386B-4735-4DAB-9182-49FFFE6BC07A}
		{B3880254-74C5-4B5D-9CAF-53385119ACD2} = {D128386B-4735-4DAB-9182-49FFFE6BC07A}
		{5B204C66-F408-4917-5D58-020B2DFA7349} = {BF419B98-22B4-458C-98A0-82780D7C9C70}
		{FC95DE96-C85B-6B7A-03E5-88E22556E76E} = {BF419B98-22B4-458C-98A0-82780D7C9C70}
		{7AEE07F5-EFFC-B2B8-912C-D6453B2B226A} = {BF419B98-22B4-458C-98A0-82780D7C9C70}
		{6AD1D5B8-9E24-BE66-2574-17B09BF88571} = {BF419B98-22B4-458C-98A0-82780D7C9C70}
		{2FE4C4E7-2914-87C8-EC16-500B358F23C4} = {BF419B98-22B4-458C-98A0-82780D7C9C70}
		{5BEAB6B4-1AF5-76B2-744C-0AF16C926AC8} = {BF419B98-22B4-458C-98A0-82780D7C9C70}
		{6F001E19-B715-476E-28A9-D7D2C48DB19E} = {BF419B98-22B4-458C-98A0-82780D7C9C70}
		{FB9A9725-3FCE-C171-2173-3E40ECA76D7D} = {BF419B98-22B4-458C-98A0-82780D7C9C70}
		{69A33CB2-3F8F-B6AA-4C08-497B34D4ED51} = {BF419B98-22B4-458C-98A0-82780D7C9C70}
		{5CD6F23C-DCE0-4A92-D704-FA8FBB927070} = {BF419B98-22B4-458C-98A0-82780D7C9C70}
		{AA0CC6F4-7636-17E8-9BAD-739CE4AE3674} = {BF419B98-22B4-458C-98A0-82780D7C9C70}
		{A68F5CF4-7E28-0F4F-0DCF-F41B75ACE010} = {BF419B98-22B4-458C-98A0-82780D7C9C70}
		{E4A5611B-F09A-40FD-6D9D-C2AC17663177} = {728C860F-665B-4636-9E6D-2117D6ABF73E}
		{E6761812-8FC4-D192-B9D0-9AECEC1A5388} = {BF419B98-22B4-458C-98A0-82780D7C9C70}
		{CFE6A4BF-628F-6988-8FDE-7C1CCD5ADA6A} = {BF419B98-22B4-458C-98A0-82780D7C9C70}
		{3B42DDC8-9CE1-D822-BEEE-282B0E95BC85} = {BF419B98-22B4-458C-98A0-82780D7C9C70}
		{9095ACA9-7913-E61B-5E44-926FF6F2C26D} = {BF419B98-22B4-458C-98A0-82780D7C9C70}
		{5B3C2A30-7B74-2A61-99E4-DC952522BC03} = {BF419B98-22B4-458C-98A0-82780D7C9C70}
		{0C803E7F-D2AE-18A8-AFCC-3E3CE58EF23E} = {BF419B98-22B4-458C-98A0-82780D7C9C70}
		{F8E4418E-FFE5-05C6-216B-2A6F5B3D5FC1} = {BF419B98-22B4-458C-98A0-82780D7C9C70}
		{B3231BC7-8451-4966-88A4-08A516BFA3C5} = {BF419B98-22B4-458C-98A0-82780D7C9C70}
		{15384E84-D75E-491D-A6A1-544C250FD86E} = {BF419B98-22B4-458C-98A0-82780D7C9C70}
		{A9D26E3C-F571-49A5-A8DE-4FE1BE5AD3C0} = {A5DB747D-0196-BF2A-61C5-1E07C0EC1F84}
		{3EAEDE4C-51D2-4CDD-9422-1C4A4416C66F} = {A5DB747D-0196-BF2A-61C5-1E07C0EC1F84}
		{199B8A0A-3AC1-A36D-6494-539FDE2FE585} = {728C860F-665B-4636-9E6D-2117D6ABF73E}
		{BA68C4EB-29AA-4ECA-A209-EA6B2F0B2D3E} = {BF419B98-22B4-458C-98A0-82780D7C9C70}
		{9124621C-BCC3-42F2-B959-14841FB4EFC5} = {BF419B98-22B4-458C-98A0-82780D7C9C70}
		{839BB71B-D479-4BD6-8603-C89A9A2A14CA} = {BF419B98-22B4-458C-98A0-82780D7C9C70}
		{D4977576-421B-49B9-A9E4-C34001E9AC66} = {BF419B98-22B4-458C-98A0-82780D7C9C70}
		{1722A640-542C-46F6-9682-69156C98A3A3} = {BF419B98-22B4-458C-98A0-82780D7C9C70}
		{D05D9C11-C3D9-4011-A3D5-9F0E2BDAC10A} = {BF419B98-22B4-458C-98A0-82780D7C9C70}
		{3C48C382-9EB3-596B-EC4A-0D04382D54FC} = {953FE17B-C64E-4534-B89E-F26E0251AE80}
		{ADED466A-A4B1-43F3-8E74-EDF50F7DDF81} = {3C48C382-9EB3-596B-EC4A-0D04382D54FC}
		{B89451D8-35E9-419F-80FE-2938F6F740F5} = {3C48C382-9EB3-596B-EC4A-0D04382D54FC}
		{CCECDD6D-91B7-44FA-A4BD-82529915691F} = {3C48C382-9EB3-596B-EC4A-0D04382D54FC}
		{7D96F59C-699C-4D0C-B661-B8171BB59932} = {3C48C382-9EB3-596B-EC4A-0D04382D54FC}
		{81F6E719-572A-0A74-92DA-4B47C3E349CD} = {3C48C382-9EB3-596B-EC4A-0D04382D54FC}
		{36877061-5B7A-50C3-7B1E-86DAB8D37027} = {BF419B98-22B4-458C-98A0-82780D7C9C70}
		{D0B0AD65-F217-2040-52AA-009CDC25CDE8} = {BF419B98-22B4-458C-98A0-82780D7C9C70}
		{6FAA7141-E086-1A30-6556-878A2814B6C5} = {BF419B98-22B4-458C-98A0-82780D7C9C70}
		{12980764-94BB-9F27-F5C7-DD371C43E4C3} = {BF419B98-22B4-458C-98A0-82780D7C9C70}
		{11D5A7F1-D3A2-77C2-FCEE-FFB7C806BD36} = {BF419B98-22B4-458C-98A0-82780D7C9C70}
		{D57F401E-F6CD-9299-0E9A-D489AFD6D7C6} = {BF419B98-22B4-458C-98A0-82780D7C9C70}
		{E0B5D576-42DE-4816-9D57-936FFC31C40E} = {728C860F-665B-4636-9E6D-2117D6ABF73E}
		{B4E1D580-376F-4F20-9946-FA1F289A42FE} = {728C860F-665B-4636-9E6D-2117D6ABF73E}
		{00E18AA2-8919-48F6-9C0C-41D5B75D3BA1} = {728C860F-665B-4636-9E6D-2117D6ABF73E}
		{1009ABB6-7B72-4C74-AEB8-730B0101DDC5} = {728C860F-665B-4636-9E6D-2117D6ABF73E}
		{5FFA3C77-B0C8-79C6-B5F4-611F05282541} = {BF419B98-22B4-458C-98A0-82780D7C9C70}
		{4803F3C3-3FB1-2748-94A1-D824831A4825} = {BF419B98-22B4-458C-98A0-82780D7C9C70}
	EndGlobalSection
	GlobalSection(ExtensibilityGlobals) = postSolution
		SolutionGuid = {6B5FA7DE-9A7E-4A90-8474-C97C8E210D6B}
	EndGlobalSection
EndGlobal
