
Microsoft Visual Studio Solution File, Format Version 12.00
# Visual Studio Version 17
VisualStudioVersion = 17.14.36804.6
MinimumVisualStudioVersion = 10.0.40219.1
Project("{2150E333-8FDC-42A3-9474-1A3956D46DE8}") = "000. Project", "000. Project", "{C8D5274F-AC00-46C7-1F8D-E88E81087A52}"
EndProject
Project("{2150E333-8FDC-42A3-9474-1A3956D46DE8}") = "010. App", "010. App", "{728C860F-665B-4636-9E6D-2117D6ABF73E}"
EndProject
Project("{2150E333-8FDC-42A3-9474-1A3956D46DE8}") = "010. Solution Items", "010. Solution Items", "{20C35EF5-4C4E-4994-BE8A-0D2FE935E420}"
	ProjectSection(SolutionItems) = preProject
		Directory.Build.props = Directory.Build.props
		Directory.Packages.props = Directory.Packages.props
	EndProjectSection
EndProject
Project("{2150E333-8FDC-42A3-9474-1A3956D46DE8}") = "100. Library", "100. Library", "{BF419B98-22B4-458C-98A0-82780D7C9C70}"
EndProject
Project("{2150E333-8FDC-42A3-9474-1A3956D46DE8}") = "998. DEMO", "998. DEMO", "{664B3512-FBA2-4229-AEE0-EF3581E1BD80}"
EndProject
Project("{FAE04EC0-301F-11D3-BF4B-00C04F79EFBC}") = "Dreamine.MVVM.Core", "100. Library\Core\Dreamine.MVVM.Core.csproj", "{08D6CD45-E389-E53F-BD96-06CD1D485935}"
EndProject
Project("{FAE04EC0-301F-11D3-BF4B-00C04F79EFBC}") = "Dreamine.MVVM.Locators", "100. Library\Locators\Dreamine.MVVM.Locators.csproj", "{411985C1-1E6A-7FF3-E59B-3C4E2AF89E03}"
EndProject
Project("{FAE04EC0-301F-11D3-BF4B-00C04F79EFBC}") = "Dreamine.MVVM.Attributes", "100. Library\Attributes\Dreamine.MVVM.Attributes.csproj", "{F828372A-3856-ECF2-C07C-D85109E14964}"
EndProject
Project("{FAE04EC0-301F-11D3-BF4B-00C04F79EFBC}") = "Dreamine.MVVM.Interfaces", "100. Library\Interfaces\Dreamine.MVVM.Interfaces.csproj", "{9A914F18-3D22-E4E0-01B6-FE7081070F5A}"
EndProject
Project("{FAE04EC0-301F-11D3-BF4B-00C04F79EFBC}") = "Dreamine.MVVM.ViewModels", "100. Library\ViewModels\Dreamine.MVVM.ViewModels.csproj", "{5A1E076E-EF53-40AA-1ABB-676ECFAB1E72}"
EndProject
Project("{FAE04EC0-301F-11D3-BF4B-00C04F79EFBC}") = "Dreamine.MVVM.Wpf", "100. Library\Wpf\Dreamine.MVVM.Wpf.csproj", "{70D52319-B893-2BA1-1E3C-D3F1808D35A2}"
EndProject
Project("{FAE04EC0-301F-11D3-BF4B-00C04F79EFBC}") = "Dreamine.MVVM.Generators", "100. Library\Generators\Dreamine.MVVM.Generators.csproj", "{2E4C4737-0BA2-36F2-3084-53CA3B549D87}"
EndProject
Project("{FAE04EC0-301F-11D3-BF4B-00C04F79EFBC}") = "Dreamine.MVVM.Behaviors", "100. Library\Behaviors\Dreamine.MVVM.Behaviors.csproj", "{99BD1619-C35F-731A-60D3-8E29096D87B1}"
EndProject
Project("{FAE04EC0-301F-11D3-BF4B-00C04F79EFBC}") = "Dreamine.MVVM.Behaviors.Core", "100. Library\Behaviors.Core\Dreamine.MVVM.Behaviors.Core.csproj", "{2C99A6A5-B1D0-D179-0C35-3CD20B106B99}"
EndProject
Project("{FAE04EC0-301F-11D3-BF4B-00C04F79EFBC}") = "Dreamine.MVVM.Behaviors.Wpf", "100. Library\Behaviors.Wpf\Dreamine.MVVM.Behaviors.Wpf.csproj", "{A78E7391-7BCA-5A21-0131-EC36D6A3523C}"
EndProject
Project("{FAE04EC0-301F-11D3-BF4B-00C04F79EFBC}") = "Dreamine.MVVM.Extensions", "100. Library\Extensions\Dreamine.MVVM.Extensions.csproj", "{21A5E5BF-97EF-E24E-34AD-66BEE6B4BA45}"
EndProject
Project("{FAE04EC0-301F-11D3-BF4B-00C04F79EFBC}") = "Dreamine.MVVM.Locators.Wpf", "100. Library\Locators.Wpf\Dreamine.MVVM.Locators.Wpf.csproj", "{681F260A-A49B-A298-DADD-6D89CFF4E6DE}"
EndProject
Project("{FAE04EC0-301F-11D3-BF4B-00C04F79EFBC}") = "Dreamine.Hybrid", "100. Library\Hybrid\Dreamine.Hybrid.csproj", "{A15B0636-6E5F-CB9F-8EAF-43CF9649B066}"
EndProject
Project("{FAE04EC0-301F-11D3-BF4B-00C04F79EFBC}") = "Dreamine.Hybrid.Wpf", "100. Library\Hybrid.Wpf\Dreamine.Hybrid.Wpf.csproj", "{5A206641-70A0-28C9-287C-67C4CB12AFA1}"
EndProject
Project("{FAE04EC0-301F-11D3-BF4B-00C04F79EFBC}") = "Dreamine.Hybrid.BlazorApp", "100. Library\Hybrid.BlazorApp\Dreamine.Hybrid.BlazorApp.csproj", "{43A20F93-577E-83FB-88AB-767719FB58B3}"
EndProject
Project("{2150E333-8FDC-42A3-9474-1A3956D46DE8}") = "000. Sample", "000. Sample", "{953FE17B-C64E-4534-B89E-F26E0251AE80}"
EndProject
Project("{2150E333-8FDC-42A3-9474-1A3956D46DE8}") = "040. Hybrids", "040. Hybrids", "{BE4B41B4-C597-464E-9398-79C9A68CE556}"
EndProject
Project("{FAE04EC0-301F-11D3-BF4B-00C04F79EFBC}") = "Sample01", "998. DEMO\000. Sample\040. Hybrids\Sample01\Sample01.csproj", "{E3D2E37E-6006-1FD7-6C4E-A90B16B729A3}"
EndProject
Project("{2150E333-8FDC-42A3-9474-1A3956D46DE8}") = "010. Wpfs", "010. Wpfs", "{B01B449C-D820-4CEA-83B7-B93BD7B1BFE1}"
EndProject
Project("{2150E333-8FDC-42A3-9474-1A3956D46DE8}") = "020. Blazors", "020. Blazors", "{402EB59B-FF24-4D5C-B9FF-52E54B5568DF}"
EndProject
Project("{2150E333-8FDC-42A3-9474-1A3956D46DE8}") = "030. Mauis", "030. Mauis", "{14A07953-B6E4-4763-8B14-46CD4ED7651A}"
EndProject
Project("{FAE04EC0-301F-11D3-BF4B-00C04F79EFBC}") = "SampleSmart", "998. DEMO\000. Sample\010. Wpfs\SampleSmart\SampleSmart.csproj", "{8469D9A2-42AA-4A1F-32D0-4ED9E59F12C0}"
EndProject
Project("{FAE04EC0-301F-11D3-BF4B-00C04F79EFBC}") = "SampleCore", "998. DEMO\000. Sample\010. Wpfs\SampleCore\SampleCore.csproj", "{018041E8-4344-4617-A025-8A98A6A0E23A}"
EndProject
Project("{2150E333-8FDC-42A3-9474-1A3956D46DE8}") = "Enterprise", "Enterprise", "{D128386B-4735-4DAB-9182-49FFFE6BC07A}"
EndProject
Project("{FAE04EC0-301F-11D3-BF4B-00C04F79EFBC}") = "SampleEnterprise", "998. DEMO\000. Sample\010. Wpfs\Enterprise\SampleEnterprise\SampleEnterprise\SampleEnterprise.csproj", "{C3DA386F-2035-4FC0-B14D-5445ACE60207}"
EndProject
Project("{FAE04EC0-301F-11D3-BF4B-00C04F79EFBC}") = "SampleEnterprise.Events", "998. DEMO\000. Sample\010. Wpfs\Enterprise\SampleEnterprise\SampleEnterprise.Events\SampleEnterprise.Events.csproj", "{4B396CDC-F466-467D-A516-92B732A61D13}"
EndProject
Project("{FAE04EC0-301F-11D3-BF4B-00C04F79EFBC}") = "SampleEnterprise.Interfaces", "998. DEMO\000. Sample\010. Wpfs\Enterprise\SampleEnterprise\SampleEnterprise.Interfaces\SampleEnterprise.Interfaces.csproj", "{7E27C569-A15A-49FD-8A4A-0AE867224662}"
EndProject
Project("{FAE04EC0-301F-11D3-BF4B-00C04F79EFBC}") = "SampleEnterprise.Managers", "998. DEMO\000. Sample\010. Wpfs\Enterprise\SampleEnterprise\SampleEnterprise.Managers\SampleEnterprise.Managers.csproj", "{FC4336FD-0EC1-42A9-89F5-55CC1831E097}"
EndProject
Project("{FAE04EC0-301F-11D3-BF4B-00C04F79EFBC}") = "SampleEnterprise.Models", "998. DEMO\000. Sample\010. Wpfs\Enterprise\SampleEnterprise\SampleEnterprise.Models\SampleEnterprise.Models.csproj", "{D4602A24-A34E-4DE1-B23C-A92E84989C72}"
EndProject
Project("{FAE04EC0-301F-11D3-BF4B-00C04F79EFBC}") = "SampleEnterprise.Resources", "998. DEMO\000. Sample\010. Wpfs\Enterprise\SampleEnterprise\SampleEnterprise.Resources\SampleEnterprise.Resources.csproj", "{E67B5361-0BC3-4EDC-A0FB-F7E58DEC9F25}"
EndProject
Project("{FAE04EC0-301F-11D3-BF4B-00C04F79EFBC}") = "SampleEnterprise.Styles", "998. DEMO\000. Sample\010. Wpfs\Enterprise\SampleEnterprise\SampleEnterprise.Styles\SampleEnterprise.Styles.csproj", "{68B00A31-E20F-4974-B808-BCF07E31AC9C}"
EndProject
Project("{FAE04EC0-301F-11D3-BF4B-00C04F79EFBC}") = "SampleEnterprise.ViewModels", "998. DEMO\000. Sample\010. Wpfs\Enterprise\SampleEnterprise\SampleEnterprise.ViewModels\SampleEnterprise.ViewModels.csproj", "{4BCEE49A-08B3-42AD-8329-E1D5EBFA4E41}"
EndProject
Project("{FAE04EC0-301F-11D3-BF4B-00C04F79EFBC}") = "SampleEnterprise.Views", "998. DEMO\000. Sample\010. Wpfs\Enterprise\SampleEnterprise\SampleEnterprise.Views\SampleEnterprise.Views.csproj", "{B3880254-74C5-4B5D-9CAF-53385119ACD2}"
EndProject
Global
	GlobalSection(SolutionConfigurationPlatforms) = preSolution
		Debug|x64 = Debug|x64
		Debug|x86 = Debug|x86
		Release|x64 = Release|x64
		Release|x86 = Release|x86
	EndGlobalSection
	GlobalSection(ProjectConfigurationPlatforms) = postSolution
		{08D6CD45-E389-E53F-BD96-06CD1D485935}.Debug|x64.ActiveCfg = Debug|Any CPU
		{08D6CD45-E389-E53F-BD96-06CD1D485935}.Debug|x64.Build.0 = Debug|Any CPU
		{08D6CD45-E389-E53F-BD96-06CD1D485935}.Debug|x86.ActiveCfg = Debug|Any CPU
		{08D6CD45-E389-E53F-BD96-06CD1D485935}.Debug|x86.Build.0 = Debug|Any CPU
		{08D6CD45-E389-E53F-BD96-06CD1D485935}.Release|x64.ActiveCfg = Release|Any CPU
		{08D6CD45-E389-E53F-BD96-06CD1D485935}.Release|x64.Build.0 = Release|Any CPU
		{08D6CD45-E389-E53F-BD96-06CD1D485935}.Release|x86.ActiveCfg = Release|Any CPU
		{08D6CD45-E389-E53F-BD96-06CD1D485935}.Release|x86.Build.0 = Release|Any CPU
		{411985C1-1E6A-7FF3-E59B-3C4E2AF89E03}.Debug|x64.ActiveCfg = Debug|Any CPU
		{411985C1-1E6A-7FF3-E59B-3C4E2AF89E03}.Debug|x64.Build.0 = Debug|Any CPU
		{411985C1-1E6A-7FF3-E59B-3C4E2AF89E03}.Debug|x86.ActiveCfg = Debug|Any CPU
		{411985C1-1E6A-7FF3-E59B-3C4E2AF89E03}.Debug|x86.Build.0 = Debug|Any CPU
		{411985C1-1E6A-7FF3-E59B-3C4E2AF89E03}.Release|x64.ActiveCfg = Release|Any CPU
		{411985C1-1E6A-7FF3-E59B-3C4E2AF89E03}.Release|x64.Build.0 = Release|Any CPU
		{411985C1-1E6A-7FF3-E59B-3C4E2AF89E03}.Release|x86.ActiveCfg = Release|Any CPU
		{411985C1-1E6A-7FF3-E59B-3C4E2AF89E03}.Release|x86.Build.0 = Release|Any CPU
		{F828372A-3856-ECF2-C07C-D85109E14964}.Debug|x64.ActiveCfg = Debug|Any CPU
		{F828372A-3856-ECF2-C07C-D85109E14964}.Debug|x64.Build.0 = Debug|Any CPU
		{F828372A-3856-ECF2-C07C-D85109E14964}.Debug|x86.ActiveCfg = Debug|Any CPU
		{F828372A-3856-ECF2-C07C-D85109E14964}.Debug|x86.Build.0 = Debug|Any CPU
		{F828372A-3856-ECF2-C07C-D85109E14964}.Release|x64.ActiveCfg = Release|Any CPU
		{F828372A-3856-ECF2-C07C-D85109E14964}.Release|x64.Build.0 = Release|Any CPU
		{F828372A-3856-ECF2-C07C-D85109E14964}.Release|x86.ActiveCfg = Release|Any CPU
		{F828372A-3856-ECF2-C07C-D85109E14964}.Release|x86.Build.0 = Release|Any CPU
		{9A914F18-3D22-E4E0-01B6-FE7081070F5A}.Debug|x64.ActiveCfg = Debug|Any CPU
		{9A914F18-3D22-E4E0-01B6-FE7081070F5A}.Debug|x64.Build.0 = Debug|Any CPU
		{9A914F18-3D22-E4E0-01B6-FE7081070F5A}.Debug|x86.ActiveCfg = Debug|Any CPU
		{9A914F18-3D22-E4E0-01B6-FE7081070F5A}.Debug|x86.Build.0 = Debug|Any CPU
		{9A914F18-3D22-E4E0-01B6-FE7081070F5A}.Release|x64.ActiveCfg = Release|Any CPU
		{9A914F18-3D22-E4E0-01B6-FE7081070F5A}.Release|x64.Build.0 = Release|Any CPU
		{9A914F18-3D22-E4E0-01B6-FE7081070F5A}.Release|x86.ActiveCfg = Release|Any CPU
		{9A914F18-3D22-E4E0-01B6-FE7081070F5A}.Release|x86.Build.0 = Release|Any CPU
		{5A1E076E-EF53-40AA-1ABB-676ECFAB1E72}.Debug|x64.ActiveCfg = Debug|Any CPU
		{5A1E076E-EF53-40AA-1ABB-676ECFAB1E72}.Debug|x64.Build.0 = Debug|Any CPU
		{5A1E076E-EF53-40AA-1ABB-676ECFAB1E72}.Debug|x86.ActiveCfg = Debug|Any CPU
		{5A1E076E-EF53-40AA-1ABB-676ECFAB1E72}.Debug|x86.Build.0 = Debug|Any CPU
		{5A1E076E-EF53-40AA-1ABB-676ECFAB1E72}.Release|x64.ActiveCfg = Release|Any CPU
		{5A1E076E-EF53-40AA-1ABB-676ECFAB1E72}.Release|x64.Build.0 = Release|Any CPU
		{5A1E076E-EF53-40AA-1ABB-676ECFAB1E72}.Release|x86.ActiveCfg = Release|Any CPU
		{5A1E076E-EF53-40AA-1ABB-676ECFAB1E72}.Release|x86.Build.0 = Release|Any CPU
		{70D52319-B893-2BA1-1E3C-D3F1808D35A2}.Debug|x64.ActiveCfg = Debug|Any CPU
		{70D52319-B893-2BA1-1E3C-D3F1808D35A2}.Debug|x64.Build.0 = Debug|Any CPU
		{70D52319-B893-2BA1-1E3C-D3F1808D35A2}.Debug|x86.ActiveCfg = Debug|Any CPU
		{70D52319-B893-2BA1-1E3C-D3F1808D35A2}.Debug|x86.Build.0 = Debug|Any CPU
		{70D52319-B893-2BA1-1E3C-D3F1808D35A2}.Release|x64.ActiveCfg = Release|Any CPU
		{70D52319-B893-2BA1-1E3C-D3F1808D35A2}.Release|x64.Build.0 = Release|Any CPU
		{70D52319-B893-2BA1-1E3C-D3F1808D35A2}.Release|x86.ActiveCfg = Release|Any CPU
		{70D52319-B893-2BA1-1E3C-D3F1808D35A2}.Release|x86.Build.0 = Release|Any CPU
		{2E4C4737-0BA2-36F2-3084-53CA3B549D87}.Debug|x64.ActiveCfg = Debug|Any CPU
		{2E4C4737-0BA2-36F2-3084-53CA3B549D87}.Debug|x64.Build.0 = Debug|Any CPU
		{2E4C4737-0BA2-36F2-3084-53CA3B549D87}.Debug|x86.ActiveCfg = Debug|Any CPU
		{2E4C4737-0BA2-36F2-3084-53CA3B549D87}.Debug|x86.Build.0 = Debug|Any CPU
		{2E4C4737-0BA2-36F2-3084-53CA3B549D87}.Release|x64.ActiveCfg = Release|Any CPU
		{2E4C4737-0BA2-36F2-3084-53CA3B549D87}.Release|x64.Build.0 = Release|Any CPU
		{2E4C4737-0BA2-36F2-3084-53CA3B549D87}.Release|x86.ActiveCfg = Release|Any CPU
		{2E4C4737-0BA2-36F2-3084-53CA3B549D87}.Release|x86.Build.0 = Release|Any CPU
		{99BD1619-C35F-731A-60D3-8E29096D87B1}.Debug|x64.ActiveCfg = Debug|Any CPU
		{99BD1619-C35F-731A-60D3-8E29096D87B1}.Debug|x64.Build.0 = Debug|Any CPU
		{99BD1619-C35F-731A-60D3-8E29096D87B1}.Debug|x86.ActiveCfg = Debug|Any CPU
		{99BD1619-C35F-731A-60D3-8E29096D87B1}.Debug|x86.Build.0 = Debug|Any CPU
		{99BD1619-C35F-731A-60D3-8E29096D87B1}.Release|x64.ActiveCfg = Release|Any CPU
		{99BD1619-C35F-731A-60D3-8E29096D87B1}.Release|x64.Build.0 = Release|Any CPU
		{99BD1619-C35F-731A-60D3-8E29096D87B1}.Release|x86.ActiveCfg = Release|Any CPU
		{99BD1619-C35F-731A-60D3-8E29096D87B1}.Release|x86.Build.0 = Release|Any CPU
		{2C99A6A5-B1D0-D179-0C35-3CD20B106B99}.Debug|x64.ActiveCfg = Debug|Any CPU
		{2C99A6A5-B1D0-D179-0C35-3CD20B106B99}.Debug|x64.Build.0 = Debug|Any CPU
		{2C99A6A5-B1D0-D179-0C35-3CD20B106B99}.Debug|x86.ActiveCfg = Debug|Any CPU
		{2C99A6A5-B1D0-D179-0C35-3CD20B106B99}.Debug|x86.Build.0 = Debug|Any CPU
		{2C99A6A5-B1D0-D179-0C35-3CD20B106B99}.Release|x64.ActiveCfg = Release|Any CPU
		{2C99A6A5-B1D0-D179-0C35-3CD20B106B99}.Release|x64.Build.0 = Release|Any CPU
		{2C99A6A5-B1D0-D179-0C35-3CD20B106B99}.Release|x86.ActiveCfg = Release|Any CPU
		{2C99A6A5-B1D0-D179-0C35-3CD20B106B99}.Release|x86.Build.0 = Release|Any CPU
		{A78E7391-7BCA-5A21-0131-EC36D6A3523C}.Debug|x64.ActiveCfg = Debug|Any CPU
		{A78E7391-7BCA-5A21-0131-EC36D6A3523C}.Debug|x64.Build.0 = Debug|Any CPU
		{A78E7391-7BCA-5A21-0131-EC36D6A3523C}.Debug|x86.ActiveCfg = Debug|Any CPU
		{A78E7391-7BCA-5A21-0131-EC36D6A3523C}.Debug|x86.Build.0 = Debug|Any CPU
		{A78E7391-7BCA-5A21-0131-EC36D6A3523C}.Release|x64.ActiveCfg = Release|Any CPU
		{A78E7391-7BCA-5A21-0131-EC36D6A3523C}.Release|x64.Build.0 = Release|Any CPU
		{A78E7391-7BCA-5A21-0131-EC36D6A3523C}.Release|x86.ActiveCfg = Release|Any CPU
		{A78E7391-7BCA-5A21-0131-EC36D6A3523C}.Release|x86.Build.0 = Release|Any CPU
		{21A5E5BF-97EF-E24E-34AD-66BEE6B4BA45}.Debug|x64.ActiveCfg = Debug|Any CPU
		{21A5E5BF-97EF-E24E-34AD-66BEE6B4BA45}.Debug|x64.Build.0 = Debug|Any CPU
		{21A5E5BF-97EF-E24E-34AD-66BEE6B4BA45}.Debug|x86.ActiveCfg = Debug|Any CPU
		{21A5E5BF-97EF-E24E-34AD-66BEE6B4BA45}.Debug|x86.Build.0 = Debug|Any CPU
		{21A5E5BF-97EF-E24E-34AD-66BEE6B4BA45}.Release|x64.ActiveCfg = Release|Any CPU
		{21A5E5BF-97EF-E24E-34AD-66BEE6B4BA45}.Release|x64.Build.0 = Release|Any CPU
		{21A5E5BF-97EF-E24E-34AD-66BEE6B4BA45}.Release|x86.ActiveCfg = Release|Any CPU
		{21A5E5BF-97EF-E24E-34AD-66BEE6B4BA45}.Release|x86.Build.0 = Release|Any CPU
		{681F260A-A49B-A298-DADD-6D89CFF4E6DE}.Debug|x64.ActiveCfg = Debug|Any CPU
		{681F260A-A49B-A298-DADD-6D89CFF4E6DE}.Debug|x64.Build.0 = Debug|Any CPU
		{681F260A-A49B-A298-DADD-6D89CFF4E6DE}.Debug|x86.ActiveCfg = Debug|Any CPU
		{681F260A-A49B-A298-DADD-6D89CFF4E6DE}.Debug|x86.Build.0 = Debug|Any CPU
		{681F260A-A49B-A298-DADD-6D89CFF4E6DE}.Release|x64.ActiveCfg = Release|Any CPU
		{681F260A-A49B-A298-DADD-6D89CFF4E6DE}.Release|x64.Build.0 = Release|Any CPU
		{681F260A-A49B-A298-DADD-6D89CFF4E6DE}.Release|x86.ActiveCfg = Release|Any CPU
		{681F260A-A49B-A298-DADD-6D89CFF4E6DE}.Release|x86.Build.0 = Release|Any CPU
		{A15B0636-6E5F-CB9F-8EAF-43CF9649B066}.Debug|x64.ActiveCfg = Debug|Any CPU
		{A15B0636-6E5F-CB9F-8EAF-43CF9649B066}.Debug|x64.Build.0 = Debug|Any CPU
		{A15B0636-6E5F-CB9F-8EAF-43CF9649B066}.Debug|x86.ActiveCfg = Debug|Any CPU
		{A15B0636-6E5F-CB9F-8EAF-43CF9649B066}.Debug|x86.Build.0 = Debug|Any CPU
		{A15B0636-6E5F-CB9F-8EAF-43CF9649B066}.Release|x64.ActiveCfg = Release|Any CPU
		{A15B0636-6E5F-CB9F-8EAF-43CF9649B066}.Release|x64.Build.0 = Release|Any CPU
		{A15B0636-6E5F-CB9F-8EAF-43CF9649B066}.Release|x86.ActiveCfg = Release|Any CPU
		{A15B0636-6E5F-CB9F-8EAF-43CF9649B066}.Release|x86.Build.0 = Release|Any CPU
		{5A206641-70A0-28C9-287C-67C4CB12AFA1}.Debug|x64.ActiveCfg = Debug|Any CPU
		{5A206641-70A0-28C9-287C-67C4CB12AFA1}.Debug|x64.Build.0 = Debug|Any CPU
		{5A206641-70A0-28C9-287C-67C4CB12AFA1}.Debug|x86.ActiveCfg = Debug|Any CPU
		{5A206641-70A0-28C9-287C-67C4CB12AFA1}.Debug|x86.Build.0 = Debug|Any CPU
		{5A206641-70A0-28C9-287C-67C4CB12AFA1}.Release|x64.ActiveCfg = Release|Any CPU
		{5A206641-70A0-28C9-287C-67C4CB12AFA1}.Release|x64.Build.0 = Release|Any CPU
		{5A206641-70A0-28C9-287C-67C4CB12AFA1}.Release|x86.ActiveCfg = Release|Any CPU
		{5A206641-70A0-28C9-287C-67C4CB12AFA1}.Release|x86.Build.0 = Release|Any CPU
		{43A20F93-577E-83FB-88AB-767719FB58B3}.Debug|x64.ActiveCfg = Debug|Any CPU
		{43A20F93-577E-83FB-88AB-767719FB58B3}.Debug|x64.Build.0 = Debug|Any CPU
		{43A20F93-577E-83FB-88AB-767719FB58B3}.Debug|x86.ActiveCfg = Debug|Any CPU
		{43A20F93-577E-83FB-88AB-767719FB58B3}.Debug|x86.Build.0 = Debug|Any CPU
		{43A20F93-577E-83FB-88AB-767719FB58B3}.Release|x64.ActiveCfg = Release|Any CPU
		{43A20F93-577E-83FB-88AB-767719FB58B3}.Release|x64.Build.0 = Release|Any CPU
		{43A20F93-577E-83FB-88AB-767719FB58B3}.Release|x86.ActiveCfg = Release|Any CPU
		{43A20F93-577E-83FB-88AB-767719FB58B3}.Release|x86.Build.0 = Release|Any CPU
		{E3D2E37E-6006-1FD7-6C4E-A90B16B729A3}.Debug|x64.ActiveCfg = Debug|Any CPU
		{E3D2E37E-6006-1FD7-6C4E-A90B16B729A3}.Debug|x64.Build.0 = Debug|Any CPU
		{E3D2E37E-6006-1FD7-6C4E-A90B16B729A3}.Debug|x86.ActiveCfg = Debug|Any CPU
		{E3D2E37E-6006-1FD7-6C4E-A90B16B729A3}.Debug|x86.Build.0 = Debug|Any CPU
		{E3D2E37E-6006-1FD7-6C4E-A90B16B729A3}.Release|x64.ActiveCfg = Release|Any CPU
		{E3D2E37E-6006-1FD7-6C4E-A90B16B729A3}.Release|x64.Build.0 = Release|Any CPU
		{E3D2E37E-6006-1FD7-6C4E-A90B16B729A3}.Release|x86.ActiveCfg = Release|Any CPU
		{E3D2E37E-6006-1FD7-6C4E-A90B16B729A3}.Release|x86.Build.0 = Release|Any CPU
		{8469D9A2-42AA-4A1F-32D0-4ED9E59F12C0}.Debug|x64.ActiveCfg = Debug|Any CPU
		{8469D9A2-42AA-4A1F-32D0-4ED9E59F12C0}.Debug|x64.Build.0 = Debug|Any CPU
		{8469D9A2-42AA-4A1F-32D0-4ED9E59F12C0}.Debug|x86.ActiveCfg = Debug|Any CPU
		{8469D9A2-42AA-4A1F-32D0-4ED9E59F12C0}.Debug|x86.Build.0 = Debug|Any CPU
		{8469D9A2-42AA-4A1F-32D0-4ED9E59F12C0}.Release|x64.ActiveCfg = Release|Any CPU
		{8469D9A2-42AA-4A1F-32D0-4ED9E59F12C0}.Release|x64.Build.0 = Release|Any CPU
		{8469D9A2-42AA-4A1F-32D0-4ED9E59F12C0}.Release|x86.ActiveCfg = Release|Any CPU
		{8469D9A2-42AA-4A1F-32D0-4ED9E59F12C0}.Release|x86.Build.0 = Release|Any CPU
		{018041E8-4344-4617-A025-8A98A6A0E23A}.Debug|x64.ActiveCfg = Debug|Any CPU
		{018041E8-4344-4617-A025-8A98A6A0E23A}.Debug|x64.Build.0 = Debug|Any CPU
		{018041E8-4344-4617-A025-8A98A6A0E23A}.Debug|x86.ActiveCfg = Debug|Any CPU
		{018041E8-4344-4617-A025-8A98A6A0E23A}.Debug|x86.Build.0 = Debug|Any CPU
		{018041E8-4344-4617-A025-8A98A6A0E23A}.Release|x64.ActiveCfg = Release|Any CPU
		{018041E8-4344-4617-A025-8A98A6A0E23A}.Release|x64.Build.0 = Release|Any CPU
		{018041E8-4344-4617-A025-8A98A6A0E23A}.Release|x86.ActiveCfg = Release|Any CPU
		{018041E8-4344-4617-A025-8A98A6A0E23A}.Release|x86.Build.0 = Release|Any CPU
		{C3DA386F-2035-4FC0-B14D-5445ACE60207}.Debug|x64.ActiveCfg = Debug|Any CPU
		{C3DA386F-2035-4FC0-B14D-5445ACE60207}.Debug|x64.Build.0 = Debug|Any CPU
		{C3DA386F-2035-4FC0-B14D-5445ACE60207}.Debug|x86.ActiveCfg = Debug|Any CPU
		{C3DA386F-2035-4FC0-B14D-5445ACE60207}.Debug|x86.Build.0 = Debug|Any CPU
		{C3DA386F-2035-4FC0-B14D-5445ACE60207}.Release|x64.ActiveCfg = Release|Any CPU
		{C3DA386F-2035-4FC0-B14D-5445ACE60207}.Release|x64.Build.0 = Release|Any CPU
		{C3DA386F-2035-4FC0-B14D-5445ACE60207}.Release|x86.ActiveCfg = Release|Any CPU
		{C3DA386F-2035-4FC0-B14D-5445ACE60207}.Release|x86.Build.0 = Release|Any CPU
		{4B396CDC-F466-467D-A516-92B732A61D13}.Debug|x64.ActiveCfg = Debug|Any CPU
		{4B396CDC-F466-467D-A516-92B732A61D13}.Debug|x64.Build.0 = Debug|Any CPU
		{4B396CDC-F466-467D-A516-92B732A61D13}.Debug|x86.ActiveCfg = Debug|Any CPU
		{4B396CDC-F466-467D-A516-92B732A61D13}.Debug|x86.Build.0 = Debug|Any CPU
		{4B396CDC-F466-467D-A516-92B732A61D13}.Release|x64.ActiveCfg = Release|Any CPU
		{4B396CDC-F466-467D-A516-92B732A61D13}.Release|x64.Build.0 = Release|Any CPU
		{4B396CDC-F466-467D-A516-92B732A61D13}.Release|x86.ActiveCfg = Release|Any CPU
		{4B396CDC-F466-467D-A516-92B732A61D13}.Release|x86.Build.0 = Release|Any CPU
		{7E27C569-A15A-49FD-8A4A-0AE867224662}.Debug|x64.ActiveCfg = Debug|Any CPU
		{7E27C569-A15A-49FD-8A4A-0AE867224662}.Debug|x64.Build.0 = Debug|Any CPU
		{7E27C569-A15A-49FD-8A4A-0AE867224662}.Debug|x86.ActiveCfg = Debug|Any CPU
		{7E27C569-A15A-49FD-8A4A-0AE867224662}.Debug|x86.Build.0 = Debug|Any CPU
		{7E27C569-A15A-49FD-8A4A-0AE867224662}.Release|x64.ActiveCfg = Release|Any CPU
		{7E27C569-A15A-49FD-8A4A-0AE867224662}.Release|x64.Build.0 = Release|Any CPU
		{7E27C569-A15A-49FD-8A4A-0AE867224662}.Release|x86.ActiveCfg = Release|Any CPU
		{7E27C569-A15A-49FD-8A4A-0AE867224662}.Release|x86.Build.0 = Release|Any CPU
		{FC4336FD-0EC1-42A9-89F5-55CC1831E097}.Debug|x64.ActiveCfg = Debug|Any CPU
		{FC4336FD-0EC1-42A9-89F5-55CC1831E097}.Debug|x64.Build.0 = Debug|Any CPU
		{FC4336FD-0EC1-42A9-89F5-55CC1831E097}.Debug|x86.ActiveCfg = Debug|Any CPU
		{FC4336FD-0EC1-42A9-89F5-55CC1831E097}.Debug|x86.Build.0 = Debug|Any CPU
		{FC4336FD-0EC1-42A9-89F5-55CC1831E097}.Release|x64.ActiveCfg = Release|Any CPU
		{FC4336FD-0EC1-42A9-89F5-55CC1831E097}.Release|x64.Build.0 = Release|Any CPU
		{FC4336FD-0EC1-42A9-89F5-55CC1831E097}.Release|x86.ActiveCfg = Release|Any CPU
		{FC4336FD-0EC1-42A9-89F5-55CC1831E097}.Release|x86.Build.0 = Release|Any CPU
		{D4602A24-A34E-4DE1-B23C-A92E84989C72}.Debug|x64.ActiveCfg = Debug|Any CPU
		{D4602A24-A34E-4DE1-B23C-A92E84989C72}.Debug|x64.Build.0 = Debug|Any CPU
		{D4602A24-A34E-4DE1-B23C-A92E84989C72}.Debug|x86.ActiveCfg = Debug|Any CPU
		{D4602A24-A34E-4DE1-B23C-A92E84989C72}.Debug|x86.Build.0 = Debug|Any CPU
		{D4602A24-A34E-4DE1-B23C-A92E84989C72}.Release|x64.ActiveCfg = Release|Any CPU
		{D4602A24-A34E-4DE1-B23C-A92E84989C72}.Release|x64.Build.0 = Release|Any CPU
		{D4602A24-A34E-4DE1-B23C-A92E84989C72}.Release|x86.ActiveCfg = Release|Any CPU
		{D4602A24-A34E-4DE1-B23C-A92E84989C72}.Release|x86.Build.0 = Release|Any CPU
		{E67B5361-0BC3-4EDC-A0FB-F7E58DEC9F25}.Debug|x64.ActiveCfg = Debug|Any CPU
		{E67B5361-0BC3-4EDC-A0FB-F7E58DEC9F25}.Debug|x64.Build.0 = Debug|Any CPU
		{E67B5361-0BC3-4EDC-A0FB-F7E58DEC9F25}.Debug|x86.ActiveCfg = Debug|Any CPU
		{E67B5361-0BC3-4EDC-A0FB-F7E58DEC9F25}.Debug|x86.Build.0 = Debug|Any CPU
		{E67B5361-0BC3-4EDC-A0FB-F7E58DEC9F25}.Release|x64.ActiveCfg = Release|Any CPU
		{E67B5361-0BC3-4EDC-A0FB-F7E58DEC9F25}.Release|x64.Build.0 = Release|Any CPU
		{E67B5361-0BC3-4EDC-A0FB-F7E58DEC9F25}.Release|x86.ActiveCfg = Release|Any CPU
		{E67B5361-0BC3-4EDC-A0FB-F7E58DEC9F25}.Release|x86.Build.0 = Release|Any CPU
		{68B00A31-E20F-4974-B808-BCF07E31AC9C}.Debug|x64.ActiveCfg = Debug|Any CPU
		{68B00A31-E20F-4974-B808-BCF07E31AC9C}.Debug|x64.Build.0 = Debug|Any CPU
		{68B00A31-E20F-4974-B808-BCF07E31AC9C}.Debug|x86.ActiveCfg = Debug|Any CPU
		{68B00A31-E20F-4974-B808-BCF07E31AC9C}.Debug|x86.Build.0 = Debug|Any CPU
		{68B00A31-E20F-4974-B808-BCF07E31AC9C}.Release|x64.ActiveCfg = Release|Any CPU
		{68B00A31-E20F-4974-B808-BCF07E31AC9C}.Release|x64.Build.0 = Release|Any CPU
		{68B00A31-E20F-4974-B808-BCF07E31AC9C}.Release|x86.ActiveCfg = Release|Any CPU
		{68B00A31-E20F-4974-B808-BCF07E31AC9C}.Release|x86.Build.0 = Release|Any CPU
		{4BCEE49A-08B3-42AD-8329-E1D5EBFA4E41}.Debug|x64.ActiveCfg = Debug|Any CPU
		{4BCEE49A-08B3-42AD-8329-E1D5EBFA4E41}.Debug|x64.Build.0 = Debug|Any CPU
		{4BCEE49A-08B3-42AD-8329-E1D5EBFA4E41}.Debug|x86.ActiveCfg = Debug|Any CPU
		{4BCEE49A-08B3-42AD-8329-E1D5EBFA4E41}.Debug|x86.Build.0 = Debug|Any CPU
		{4BCEE49A-08B3-42AD-8329-E1D5EBFA4E41}.Release|x64.ActiveCfg = Release|Any CPU
		{4BCEE49A-08B3-42AD-8329-E1D5EBFA4E41}.Release|x64.Build.0 = Release|Any CPU
		{4BCEE49A-08B3-42AD-8329-E1D5EBFA4E41}.Release|x86.ActiveCfg = Release|Any CPU
		{4BCEE49A-08B3-42AD-8329-E1D5EBFA4E41}.Release|x86.Build.0 = Release|Any CPU
		{B3880254-74C5-4B5D-9CAF-53385119ACD2}.Debug|x64.ActiveCfg = Debug|Any CPU
		{B3880254-74C5-4B5D-9CAF-53385119ACD2}.Debug|x64.Build.0 = Debug|Any CPU
		{B3880254-74C5-4B5D-9CAF-53385119ACD2}.Debug|x86.ActiveCfg = Debug|Any CPU
		{B3880254-74C5-4B5D-9CAF-53385119ACD2}.Debug|x86.Build.0 = Debug|Any CPU
		{B3880254-74C5-4B5D-9CAF-53385119ACD2}.Release|x64.ActiveCfg = Release|Any CPU
		{B3880254-74C5-4B5D-9CAF-53385119ACD2}.Release|x64.Build.0 = Release|Any CPU
		{B3880254-74C5-4B5D-9CAF-53385119ACD2}.Release|x86.ActiveCfg = Release|Any CPU
		{B3880254-74C5-4B5D-9CAF-53385119ACD2}.Release|x86.Build.0 = Release|Any CPU
	EndGlobalSection
	GlobalSection(SolutionProperties) = preSolution
		HideSolutionNode = FALSE
	EndGlobalSection
	GlobalSection(NestedProjects) = preSolution
		{728C860F-665B-4636-9E6D-2117D6ABF73E} = {C8D5274F-AC00-46C7-1F8D-E88E81087A52}
		{08D6CD45-E389-E53F-BD96-06CD1D485935} = {BF419B98-22B4-458C-98A0-82780D7C9C70}
		{411985C1-1E6A-7FF3-E59B-3C4E2AF89E03} = {BF419B98-22B4-458C-98A0-82780D7C9C70}
		{F828372A-3856-ECF2-C07C-D85109E14964} = {BF419B98-22B4-458C-98A0-82780D7C9C70}
		{9A914F18-3D22-E4E0-01B6-FE7081070F5A} = {BF419B98-22B4-458C-98A0-82780D7C9C70}
		{5A1E076E-EF53-40AA-1ABB-676ECFAB1E72} = {BF419B98-22B4-458C-98A0-82780D7C9C70}
		{70D52319-B893-2BA1-1E3C-D3F1808D35A2} = {BF419B98-22B4-458C-98A0-82780D7C9C70}
		{2E4C4737-0BA2-36F2-3084-53CA3B549D87} = {BF419B98-22B4-458C-98A0-82780D7C9C70}
		{99BD1619-C35F-731A-60D3-8E29096D87B1} = {BF419B98-22B4-458C-98A0-82780D7C9C70}
		{2C99A6A5-B1D0-D179-0C35-3CD20B106B99} = {BF419B98-22B4-458C-98A0-82780D7C9C70}
		{A78E7391-7BCA-5A21-0131-EC36D6A3523C} = {BF419B98-22B4-458C-98A0-82780D7C9C70}
		{21A5E5BF-97EF-E24E-34AD-66BEE6B4BA45} = {BF419B98-22B4-458C-98A0-82780D7C9C70}
		{681F260A-A49B-A298-DADD-6D89CFF4E6DE} = {BF419B98-22B4-458C-98A0-82780D7C9C70}
		{A15B0636-6E5F-CB9F-8EAF-43CF9649B066} = {BF419B98-22B4-458C-98A0-82780D7C9C70}
		{5A206641-70A0-28C9-287C-67C4CB12AFA1} = {BF419B98-22B4-458C-98A0-82780D7C9C70}
		{43A20F93-577E-83FB-88AB-767719FB58B3} = {BF419B98-22B4-458C-98A0-82780D7C9C70}
		{953FE17B-C64E-4534-B89E-F26E0251AE80} = {664B3512-FBA2-4229-AEE0-EF3581E1BD80}
		{BE4B41B4-C597-464E-9398-79C9A68CE556} = {953FE17B-C64E-4534-B89E-F26E0251AE80}
		{E3D2E37E-6006-1FD7-6C4E-A90B16B729A3} = {BE4B41B4-C597-464E-9398-79C9A68CE556}
		{B01B449C-D820-4CEA-83B7-B93BD7B1BFE1} = {953FE17B-C64E-4534-B89E-F26E0251AE80}
		{402EB59B-FF24-4D5C-B9FF-52E54B5568DF} = {953FE17B-C64E-4534-B89E-F26E0251AE80}
		{14A07953-B6E4-4763-8B14-46CD4ED7651A} = {953FE17B-C64E-4534-B89E-F26E0251AE80}
		{8469D9A2-42AA-4A1F-32D0-4ED9E59F12C0} = {B01B449C-D820-4CEA-83B7-B93BD7B1BFE1}
		{018041E8-4344-4617-A025-8A98A6A0E23A} = {B01B449C-D820-4CEA-83B7-B93BD7B1BFE1}
		{D128386B-4735-4DAB-9182-49FFFE6BC07A} = {B01B449C-D820-4CEA-83B7-B93BD7B1BFE1}
		{C3DA386F-2035-4FC0-B14D-5445ACE60207} = {D128386B-4735-4DAB-9182-49FFFE6BC07A}
		{4B396CDC-F466-467D-A516-92B732A61D13} = {D128386B-4735-4DAB-9182-49FFFE6BC07A}
		{7E27C569-A15A-49FD-8A4A-0AE867224662} = {D128386B-4735-4DAB-9182-49FFFE6BC07A}
		{FC4336FD-0EC1-42A9-89F5-55CC1831E097} = {D128386B-4735-4DAB-9182-49FFFE6BC07A}
		{D4602A24-A34E-4DE1-B23C-A92E84989C72} = {D128386B-4735-4DAB-9182-49FFFE6BC07A}
		{E67B5361-0BC3-4EDC-A0FB-F7E58DEC9F25} = {D128386B-4735-4DAB-9182-49FFFE6BC07A}
		{68B00A31-E20F-4974-B808-BCF07E31AC9C} = {D128386B-4735-4DAB-9182-49FFFE6BC07A}
		{4BCEE49A-08B3-42AD-8329-E1D5EBFA4E41} = {D128386B-4735-4DAB-9182-49FFFE6BC07A}
		{B3880254-74C5-4B5D-9CAF-53385119ACD2} = {D128386B-4735-4DAB-9182-49FFFE6BC07A}
	EndGlobalSection
	GlobalSection(ExtensibilityGlobals) = postSolution
		SolutionGuid = {6B5FA7DE-9A7E-4A90-8474-C97C8E210D6B}
	EndGlobalSection
EndGlobal
